
Microsoft Visual Studio Solution File, Format Version 12.00
# Visual Studio Version 17
VisualStudioVersion = 17.1.32328.378
MinimumVisualStudioVersion = 10.0.40219.1
Project("{2150E333-8FDC-42A3-9474-1A3956D46DE8}") = "Base", "Base", "{E9A00D94-18F7-42D0-9DCB-437C0CC06CF4}"
EndProject
Project("{9A19103F-16F7-4668-BE54-9A1E7A4F7556}") = "NSL.Cipher", "Base\NSL.Cipher\NSL.Cipher.csproj", "{DDA13465-1599-4820-B205-611CE38F6078}"
EndProject
Project("{9A19103F-16F7-4668-BE54-9A1E7A4F7556}") = "NSL.Logger", "Base\NSL.Logger\NSL.Logger.csproj", "{F6BC2ABB-2544-4916-8C02-996845ED51FD}"
EndProject
Project("{2150E333-8FDC-42A3-9474-1A3956D46DE8}") = "ConfigurationEngine", "ConfigurationEngine", "{0AAB75FC-E7F0-4E72-9E30-333B87EDB167}"
EndProject
Project("{2150E333-8FDC-42A3-9474-1A3956D46DE8}") = "Extensions", "Extensions", "{DE61619C-B86C-47DB-A4A3-CEF0EF6A77AF}"
EndProject
Project("{9A19103F-16F7-4668-BE54-9A1E7A4F7556}") = "NSL.ConfigurationEngine", "ConfigurationEngine\NSL.ConfigurationEngine\NSL.ConfigurationEngine.csproj", "{AB96661B-4A34-41AE-AC73-9EE2CBF987DA}"
EndProject
Project("{2150E333-8FDC-42A3-9474-1A3956D46DE8}") = "Providers", "Providers", "{E9B3B971-5DA3-45A9-8CA4-FA6A4CDC633B}"
EndProject
Project("{9A19103F-16F7-4668-BE54-9A1E7A4F7556}") = "NSL.ConfigurationEngine.Providers.IConfiguration", "ConfigurationEngine\Providers\NSL.ConfigurationEngine.Providers.IConfiguration\NSL.ConfigurationEngine.Providers.IConfiguration.csproj", "{7C31F4BF-DFF8-4158-AF0B-4273CBC8087B}"
EndProject
Project("{9A19103F-16F7-4668-BE54-9A1E7A4F7556}") = "NSL.ConfigurationEngine.Providers.Json", "ConfigurationEngine\Providers\NSL.ConfigurationEngine.Providers.Json\NSL.ConfigurationEngine.Providers.Json.csproj", "{156B8DB7-7A63-448F-B109-8889980424AF}"
EndProject
Project("{2150E333-8FDC-42A3-9474-1A3956D46DE8}") = "BinarySerializer", "BinarySerializer", "{A7DBB08E-DD52-4C93-9531-1086DBFDE775}"
EndProject
Project("{9A19103F-16F7-4668-BE54-9A1E7A4F7556}") = "NSL.Extensions.BinarySerializer", "BinarySerializer\NSL.Extensions.BinarySerializer\NSL.Extensions.BinarySerializer.csproj", "{ECCBB646-5841-41A5-A4FD-889CD4899021}"
EndProject
Project("{2150E333-8FDC-42A3-9474-1A3956D46DE8}") = "Core", "Core", "{7EFE4097-7CBF-468E-966F-1C4702A6F1C1}"
EndProject
Project("{2150E333-8FDC-42A3-9474-1A3956D46DE8}") = "Extensions", "Extensions", "{217B185B-D5AB-4FEE-A9FC-5E555DC51580}"
EndProject
Project("{2150E333-8FDC-42A3-9474-1A3956D46DE8}") = "Utils", "Utils", "{D944E107-18A6-44AE-89ED-673DAF1952D1}"
EndProject
Project("{9A19103F-16F7-4668-BE54-9A1E7A4F7556}") = "NSL.SocketClient", "Core\NSL.SocketClient\NSL.SocketClient.csproj", "{1947928E-44BD-4E11-A8C9-D726A1F0A8E7}"
EndProject
Project("{9A19103F-16F7-4668-BE54-9A1E7A4F7556}") = "NSL.SocketCore", "Core\NSL.SocketCore\NSL.SocketCore.csproj", "{D95BCB55-7F18-4DD0-876E-0A586A03FB39}"
EndProject
Project("{9A19103F-16F7-4668-BE54-9A1E7A4F7556}") = "NSL.SocketServer", "Core\NSL.SocketServer\NSL.SocketServer.csproj", "{D13E875C-99C3-4C59-9E0A-51F1D1F9E284}"
EndProject
Project("{9A19103F-16F7-4668-BE54-9A1E7A4F7556}") = "NSL.ServerOptions.Extensions.ConfigurationEngine", "Core\Extensions\ServerOptions.Extensions.ConfigurationEngine\NSL.ServerOptions.Extensions.ConfigurationEngine.csproj", "{31B4D318-39D3-4296-BF09-FC46528386B3}"
EndProject
Project("{9A19103F-16F7-4668-BE54-9A1E7A4F7556}") = "NSL.ServerOptions.Extensions.Console", "Core\Extensions\ServerOptions.Extensions.Console\NSL.ServerOptions.Extensions.Console.csproj", "{BC085F89-A1B0-4FCF-B2C3-5F3967D94C26}"
EndProject
Project("{9A19103F-16F7-4668-BE54-9A1E7A4F7556}") = "NSL.SocketCore.Extensions.BinarySerializer", "Core\Extensions\SocketCore.Extensions.BinarySerializer\NSL.SocketCore.Extensions.BinarySerializer.csproj", "{C46734C0-2FD9-430F-B92E-3BD8D055A5BA}"
EndProject
Project("{9A19103F-16F7-4668-BE54-9A1E7A4F7556}") = "NSL.Utils", "Core\Utils\NSL.Utils\NSL.Utils.csproj", "{3E0C73CE-2995-41F3-A38D-5356D0C32C34}"
EndProject
Project("{9A19103F-16F7-4668-BE54-9A1E7A4F7556}") = "NSL.Utils.Server", "Core\Utils\NSL.Utils.Server\NSL.Utils.Server.csproj", "{1D2ABBF7-F2C0-4DEA-A3B4-102000FAD893}"
EndProject
Project("{9A19103F-16F7-4668-BE54-9A1E7A4F7556}") = "NSL.SocketCore.Extensions.Buffer", "Core\Extensions\SocketCore.Extensions.Buffer\NSL.SocketCore.Extensions.Buffer.csproj", "{CA32214E-75E1-40DD-BAA4-03A2BDFEB8B2}"
EndProject
Project("{9A19103F-16F7-4668-BE54-9A1E7A4F7556}") = "NSL.SocketCore.Extensions.Manager", "Core\Extensions\SocketCore.Extensions.Manager\NSL.SocketCore.Extensions.Manager.csproj", "{C0AD257A-E0E8-4798-A6AE-A40EED479964}"
EndProject
Project("{9A19103F-16F7-4668-BE54-9A1E7A4F7556}") = "NSL.SocketCore.Extensions.Packet", "Core\Extensions\SocketCore.Extensions.Packet\NSL.SocketCore.Extensions.Packet.csproj", "{2BC3BABE-30BD-41C7-AFA3-810801D63C34}"
EndProject
Project("{9A19103F-16F7-4668-BE54-9A1E7A4F7556}") = "NSL.SocketCore.Extensions.Packet.FastEvent", "Core\Extensions\SocketCore.Extensions.Packet.FastEvent\NSL.SocketCore.Extensions.Packet.FastEvent.csproj", "{92273663-B27B-4C2F-A31C-67E05BB03C1B}"
EndProject
Project("{9A19103F-16F7-4668-BE54-9A1E7A4F7556}") = "NSL.SocketCore.Extensions.Packet.SocketRTC", "Core\Extensions\SocketCore.Extensions.Packet.SocketRTC\NSL.SocketCore.Extensions.Packet.SocketRTC.csproj", "{9ADF3EDF-3E9F-44C8-808D-763C0AC34978}"
EndProject
Project("{2150E333-8FDC-42A3-9474-1A3956D46DE8}") = "Extensions", "Extensions", "{77F1BD42-04DA-4EC7-8FD1-24A2698D1D5B}"
EndProject
Project("{2150E333-8FDC-42A3-9474-1A3956D46DE8}") = "DBEngine", "DBEngine", "{3B930D23-C7D2-4A2B-B607-CCF3FD660F64}"
EndProject
Project("{2150E333-8FDC-42A3-9474-1A3956D46DE8}") = "NetworkEngine", "NetworkEngine", "{B5BB912E-7008-40C5-A3BE-CB3841AC7E78}"
EndProject
Project("{2150E333-8FDC-42A3-9474-1A3956D46DE8}") = "ScriptEngine", "ScriptEngine", "{FC97656D-1D65-4CF6-BA0B-A1BA23E8E450}"
EndProject
Project("{9A19103F-16F7-4668-BE54-9A1E7A4F7556}") = "NSL.Extensions.ConsoleEngine", "Extensions\NSL.Extensions.ConsoleEngine\NSL.Extensions.ConsoleEngine.csproj", "{2CA67ABE-F7DC-4E98-8A65-440AE27FF458}"
EndProject
Project("{9A19103F-16F7-4668-BE54-9A1E7A4F7556}") = "NSL.Extensions.DIEngine", "Extensions\NSL.Extensions.DIEngine\NSL.Extensions.DIEngine.csproj", "{B5E25BEB-24E3-4F3D-9AE5-F14E8BE8E767}"
EndProject
Project("{9A19103F-16F7-4668-BE54-9A1E7A4F7556}") = "NSL.Extensions.DBEngine", "Extensions\DBEngine\DBEngine\NSL.Extensions.DBEngine.csproj", "{700CE303-BDC9-4D27-B220-1C20C6F2AC3A}"
EndProject
Project("{9A19103F-16F7-4668-BE54-9A1E7A4F7556}") = "NSL.Extensions.DBEngine.Backup", "Extensions\DBEngine\DBEngine.Extensions.Backup\NSL.Extensions.DBEngine.Backup.csproj", "{97844866-1185-4E93-99C2-F824D5EA3AE0}"
EndProject
Project("{9A19103F-16F7-4668-BE54-9A1E7A4F7556}") = "NSL.Extensions.DBEngine.CmdQueue", "Extensions\DBEngine\DBEngine.Extensions.CmdQueue\NSL.Extensions.DBEngine.CmdQueue.csproj", "{07A9F5C4-8C64-4F1B-B07D-C0DF7A905C0B}"
EndProject
Project("{9A19103F-16F7-4668-BE54-9A1E7A4F7556}") = "NSL.Extensions.DBEngine.Migrator", "Extensions\DBEngine\DBEngine.Extensions.Migrator\NSL.Extensions.DBEngine.Migrator.csproj", "{375F419C-209A-4776-A86A-8B42CD31CC65}"
EndProject
Project("{9A19103F-16F7-4668-BE54-9A1E7A4F7556}") = "NSL.Extensions.DBEngine.Reader", "Extensions\DBEngine\DBEngine.Extensions.Reader\NSL.Extensions.DBEngine.Reader.csproj", "{0A837AF1-71C4-4FCC-BA53-E66D7CD1D1D6}"
EndProject
Project("{9A19103F-16F7-4668-BE54-9A1E7A4F7556}") = "NSL.Extensions.DBEngine.ConfigurationEngine", "Extensions\DBEngine\DBEngine.Extensions.ConfigurationEngine\NSL.Extensions.DBEngine.ConfigurationEngine.csproj", "{2428A61F-6AAC-4EA7-9693-100E68D42E84}"
EndProject
Project("{9A19103F-16F7-4668-BE54-9A1E7A4F7556}") = "NSL.Extensions.DBEngine.StaticQuery", "Extensions\DBEngine\DBEngine.Extensions.StaticQuery\NSL.Extensions.DBEngine.StaticQuery.csproj", "{A4A939B0-2F70-4C56-8C4F-AD512AC0840B}"
EndProject
Project("{9A19103F-16F7-4668-BE54-9A1E7A4F7556}") = "NSL.Extensions.NAT", "Extensions\NetworkEngine\NAT\NSL.Extensions.NAT.csproj", "{A11FDAE0-DD80-404C-BE84-51B7357EF3AB}"
EndProject
Project("{2150E333-8FDC-42A3-9474-1A3956D46DE8}") = "Node", "Node", "{79E423DA-3137-4D4C-9A35-EB0EEB22D08D}"
EndProject
Project("{2150E333-8FDC-42A3-9474-1A3956D46DE8}") = "SocketPhantom", "SocketPhantom", "{FFE7249D-833D-4132-A8C7-6D09F25C2393}"
EndProject
Project("{9A19103F-16F7-4668-BE54-9A1E7A4F7556}") = "NSL.SocketPhantom", "Extensions\NetworkEngine\SocketPhantom\NSL.SocketPhantom\NSL.SocketPhantom.csproj", "{37281BE1-638E-486F-9E56-BE1B84585830}"
EndProject
Project("{9A19103F-16F7-4668-BE54-9A1E7A4F7556}") = "NSL.SocketPhantom.AspNetCore", "Extensions\NetworkEngine\SocketPhantom\NSL.SocketPhantom.AspNetCore\NSL.SocketPhantom.AspNetCore.csproj", "{E16F2AD8-B965-4A40-94F9-A31DFF17B063}"
EndProject
Project("{9A19103F-16F7-4668-BE54-9A1E7A4F7556}") = "NSL.Extensions.NetScript", "Extensions\ScriptEngine\NSL.Extensions.NetScript\NSL.Extensions.NetScript.csproj", "{9D4F5123-4A82-4334-91DA-2369C0AA7914}"
EndProject
Project("{2150E333-8FDC-42A3-9474-1A3956D46DE8}") = "Protocols", "Protocols", "{BF4CCFA5-6BA0-40CF-B854-6013A2F944EA}"
EndProject
Project("{2150E333-8FDC-42A3-9474-1A3956D46DE8}") = "TCP", "TCP", "{90F4E4EE-1385-42B0-A3C5-3941CC9C830F}"
EndProject
Project("{2150E333-8FDC-42A3-9474-1A3956D46DE8}") = "UDP", "UDP", "{49D950F3-4DC8-46A9-8205-2B7E956A9F57}"
EndProject
Project("{9A19103F-16F7-4668-BE54-9A1E7A4F7556}") = "NSL.TCP", "Protocols\TCP\NSL.TCP\NSL.TCP.csproj", "{5FB87DA5-3AD0-4FAF-A105-7142780DF1FD}"
EndProject
Project("{9A19103F-16F7-4668-BE54-9A1E7A4F7556}") = "NSL.TCP.Client", "Protocols\TCP\NSL.TCP.Client\NSL.TCP.Client.csproj", "{662F412F-1A9D-430C-8CF7-0AE0D4605C45}"
EndProject
Project("{9A19103F-16F7-4668-BE54-9A1E7A4F7556}") = "NSL.TCP.Server", "Protocols\TCP\NSL.TCP.Server\NSL.TCP.Server.csproj", "{27DE0A53-58F7-42C2-AC96-1DB2BBEDD320}"
EndProject
Project("{9A19103F-16F7-4668-BE54-9A1E7A4F7556}") = "NSL.UDP", "Protocols\UDP\NSL.UDP\NSL.UDP.csproj", "{279C3FE3-849F-46E9-84F1-CD6FB648E8C0}"
EndProject
Project("{9A19103F-16F7-4668-BE54-9A1E7A4F7556}") = "NSL.UDP.Client", "Protocols\UDP\NSL.UDP.Client\NSL.UDP.Client.csproj", "{B4F7EBC0-78E5-4926-B6C5-06F21CFFEA0B}"
EndProject
Project("{9A19103F-16F7-4668-BE54-9A1E7A4F7556}") = "NSL.ConfigurationEngine.Extensions.Network", "ConfigurationEngine\Extensions\NSL.ConfigurationEngine.Extensions.Network\NSL.ConfigurationEngine.Extensions.Network.csproj", "{3EE7AF9A-CBBA-41D8-8530-C207D5597628}"
EndProject
Project("{9A19103F-16F7-4668-BE54-9A1E7A4F7556}") = "NSL.SocketClient.Node", "Extensions\NetworkEngine\Node\NSL.SocketClient.Node\NSL.SocketClient.Node.csproj", "{E0DAA7EB-FF54-4C8D-B343-42DB452DA451}"
EndProject
Project("{9A19103F-16F7-4668-BE54-9A1E7A4F7556}") = "NSL.ClientOptions.Extensions.ConfigurationEngine", "Core\Extensions\ClientOptions.Extensions.ConfigurationEngine\NSL.ClientOptions.Extensions.ConfigurationEngine.csproj", "{CCE5C95F-CB88-4F34-BDDD-FD47E52BD6BE}"
EndProject
Project("{9A19103F-16F7-4668-BE54-9A1E7A4F7556}") = "NSL.SocketCore.Extensions.TCPServer", "Core\Extensions\SocketCore.Extensions.TCPServer\NSL.SocketCore.Extensions.TCPServer.csproj", "{07682B09-4A31-45F8-A2CD-3D71B026FE3C}"
EndProject
Project("{9A19103F-16F7-4668-BE54-9A1E7A4F7556}") = "NSL.SocketCore.Extensions.TCPClient", "Core\Extensions\SocketCore.Extensions.TCPClient\NSL.SocketCore.Extensions.TCPClient.csproj", "{54B39C67-A882-409A-9357-8FA7604C404D}"
EndProject
Project("{9A19103F-16F7-4668-BE54-9A1E7A4F7556}") = "NSL.CoreOptions.Extensions", "Core\Extensions\CoreOptions.Extensions\NSL.CoreOptions.Extensions.csproj", "{D1D4C9AC-7ABE-4BCC-ACD5-89C0DDD41B76}"
EndProject
Project("{9A19103F-16F7-4668-BE54-9A1E7A4F7556}") = "NSL.ClientOptions.Extensions.Packet", "Core\Extensions\ClientOptions.Extensions.Packet\NSL.ClientOptions.Extensions.Packet.csproj", "{5E973CC0-FFD3-4003-A541-7DBEC7E16A29}"
EndProject
Project("{9A19103F-16F7-4668-BE54-9A1E7A4F7556}") = "NSL.ServerOptions.Extensions.Packet", "Core\Extensions\ServerOptions.Extensions.Packet\NSL.ServerOptions.Extensions.Packet.csproj", "{6EBAF641-5961-41D3-B6AB-F78D19320D12}"
EndProject
Project("{2150E333-8FDC-42A3-9474-1A3956D46DE8}") = "Tests", "Tests", "{DC6DE0EB-9E26-402A-9F9C-52000D4BA6D9}"
EndProject
Project("{9A19103F-16F7-4668-BE54-9A1E7A4F7556}") = "ConfigurationEngine.Tests", "ConfigurationEngine\ConfigurationEngine.Tests\ConfigurationEngine.Tests.csproj", "{4983CF95-145B-44C7-8FC9-A8FF8B8190AB}"
EndProject
Project("{2150E333-8FDC-42A3-9474-1A3956D46DE8}") = "Http", "Http", "{781A1272-4CB0-4574-8B62-6EC58C01676C}"
EndProject
Project("{9A19103F-16F7-4668-BE54-9A1E7A4F7556}") = "NSL.RestExtensions", "Protocols\Http\NSL.RestExtensions\NSL.RestExtensions.csproj", "{8B74E99E-5D63-4ED3-B64E-226A14496AD6}"
EndProject
Project("{FAE04EC0-301F-11D3-BF4B-00C04F79EFBC}") = "NSL.Extensions.DataEngine", "Extensions\NSL.Extensions.DataEngine\NSL.Extensions.DataEngine.csproj", "{68705AF8-F933-40C7-ABFB-7E4C70BCB1DF}"
EndProject
Project("{2150E333-8FDC-42A3-9474-1A3956D46DE8}") = "DataEngine", "DataEngine", "{C5D1B563-DC97-4AFB-9220-D30C5A4D74F7}"
EndProject
Global
	GlobalSection(SolutionConfigurationPlatforms) = preSolution
		Debug|Any CPU = Debug|Any CPU
		Release|Any CPU = Release|Any CPU
		Unity|Any CPU = Unity|Any CPU
		UnityDebug|Any CPU = UnityDebug|Any CPU
	EndGlobalSection
	GlobalSection(ProjectConfigurationPlatforms) = postSolution
		{DDA13465-1599-4820-B205-611CE38F6078}.Debug|Any CPU.ActiveCfg = Debug|Any CPU
		{DDA13465-1599-4820-B205-611CE38F6078}.Debug|Any CPU.Build.0 = Debug|Any CPU
		{DDA13465-1599-4820-B205-611CE38F6078}.Release|Any CPU.ActiveCfg = Release|Any CPU
		{DDA13465-1599-4820-B205-611CE38F6078}.Release|Any CPU.Build.0 = Release|Any CPU
		{DDA13465-1599-4820-B205-611CE38F6078}.Unity|Any CPU.ActiveCfg = Unity|Any CPU
		{DDA13465-1599-4820-B205-611CE38F6078}.Unity|Any CPU.Build.0 = Unity|Any CPU
		{DDA13465-1599-4820-B205-611CE38F6078}.UnityDebug|Any CPU.ActiveCfg = UnityDebug|Any CPU
		{DDA13465-1599-4820-B205-611CE38F6078}.UnityDebug|Any CPU.Build.0 = UnityDebug|Any CPU
		{F6BC2ABB-2544-4916-8C02-996845ED51FD}.Debug|Any CPU.ActiveCfg = Debug|Any CPU
		{F6BC2ABB-2544-4916-8C02-996845ED51FD}.Debug|Any CPU.Build.0 = Debug|Any CPU
		{F6BC2ABB-2544-4916-8C02-996845ED51FD}.Release|Any CPU.ActiveCfg = Release|Any CPU
		{F6BC2ABB-2544-4916-8C02-996845ED51FD}.Release|Any CPU.Build.0 = Release|Any CPU
		{F6BC2ABB-2544-4916-8C02-996845ED51FD}.Unity|Any CPU.ActiveCfg = Unity|Any CPU
		{F6BC2ABB-2544-4916-8C02-996845ED51FD}.Unity|Any CPU.Build.0 = Unity|Any CPU
		{F6BC2ABB-2544-4916-8C02-996845ED51FD}.UnityDebug|Any CPU.ActiveCfg = UnityDebug|Any CPU
		{F6BC2ABB-2544-4916-8C02-996845ED51FD}.UnityDebug|Any CPU.Build.0 = UnityDebug|Any CPU
		{AB96661B-4A34-41AE-AC73-9EE2CBF987DA}.Debug|Any CPU.ActiveCfg = Debug|Any CPU
		{AB96661B-4A34-41AE-AC73-9EE2CBF987DA}.Debug|Any CPU.Build.0 = Debug|Any CPU
		{AB96661B-4A34-41AE-AC73-9EE2CBF987DA}.Release|Any CPU.ActiveCfg = Release|Any CPU
		{AB96661B-4A34-41AE-AC73-9EE2CBF987DA}.Release|Any CPU.Build.0 = Release|Any CPU
		{AB96661B-4A34-41AE-AC73-9EE2CBF987DA}.Unity|Any CPU.ActiveCfg = Unity|Any CPU
		{AB96661B-4A34-41AE-AC73-9EE2CBF987DA}.Unity|Any CPU.Build.0 = Unity|Any CPU
		{AB96661B-4A34-41AE-AC73-9EE2CBF987DA}.UnityDebug|Any CPU.ActiveCfg = UnityDebug|Any CPU
		{AB96661B-4A34-41AE-AC73-9EE2CBF987DA}.UnityDebug|Any CPU.Build.0 = UnityDebug|Any CPU
		{7C31F4BF-DFF8-4158-AF0B-4273CBC8087B}.Debug|Any CPU.ActiveCfg = Debug|Any CPU
		{7C31F4BF-DFF8-4158-AF0B-4273CBC8087B}.Debug|Any CPU.Build.0 = Debug|Any CPU
		{7C31F4BF-DFF8-4158-AF0B-4273CBC8087B}.Release|Any CPU.ActiveCfg = Release|Any CPU
		{7C31F4BF-DFF8-4158-AF0B-4273CBC8087B}.Release|Any CPU.Build.0 = Release|Any CPU
		{7C31F4BF-DFF8-4158-AF0B-4273CBC8087B}.Unity|Any CPU.ActiveCfg = Unity|Any CPU
		{7C31F4BF-DFF8-4158-AF0B-4273CBC8087B}.Unity|Any CPU.Build.0 = Unity|Any CPU
		{7C31F4BF-DFF8-4158-AF0B-4273CBC8087B}.UnityDebug|Any CPU.ActiveCfg = UnityDebug|Any CPU
		{7C31F4BF-DFF8-4158-AF0B-4273CBC8087B}.UnityDebug|Any CPU.Build.0 = UnityDebug|Any CPU
		{156B8DB7-7A63-448F-B109-8889980424AF}.Debug|Any CPU.ActiveCfg = Debug|Any CPU
		{156B8DB7-7A63-448F-B109-8889980424AF}.Debug|Any CPU.Build.0 = Debug|Any CPU
		{156B8DB7-7A63-448F-B109-8889980424AF}.Release|Any CPU.ActiveCfg = Release|Any CPU
		{156B8DB7-7A63-448F-B109-8889980424AF}.Release|Any CPU.Build.0 = Release|Any CPU
		{156B8DB7-7A63-448F-B109-8889980424AF}.Unity|Any CPU.ActiveCfg = Unity|Any CPU
		{156B8DB7-7A63-448F-B109-8889980424AF}.Unity|Any CPU.Build.0 = Unity|Any CPU
		{156B8DB7-7A63-448F-B109-8889980424AF}.UnityDebug|Any CPU.ActiveCfg = UnityDebug|Any CPU
		{156B8DB7-7A63-448F-B109-8889980424AF}.UnityDebug|Any CPU.Build.0 = UnityDebug|Any CPU
		{ECCBB646-5841-41A5-A4FD-889CD4899021}.Debug|Any CPU.ActiveCfg = Debug|Any CPU
		{ECCBB646-5841-41A5-A4FD-889CD4899021}.Debug|Any CPU.Build.0 = Debug|Any CPU
		{ECCBB646-5841-41A5-A4FD-889CD4899021}.Release|Any CPU.ActiveCfg = Release|Any CPU
		{ECCBB646-5841-41A5-A4FD-889CD4899021}.Release|Any CPU.Build.0 = Release|Any CPU
		{ECCBB646-5841-41A5-A4FD-889CD4899021}.Unity|Any CPU.ActiveCfg = Unity|Any CPU
		{ECCBB646-5841-41A5-A4FD-889CD4899021}.Unity|Any CPU.Build.0 = Unity|Any CPU
		{ECCBB646-5841-41A5-A4FD-889CD4899021}.UnityDebug|Any CPU.ActiveCfg = UnityDebug|Any CPU
		{ECCBB646-5841-41A5-A4FD-889CD4899021}.UnityDebug|Any CPU.Build.0 = UnityDebug|Any CPU
		{1947928E-44BD-4E11-A8C9-D726A1F0A8E7}.Debug|Any CPU.ActiveCfg = Debug|Any CPU
		{1947928E-44BD-4E11-A8C9-D726A1F0A8E7}.Debug|Any CPU.Build.0 = Debug|Any CPU
		{1947928E-44BD-4E11-A8C9-D726A1F0A8E7}.Release|Any CPU.ActiveCfg = Release|Any CPU
		{1947928E-44BD-4E11-A8C9-D726A1F0A8E7}.Release|Any CPU.Build.0 = Release|Any CPU
		{1947928E-44BD-4E11-A8C9-D726A1F0A8E7}.Unity|Any CPU.ActiveCfg = Unity|Any CPU
		{1947928E-44BD-4E11-A8C9-D726A1F0A8E7}.Unity|Any CPU.Build.0 = Unity|Any CPU
		{1947928E-44BD-4E11-A8C9-D726A1F0A8E7}.UnityDebug|Any CPU.ActiveCfg = UnityDebug|Any CPU
		{1947928E-44BD-4E11-A8C9-D726A1F0A8E7}.UnityDebug|Any CPU.Build.0 = UnityDebug|Any CPU
		{D95BCB55-7F18-4DD0-876E-0A586A03FB39}.Debug|Any CPU.ActiveCfg = Debug|Any CPU
		{D95BCB55-7F18-4DD0-876E-0A586A03FB39}.Debug|Any CPU.Build.0 = Debug|Any CPU
		{D95BCB55-7F18-4DD0-876E-0A586A03FB39}.Release|Any CPU.ActiveCfg = Release|Any CPU
		{D95BCB55-7F18-4DD0-876E-0A586A03FB39}.Release|Any CPU.Build.0 = Release|Any CPU
		{D95BCB55-7F18-4DD0-876E-0A586A03FB39}.Unity|Any CPU.ActiveCfg = Unity|Any CPU
		{D95BCB55-7F18-4DD0-876E-0A586A03FB39}.Unity|Any CPU.Build.0 = Unity|Any CPU
		{D95BCB55-7F18-4DD0-876E-0A586A03FB39}.UnityDebug|Any CPU.ActiveCfg = UnityDebug|Any CPU
		{D95BCB55-7F18-4DD0-876E-0A586A03FB39}.UnityDebug|Any CPU.Build.0 = UnityDebug|Any CPU
		{D13E875C-99C3-4C59-9E0A-51F1D1F9E284}.Debug|Any CPU.ActiveCfg = Debug|Any CPU
		{D13E875C-99C3-4C59-9E0A-51F1D1F9E284}.Debug|Any CPU.Build.0 = Debug|Any CPU
		{D13E875C-99C3-4C59-9E0A-51F1D1F9E284}.Release|Any CPU.ActiveCfg = Release|Any CPU
		{D13E875C-99C3-4C59-9E0A-51F1D1F9E284}.Release|Any CPU.Build.0 = Release|Any CPU
		{D13E875C-99C3-4C59-9E0A-51F1D1F9E284}.Unity|Any CPU.ActiveCfg = Unity|Any CPU
		{D13E875C-99C3-4C59-9E0A-51F1D1F9E284}.Unity|Any CPU.Build.0 = Unity|Any CPU
		{D13E875C-99C3-4C59-9E0A-51F1D1F9E284}.UnityDebug|Any CPU.ActiveCfg = UnityDebug|Any CPU
		{D13E875C-99C3-4C59-9E0A-51F1D1F9E284}.UnityDebug|Any CPU.Build.0 = UnityDebug|Any CPU
		{31B4D318-39D3-4296-BF09-FC46528386B3}.Debug|Any CPU.ActiveCfg = Debug|Any CPU
		{31B4D318-39D3-4296-BF09-FC46528386B3}.Debug|Any CPU.Build.0 = Debug|Any CPU
		{31B4D318-39D3-4296-BF09-FC46528386B3}.Release|Any CPU.ActiveCfg = Release|Any CPU
		{31B4D318-39D3-4296-BF09-FC46528386B3}.Release|Any CPU.Build.0 = Release|Any CPU
		{31B4D318-39D3-4296-BF09-FC46528386B3}.Unity|Any CPU.ActiveCfg = Unity|Any CPU
		{31B4D318-39D3-4296-BF09-FC46528386B3}.Unity|Any CPU.Build.0 = Unity|Any CPU
		{31B4D318-39D3-4296-BF09-FC46528386B3}.UnityDebug|Any CPU.ActiveCfg = UnityDebug|Any CPU
		{31B4D318-39D3-4296-BF09-FC46528386B3}.UnityDebug|Any CPU.Build.0 = UnityDebug|Any CPU
		{BC085F89-A1B0-4FCF-B2C3-5F3967D94C26}.Debug|Any CPU.ActiveCfg = Debug|Any CPU
		{BC085F89-A1B0-4FCF-B2C3-5F3967D94C26}.Debug|Any CPU.Build.0 = Debug|Any CPU
		{BC085F89-A1B0-4FCF-B2C3-5F3967D94C26}.Release|Any CPU.ActiveCfg = Release|Any CPU
		{BC085F89-A1B0-4FCF-B2C3-5F3967D94C26}.Release|Any CPU.Build.0 = Release|Any CPU
		{BC085F89-A1B0-4FCF-B2C3-5F3967D94C26}.Unity|Any CPU.ActiveCfg = Unity|Any CPU
		{BC085F89-A1B0-4FCF-B2C3-5F3967D94C26}.Unity|Any CPU.Build.0 = Unity|Any CPU
		{BC085F89-A1B0-4FCF-B2C3-5F3967D94C26}.UnityDebug|Any CPU.ActiveCfg = UnityDebug|Any CPU
		{BC085F89-A1B0-4FCF-B2C3-5F3967D94C26}.UnityDebug|Any CPU.Build.0 = UnityDebug|Any CPU
		{C46734C0-2FD9-430F-B92E-3BD8D055A5BA}.Debug|Any CPU.ActiveCfg = Debug|Any CPU
		{C46734C0-2FD9-430F-B92E-3BD8D055A5BA}.Debug|Any CPU.Build.0 = Debug|Any CPU
		{C46734C0-2FD9-430F-B92E-3BD8D055A5BA}.Release|Any CPU.ActiveCfg = Release|Any CPU
		{C46734C0-2FD9-430F-B92E-3BD8D055A5BA}.Release|Any CPU.Build.0 = Release|Any CPU
		{C46734C0-2FD9-430F-B92E-3BD8D055A5BA}.Unity|Any CPU.ActiveCfg = Unity|Any CPU
		{C46734C0-2FD9-430F-B92E-3BD8D055A5BA}.Unity|Any CPU.Build.0 = Unity|Any CPU
		{C46734C0-2FD9-430F-B92E-3BD8D055A5BA}.UnityDebug|Any CPU.ActiveCfg = UnityDebug|Any CPU
		{C46734C0-2FD9-430F-B92E-3BD8D055A5BA}.UnityDebug|Any CPU.Build.0 = UnityDebug|Any CPU
		{3E0C73CE-2995-41F3-A38D-5356D0C32C34}.Debug|Any CPU.ActiveCfg = Debug|Any CPU
		{3E0C73CE-2995-41F3-A38D-5356D0C32C34}.Debug|Any CPU.Build.0 = Debug|Any CPU
		{3E0C73CE-2995-41F3-A38D-5356D0C32C34}.Release|Any CPU.ActiveCfg = Release|Any CPU
		{3E0C73CE-2995-41F3-A38D-5356D0C32C34}.Release|Any CPU.Build.0 = Release|Any CPU
		{3E0C73CE-2995-41F3-A38D-5356D0C32C34}.Unity|Any CPU.ActiveCfg = Unity|Any CPU
		{3E0C73CE-2995-41F3-A38D-5356D0C32C34}.Unity|Any CPU.Build.0 = Unity|Any CPU
		{3E0C73CE-2995-41F3-A38D-5356D0C32C34}.UnityDebug|Any CPU.ActiveCfg = UnityDebug|Any CPU
		{3E0C73CE-2995-41F3-A38D-5356D0C32C34}.UnityDebug|Any CPU.Build.0 = UnityDebug|Any CPU
		{1D2ABBF7-F2C0-4DEA-A3B4-102000FAD893}.Debug|Any CPU.ActiveCfg = Debug|Any CPU
		{1D2ABBF7-F2C0-4DEA-A3B4-102000FAD893}.Debug|Any CPU.Build.0 = Debug|Any CPU
		{1D2ABBF7-F2C0-4DEA-A3B4-102000FAD893}.Release|Any CPU.ActiveCfg = Release|Any CPU
		{1D2ABBF7-F2C0-4DEA-A3B4-102000FAD893}.Release|Any CPU.Build.0 = Release|Any CPU
		{1D2ABBF7-F2C0-4DEA-A3B4-102000FAD893}.Unity|Any CPU.ActiveCfg = Debug|Any CPU
		{1D2ABBF7-F2C0-4DEA-A3B4-102000FAD893}.Unity|Any CPU.Build.0 = Debug|Any CPU
		{1D2ABBF7-F2C0-4DEA-A3B4-102000FAD893}.UnityDebug|Any CPU.ActiveCfg = Debug|Any CPU
		{1D2ABBF7-F2C0-4DEA-A3B4-102000FAD893}.UnityDebug|Any CPU.Build.0 = Debug|Any CPU
		{CA32214E-75E1-40DD-BAA4-03A2BDFEB8B2}.Debug|Any CPU.ActiveCfg = Debug|Any CPU
		{CA32214E-75E1-40DD-BAA4-03A2BDFEB8B2}.Debug|Any CPU.Build.0 = Debug|Any CPU
		{CA32214E-75E1-40DD-BAA4-03A2BDFEB8B2}.Release|Any CPU.ActiveCfg = Release|Any CPU
		{CA32214E-75E1-40DD-BAA4-03A2BDFEB8B2}.Release|Any CPU.Build.0 = Release|Any CPU
		{CA32214E-75E1-40DD-BAA4-03A2BDFEB8B2}.Unity|Any CPU.ActiveCfg = Unity|Any CPU
		{CA32214E-75E1-40DD-BAA4-03A2BDFEB8B2}.Unity|Any CPU.Build.0 = Unity|Any CPU
		{CA32214E-75E1-40DD-BAA4-03A2BDFEB8B2}.UnityDebug|Any CPU.ActiveCfg = UnityDebug|Any CPU
		{CA32214E-75E1-40DD-BAA4-03A2BDFEB8B2}.UnityDebug|Any CPU.Build.0 = UnityDebug|Any CPU
		{C0AD257A-E0E8-4798-A6AE-A40EED479964}.Debug|Any CPU.ActiveCfg = Debug|Any CPU
		{C0AD257A-E0E8-4798-A6AE-A40EED479964}.Debug|Any CPU.Build.0 = Debug|Any CPU
		{C0AD257A-E0E8-4798-A6AE-A40EED479964}.Release|Any CPU.ActiveCfg = Release|Any CPU
		{C0AD257A-E0E8-4798-A6AE-A40EED479964}.Release|Any CPU.Build.0 = Release|Any CPU
		{C0AD257A-E0E8-4798-A6AE-A40EED479964}.Unity|Any CPU.ActiveCfg = Unity|Any CPU
		{C0AD257A-E0E8-4798-A6AE-A40EED479964}.Unity|Any CPU.Build.0 = Unity|Any CPU
		{C0AD257A-E0E8-4798-A6AE-A40EED479964}.UnityDebug|Any CPU.ActiveCfg = UnityDebug|Any CPU
		{C0AD257A-E0E8-4798-A6AE-A40EED479964}.UnityDebug|Any CPU.Build.0 = UnityDebug|Any CPU
		{2BC3BABE-30BD-41C7-AFA3-810801D63C34}.Debug|Any CPU.ActiveCfg = Debug|Any CPU
		{2BC3BABE-30BD-41C7-AFA3-810801D63C34}.Debug|Any CPU.Build.0 = Debug|Any CPU
		{2BC3BABE-30BD-41C7-AFA3-810801D63C34}.Release|Any CPU.ActiveCfg = Release|Any CPU
		{2BC3BABE-30BD-41C7-AFA3-810801D63C34}.Release|Any CPU.Build.0 = Release|Any CPU
		{2BC3BABE-30BD-41C7-AFA3-810801D63C34}.Unity|Any CPU.ActiveCfg = Unity|Any CPU
		{2BC3BABE-30BD-41C7-AFA3-810801D63C34}.Unity|Any CPU.Build.0 = Unity|Any CPU
		{2BC3BABE-30BD-41C7-AFA3-810801D63C34}.UnityDebug|Any CPU.ActiveCfg = UnityDebug|Any CPU
		{2BC3BABE-30BD-41C7-AFA3-810801D63C34}.UnityDebug|Any CPU.Build.0 = UnityDebug|Any CPU
		{92273663-B27B-4C2F-A31C-67E05BB03C1B}.Debug|Any CPU.ActiveCfg = Debug|Any CPU
		{92273663-B27B-4C2F-A31C-67E05BB03C1B}.Debug|Any CPU.Build.0 = Debug|Any CPU
		{92273663-B27B-4C2F-A31C-67E05BB03C1B}.Release|Any CPU.ActiveCfg = Release|Any CPU
		{92273663-B27B-4C2F-A31C-67E05BB03C1B}.Release|Any CPU.Build.0 = Release|Any CPU
		{92273663-B27B-4C2F-A31C-67E05BB03C1B}.Unity|Any CPU.ActiveCfg = Unity|Any CPU
		{92273663-B27B-4C2F-A31C-67E05BB03C1B}.Unity|Any CPU.Build.0 = Unity|Any CPU
		{92273663-B27B-4C2F-A31C-67E05BB03C1B}.UnityDebug|Any CPU.ActiveCfg = UnityDebug|Any CPU
		{92273663-B27B-4C2F-A31C-67E05BB03C1B}.UnityDebug|Any CPU.Build.0 = UnityDebug|Any CPU
		{9ADF3EDF-3E9F-44C8-808D-763C0AC34978}.Debug|Any CPU.ActiveCfg = Debug|Any CPU
		{9ADF3EDF-3E9F-44C8-808D-763C0AC34978}.Debug|Any CPU.Build.0 = Debug|Any CPU
		{9ADF3EDF-3E9F-44C8-808D-763C0AC34978}.Release|Any CPU.ActiveCfg = Release|Any CPU
		{9ADF3EDF-3E9F-44C8-808D-763C0AC34978}.Release|Any CPU.Build.0 = Release|Any CPU
		{9ADF3EDF-3E9F-44C8-808D-763C0AC34978}.Unity|Any CPU.ActiveCfg = Debug|Any CPU
		{9ADF3EDF-3E9F-44C8-808D-763C0AC34978}.Unity|Any CPU.Build.0 = Debug|Any CPU
		{9ADF3EDF-3E9F-44C8-808D-763C0AC34978}.UnityDebug|Any CPU.ActiveCfg = Debug|Any CPU
		{9ADF3EDF-3E9F-44C8-808D-763C0AC34978}.UnityDebug|Any CPU.Build.0 = Debug|Any CPU
		{2CA67ABE-F7DC-4E98-8A65-440AE27FF458}.Debug|Any CPU.ActiveCfg = Debug|Any CPU
		{2CA67ABE-F7DC-4E98-8A65-440AE27FF458}.Debug|Any CPU.Build.0 = Debug|Any CPU
		{2CA67ABE-F7DC-4E98-8A65-440AE27FF458}.Release|Any CPU.ActiveCfg = Release|Any CPU
		{2CA67ABE-F7DC-4E98-8A65-440AE27FF458}.Release|Any CPU.Build.0 = Release|Any CPU
		{2CA67ABE-F7DC-4E98-8A65-440AE27FF458}.Unity|Any CPU.ActiveCfg = Unity|Any CPU
		{2CA67ABE-F7DC-4E98-8A65-440AE27FF458}.Unity|Any CPU.Build.0 = Unity|Any CPU
		{2CA67ABE-F7DC-4E98-8A65-440AE27FF458}.UnityDebug|Any CPU.ActiveCfg = UnityDebug|Any CPU
		{2CA67ABE-F7DC-4E98-8A65-440AE27FF458}.UnityDebug|Any CPU.Build.0 = UnityDebug|Any CPU
		{B5E25BEB-24E3-4F3D-9AE5-F14E8BE8E767}.Debug|Any CPU.ActiveCfg = Debug|Any CPU
		{B5E25BEB-24E3-4F3D-9AE5-F14E8BE8E767}.Debug|Any CPU.Build.0 = Debug|Any CPU
		{B5E25BEB-24E3-4F3D-9AE5-F14E8BE8E767}.Release|Any CPU.ActiveCfg = Release|Any CPU
		{B5E25BEB-24E3-4F3D-9AE5-F14E8BE8E767}.Release|Any CPU.Build.0 = Release|Any CPU
		{B5E25BEB-24E3-4F3D-9AE5-F14E8BE8E767}.Unity|Any CPU.ActiveCfg = Unity|Any CPU
		{B5E25BEB-24E3-4F3D-9AE5-F14E8BE8E767}.Unity|Any CPU.Build.0 = Unity|Any CPU
		{B5E25BEB-24E3-4F3D-9AE5-F14E8BE8E767}.UnityDebug|Any CPU.ActiveCfg = UnityDebug|Any CPU
		{B5E25BEB-24E3-4F3D-9AE5-F14E8BE8E767}.UnityDebug|Any CPU.Build.0 = UnityDebug|Any CPU
		{700CE303-BDC9-4D27-B220-1C20C6F2AC3A}.Debug|Any CPU.ActiveCfg = Debug|Any CPU
		{700CE303-BDC9-4D27-B220-1C20C6F2AC3A}.Debug|Any CPU.Build.0 = Debug|Any CPU
		{700CE303-BDC9-4D27-B220-1C20C6F2AC3A}.Release|Any CPU.ActiveCfg = Release|Any CPU
		{700CE303-BDC9-4D27-B220-1C20C6F2AC3A}.Release|Any CPU.Build.0 = Release|Any CPU
		{700CE303-BDC9-4D27-B220-1C20C6F2AC3A}.Unity|Any CPU.ActiveCfg = Unity|Any CPU
		{700CE303-BDC9-4D27-B220-1C20C6F2AC3A}.Unity|Any CPU.Build.0 = Unity|Any CPU
		{700CE303-BDC9-4D27-B220-1C20C6F2AC3A}.UnityDebug|Any CPU.ActiveCfg = UnityDebug|Any CPU
		{700CE303-BDC9-4D27-B220-1C20C6F2AC3A}.UnityDebug|Any CPU.Build.0 = UnityDebug|Any CPU
		{97844866-1185-4E93-99C2-F824D5EA3AE0}.Debug|Any CPU.ActiveCfg = Debug|Any CPU
		{97844866-1185-4E93-99C2-F824D5EA3AE0}.Debug|Any CPU.Build.0 = Debug|Any CPU
		{97844866-1185-4E93-99C2-F824D5EA3AE0}.Release|Any CPU.ActiveCfg = Release|Any CPU
		{97844866-1185-4E93-99C2-F824D5EA3AE0}.Release|Any CPU.Build.0 = Release|Any CPU
		{97844866-1185-4E93-99C2-F824D5EA3AE0}.Unity|Any CPU.ActiveCfg = Unity|Any CPU
		{97844866-1185-4E93-99C2-F824D5EA3AE0}.Unity|Any CPU.Build.0 = Unity|Any CPU
		{97844866-1185-4E93-99C2-F824D5EA3AE0}.UnityDebug|Any CPU.ActiveCfg = UnityDebug|Any CPU
		{97844866-1185-4E93-99C2-F824D5EA3AE0}.UnityDebug|Any CPU.Build.0 = UnityDebug|Any CPU
		{07A9F5C4-8C64-4F1B-B07D-C0DF7A905C0B}.Debug|Any CPU.ActiveCfg = Debug|Any CPU
		{07A9F5C4-8C64-4F1B-B07D-C0DF7A905C0B}.Debug|Any CPU.Build.0 = Debug|Any CPU
		{07A9F5C4-8C64-4F1B-B07D-C0DF7A905C0B}.Release|Any CPU.ActiveCfg = Release|Any CPU
		{07A9F5C4-8C64-4F1B-B07D-C0DF7A905C0B}.Release|Any CPU.Build.0 = Release|Any CPU
		{07A9F5C4-8C64-4F1B-B07D-C0DF7A905C0B}.Unity|Any CPU.ActiveCfg = Unity|Any CPU
		{07A9F5C4-8C64-4F1B-B07D-C0DF7A905C0B}.Unity|Any CPU.Build.0 = Unity|Any CPU
		{07A9F5C4-8C64-4F1B-B07D-C0DF7A905C0B}.UnityDebug|Any CPU.ActiveCfg = UnityDebug|Any CPU
		{07A9F5C4-8C64-4F1B-B07D-C0DF7A905C0B}.UnityDebug|Any CPU.Build.0 = UnityDebug|Any CPU
		{375F419C-209A-4776-A86A-8B42CD31CC65}.Debug|Any CPU.ActiveCfg = Debug|Any CPU
		{375F419C-209A-4776-A86A-8B42CD31CC65}.Debug|Any CPU.Build.0 = Debug|Any CPU
		{375F419C-209A-4776-A86A-8B42CD31CC65}.Release|Any CPU.ActiveCfg = Release|Any CPU
		{375F419C-209A-4776-A86A-8B42CD31CC65}.Release|Any CPU.Build.0 = Release|Any CPU
		{375F419C-209A-4776-A86A-8B42CD31CC65}.Unity|Any CPU.ActiveCfg = Unity|Any CPU
		{375F419C-209A-4776-A86A-8B42CD31CC65}.Unity|Any CPU.Build.0 = Unity|Any CPU
		{375F419C-209A-4776-A86A-8B42CD31CC65}.UnityDebug|Any CPU.ActiveCfg = UnityDebug|Any CPU
		{375F419C-209A-4776-A86A-8B42CD31CC65}.UnityDebug|Any CPU.Build.0 = UnityDebug|Any CPU
		{0A837AF1-71C4-4FCC-BA53-E66D7CD1D1D6}.Debug|Any CPU.ActiveCfg = Debug|Any CPU
		{0A837AF1-71C4-4FCC-BA53-E66D7CD1D1D6}.Debug|Any CPU.Build.0 = Debug|Any CPU
		{0A837AF1-71C4-4FCC-BA53-E66D7CD1D1D6}.Release|Any CPU.ActiveCfg = Release|Any CPU
		{0A837AF1-71C4-4FCC-BA53-E66D7CD1D1D6}.Release|Any CPU.Build.0 = Release|Any CPU
		{0A837AF1-71C4-4FCC-BA53-E66D7CD1D1D6}.Unity|Any CPU.ActiveCfg = Unity|Any CPU
		{0A837AF1-71C4-4FCC-BA53-E66D7CD1D1D6}.Unity|Any CPU.Build.0 = Unity|Any CPU
		{0A837AF1-71C4-4FCC-BA53-E66D7CD1D1D6}.UnityDebug|Any CPU.ActiveCfg = UnityDebug|Any CPU
		{0A837AF1-71C4-4FCC-BA53-E66D7CD1D1D6}.UnityDebug|Any CPU.Build.0 = UnityDebug|Any CPU
		{2428A61F-6AAC-4EA7-9693-100E68D42E84}.Debug|Any CPU.ActiveCfg = Debug|Any CPU
		{2428A61F-6AAC-4EA7-9693-100E68D42E84}.Debug|Any CPU.Build.0 = Debug|Any CPU
		{2428A61F-6AAC-4EA7-9693-100E68D42E84}.Release|Any CPU.ActiveCfg = Release|Any CPU
		{2428A61F-6AAC-4EA7-9693-100E68D42E84}.Release|Any CPU.Build.0 = Release|Any CPU
		{2428A61F-6AAC-4EA7-9693-100E68D42E84}.Unity|Any CPU.ActiveCfg = Unity|Any CPU
		{2428A61F-6AAC-4EA7-9693-100E68D42E84}.Unity|Any CPU.Build.0 = Unity|Any CPU
		{2428A61F-6AAC-4EA7-9693-100E68D42E84}.UnityDebug|Any CPU.ActiveCfg = UnityDebug|Any CPU
		{2428A61F-6AAC-4EA7-9693-100E68D42E84}.UnityDebug|Any CPU.Build.0 = UnityDebug|Any CPU
		{A4A939B0-2F70-4C56-8C4F-AD512AC0840B}.Debug|Any CPU.ActiveCfg = Debug|Any CPU
		{A4A939B0-2F70-4C56-8C4F-AD512AC0840B}.Debug|Any CPU.Build.0 = Debug|Any CPU
		{A4A939B0-2F70-4C56-8C4F-AD512AC0840B}.Release|Any CPU.ActiveCfg = Release|Any CPU
		{A4A939B0-2F70-4C56-8C4F-AD512AC0840B}.Release|Any CPU.Build.0 = Release|Any CPU
		{A4A939B0-2F70-4C56-8C4F-AD512AC0840B}.Unity|Any CPU.ActiveCfg = Unity|Any CPU
		{A4A939B0-2F70-4C56-8C4F-AD512AC0840B}.Unity|Any CPU.Build.0 = Unity|Any CPU
		{A4A939B0-2F70-4C56-8C4F-AD512AC0840B}.UnityDebug|Any CPU.ActiveCfg = UnityDebug|Any CPU
		{A4A939B0-2F70-4C56-8C4F-AD512AC0840B}.UnityDebug|Any CPU.Build.0 = UnityDebug|Any CPU
		{A11FDAE0-DD80-404C-BE84-51B7357EF3AB}.Debug|Any CPU.ActiveCfg = Debug|Any CPU
		{A11FDAE0-DD80-404C-BE84-51B7357EF3AB}.Debug|Any CPU.Build.0 = Debug|Any CPU
		{A11FDAE0-DD80-404C-BE84-51B7357EF3AB}.Release|Any CPU.ActiveCfg = Release|Any CPU
		{A11FDAE0-DD80-404C-BE84-51B7357EF3AB}.Release|Any CPU.Build.0 = Release|Any CPU
		{A11FDAE0-DD80-404C-BE84-51B7357EF3AB}.Unity|Any CPU.ActiveCfg = Unity|Any CPU
		{A11FDAE0-DD80-404C-BE84-51B7357EF3AB}.Unity|Any CPU.Build.0 = Unity|Any CPU
		{A11FDAE0-DD80-404C-BE84-51B7357EF3AB}.UnityDebug|Any CPU.ActiveCfg = UnityDebug|Any CPU
		{A11FDAE0-DD80-404C-BE84-51B7357EF3AB}.UnityDebug|Any CPU.Build.0 = UnityDebug|Any CPU
		{37281BE1-638E-486F-9E56-BE1B84585830}.Debug|Any CPU.ActiveCfg = Debug|Any CPU
		{37281BE1-638E-486F-9E56-BE1B84585830}.Debug|Any CPU.Build.0 = Debug|Any CPU
		{37281BE1-638E-486F-9E56-BE1B84585830}.Release|Any CPU.ActiveCfg = Release|Any CPU
		{37281BE1-638E-486F-9E56-BE1B84585830}.Release|Any CPU.Build.0 = Release|Any CPU
		{37281BE1-638E-486F-9E56-BE1B84585830}.Unity|Any CPU.ActiveCfg = Unity|Any CPU
		{37281BE1-638E-486F-9E56-BE1B84585830}.Unity|Any CPU.Build.0 = Unity|Any CPU
		{37281BE1-638E-486F-9E56-BE1B84585830}.UnityDebug|Any CPU.ActiveCfg = UnityDebug|Any CPU
		{37281BE1-638E-486F-9E56-BE1B84585830}.UnityDebug|Any CPU.Build.0 = UnityDebug|Any CPU
		{E16F2AD8-B965-4A40-94F9-A31DFF17B063}.Debug|Any CPU.ActiveCfg = Debug|Any CPU
		{E16F2AD8-B965-4A40-94F9-A31DFF17B063}.Debug|Any CPU.Build.0 = Debug|Any CPU
		{E16F2AD8-B965-4A40-94F9-A31DFF17B063}.Release|Any CPU.ActiveCfg = Release|Any CPU
		{E16F2AD8-B965-4A40-94F9-A31DFF17B063}.Release|Any CPU.Build.0 = Release|Any CPU
		{E16F2AD8-B965-4A40-94F9-A31DFF17B063}.Unity|Any CPU.ActiveCfg = Debug|Any CPU
		{E16F2AD8-B965-4A40-94F9-A31DFF17B063}.Unity|Any CPU.Build.0 = Debug|Any CPU
		{E16F2AD8-B965-4A40-94F9-A31DFF17B063}.UnityDebug|Any CPU.ActiveCfg = Debug|Any CPU
		{E16F2AD8-B965-4A40-94F9-A31DFF17B063}.UnityDebug|Any CPU.Build.0 = Debug|Any CPU
		{9D4F5123-4A82-4334-91DA-2369C0AA7914}.Debug|Any CPU.ActiveCfg = Debug|Any CPU
		{9D4F5123-4A82-4334-91DA-2369C0AA7914}.Debug|Any CPU.Build.0 = Debug|Any CPU
		{9D4F5123-4A82-4334-91DA-2369C0AA7914}.Release|Any CPU.ActiveCfg = Release|Any CPU
		{9D4F5123-4A82-4334-91DA-2369C0AA7914}.Release|Any CPU.Build.0 = Release|Any CPU
		{9D4F5123-4A82-4334-91DA-2369C0AA7914}.Unity|Any CPU.ActiveCfg = Unity|Any CPU
		{9D4F5123-4A82-4334-91DA-2369C0AA7914}.Unity|Any CPU.Build.0 = Unity|Any CPU
		{9D4F5123-4A82-4334-91DA-2369C0AA7914}.UnityDebug|Any CPU.ActiveCfg = UnityDebug|Any CPU
		{9D4F5123-4A82-4334-91DA-2369C0AA7914}.UnityDebug|Any CPU.Build.0 = UnityDebug|Any CPU
		{5FB87DA5-3AD0-4FAF-A105-7142780DF1FD}.Debug|Any CPU.ActiveCfg = Debug|Any CPU
		{5FB87DA5-3AD0-4FAF-A105-7142780DF1FD}.Debug|Any CPU.Build.0 = Debug|Any CPU
		{5FB87DA5-3AD0-4FAF-A105-7142780DF1FD}.Release|Any CPU.ActiveCfg = Release|Any CPU
		{5FB87DA5-3AD0-4FAF-A105-7142780DF1FD}.Release|Any CPU.Build.0 = Release|Any CPU
		{5FB87DA5-3AD0-4FAF-A105-7142780DF1FD}.Unity|Any CPU.ActiveCfg = Unity|Any CPU
		{5FB87DA5-3AD0-4FAF-A105-7142780DF1FD}.Unity|Any CPU.Build.0 = Unity|Any CPU
		{5FB87DA5-3AD0-4FAF-A105-7142780DF1FD}.UnityDebug|Any CPU.ActiveCfg = UnityDebug|Any CPU
		{5FB87DA5-3AD0-4FAF-A105-7142780DF1FD}.UnityDebug|Any CPU.Build.0 = UnityDebug|Any CPU
		{662F412F-1A9D-430C-8CF7-0AE0D4605C45}.Debug|Any CPU.ActiveCfg = Debug|Any CPU
		{662F412F-1A9D-430C-8CF7-0AE0D4605C45}.Debug|Any CPU.Build.0 = Debug|Any CPU
		{662F412F-1A9D-430C-8CF7-0AE0D4605C45}.Release|Any CPU.ActiveCfg = Release|Any CPU
		{662F412F-1A9D-430C-8CF7-0AE0D4605C45}.Release|Any CPU.Build.0 = Release|Any CPU
		{662F412F-1A9D-430C-8CF7-0AE0D4605C45}.Unity|Any CPU.ActiveCfg = Unity|Any CPU
		{662F412F-1A9D-430C-8CF7-0AE0D4605C45}.Unity|Any CPU.Build.0 = Unity|Any CPU
		{662F412F-1A9D-430C-8CF7-0AE0D4605C45}.UnityDebug|Any CPU.ActiveCfg = UnityDebug|Any CPU
		{662F412F-1A9D-430C-8CF7-0AE0D4605C45}.UnityDebug|Any CPU.Build.0 = UnityDebug|Any CPU
		{27DE0A53-58F7-42C2-AC96-1DB2BBEDD320}.Debug|Any CPU.ActiveCfg = Debug|Any CPU
		{27DE0A53-58F7-42C2-AC96-1DB2BBEDD320}.Debug|Any CPU.Build.0 = Debug|Any CPU
		{27DE0A53-58F7-42C2-AC96-1DB2BBEDD320}.Release|Any CPU.ActiveCfg = Release|Any CPU
		{27DE0A53-58F7-42C2-AC96-1DB2BBEDD320}.Release|Any CPU.Build.0 = Release|Any CPU
		{27DE0A53-58F7-42C2-AC96-1DB2BBEDD320}.Unity|Any CPU.ActiveCfg = Unity|Any CPU
		{27DE0A53-58F7-42C2-AC96-1DB2BBEDD320}.Unity|Any CPU.Build.0 = Unity|Any CPU
		{27DE0A53-58F7-42C2-AC96-1DB2BBEDD320}.UnityDebug|Any CPU.ActiveCfg = UnityDebug|Any CPU
		{27DE0A53-58F7-42C2-AC96-1DB2BBEDD320}.UnityDebug|Any CPU.Build.0 = UnityDebug|Any CPU
		{279C3FE3-849F-46E9-84F1-CD6FB648E8C0}.Debug|Any CPU.ActiveCfg = Debug|Any CPU
		{279C3FE3-849F-46E9-84F1-CD6FB648E8C0}.Debug|Any CPU.Build.0 = Debug|Any CPU
		{279C3FE3-849F-46E9-84F1-CD6FB648E8C0}.Release|Any CPU.ActiveCfg = Release|Any CPU
		{279C3FE3-849F-46E9-84F1-CD6FB648E8C0}.Release|Any CPU.Build.0 = Release|Any CPU
		{279C3FE3-849F-46E9-84F1-CD6FB648E8C0}.Unity|Any CPU.ActiveCfg = Unity|Any CPU
		{279C3FE3-849F-46E9-84F1-CD6FB648E8C0}.Unity|Any CPU.Build.0 = Unity|Any CPU
		{279C3FE3-849F-46E9-84F1-CD6FB648E8C0}.UnityDebug|Any CPU.ActiveCfg = UnityDebug|Any CPU
		{279C3FE3-849F-46E9-84F1-CD6FB648E8C0}.UnityDebug|Any CPU.Build.0 = UnityDebug|Any CPU
		{B4F7EBC0-78E5-4926-B6C5-06F21CFFEA0B}.Debug|Any CPU.ActiveCfg = Debug|Any CPU
		{B4F7EBC0-78E5-4926-B6C5-06F21CFFEA0B}.Debug|Any CPU.Build.0 = Debug|Any CPU
		{B4F7EBC0-78E5-4926-B6C5-06F21CFFEA0B}.Release|Any CPU.ActiveCfg = Release|Any CPU
		{B4F7EBC0-78E5-4926-B6C5-06F21CFFEA0B}.Release|Any CPU.Build.0 = Release|Any CPU
		{B4F7EBC0-78E5-4926-B6C5-06F21CFFEA0B}.Unity|Any CPU.ActiveCfg = Unity|Any CPU
		{B4F7EBC0-78E5-4926-B6C5-06F21CFFEA0B}.Unity|Any CPU.Build.0 = Unity|Any CPU
		{B4F7EBC0-78E5-4926-B6C5-06F21CFFEA0B}.UnityDebug|Any CPU.ActiveCfg = UnityDebug|Any CPU
		{B4F7EBC0-78E5-4926-B6C5-06F21CFFEA0B}.UnityDebug|Any CPU.Build.0 = UnityDebug|Any CPU
		{3EE7AF9A-CBBA-41D8-8530-C207D5597628}.Debug|Any CPU.ActiveCfg = Debug|Any CPU
		{3EE7AF9A-CBBA-41D8-8530-C207D5597628}.Debug|Any CPU.Build.0 = Debug|Any CPU
		{3EE7AF9A-CBBA-41D8-8530-C207D5597628}.Release|Any CPU.ActiveCfg = Release|Any CPU
		{3EE7AF9A-CBBA-41D8-8530-C207D5597628}.Release|Any CPU.Build.0 = Release|Any CPU
		{3EE7AF9A-CBBA-41D8-8530-C207D5597628}.Unity|Any CPU.ActiveCfg = Unity|Any CPU
		{3EE7AF9A-CBBA-41D8-8530-C207D5597628}.Unity|Any CPU.Build.0 = Unity|Any CPU
		{3EE7AF9A-CBBA-41D8-8530-C207D5597628}.UnityDebug|Any CPU.ActiveCfg = UnityDebug|Any CPU
		{3EE7AF9A-CBBA-41D8-8530-C207D5597628}.UnityDebug|Any CPU.Build.0 = UnityDebug|Any CPU
		{E0DAA7EB-FF54-4C8D-B343-42DB452DA451}.Debug|Any CPU.ActiveCfg = Debug|Any CPU
		{E0DAA7EB-FF54-4C8D-B343-42DB452DA451}.Debug|Any CPU.Build.0 = Debug|Any CPU
		{E0DAA7EB-FF54-4C8D-B343-42DB452DA451}.Release|Any CPU.ActiveCfg = Release|Any CPU
		{E0DAA7EB-FF54-4C8D-B343-42DB452DA451}.Release|Any CPU.Build.0 = Release|Any CPU
		{E0DAA7EB-FF54-4C8D-B343-42DB452DA451}.Unity|Any CPU.ActiveCfg = Unity|Any CPU
		{E0DAA7EB-FF54-4C8D-B343-42DB452DA451}.Unity|Any CPU.Build.0 = Unity|Any CPU
		{E0DAA7EB-FF54-4C8D-B343-42DB452DA451}.UnityDebug|Any CPU.ActiveCfg = UnityDebug|Any CPU
		{E0DAA7EB-FF54-4C8D-B343-42DB452DA451}.UnityDebug|Any CPU.Build.0 = UnityDebug|Any CPU
		{CCE5C95F-CB88-4F34-BDDD-FD47E52BD6BE}.Debug|Any CPU.ActiveCfg = Debug|Any CPU
		{CCE5C95F-CB88-4F34-BDDD-FD47E52BD6BE}.Debug|Any CPU.Build.0 = Debug|Any CPU
		{CCE5C95F-CB88-4F34-BDDD-FD47E52BD6BE}.Release|Any CPU.ActiveCfg = Release|Any CPU
		{CCE5C95F-CB88-4F34-BDDD-FD47E52BD6BE}.Release|Any CPU.Build.0 = Release|Any CPU
		{CCE5C95F-CB88-4F34-BDDD-FD47E52BD6BE}.Unity|Any CPU.ActiveCfg = Debug|Any CPU
		{CCE5C95F-CB88-4F34-BDDD-FD47E52BD6BE}.Unity|Any CPU.Build.0 = Debug|Any CPU
		{CCE5C95F-CB88-4F34-BDDD-FD47E52BD6BE}.UnityDebug|Any CPU.ActiveCfg = Debug|Any CPU
		{CCE5C95F-CB88-4F34-BDDD-FD47E52BD6BE}.UnityDebug|Any CPU.Build.0 = Debug|Any CPU
		{07682B09-4A31-45F8-A2CD-3D71B026FE3C}.Debug|Any CPU.ActiveCfg = Debug|Any CPU
		{07682B09-4A31-45F8-A2CD-3D71B026FE3C}.Debug|Any CPU.Build.0 = Debug|Any CPU
		{07682B09-4A31-45F8-A2CD-3D71B026FE3C}.Release|Any CPU.ActiveCfg = Release|Any CPU
		{07682B09-4A31-45F8-A2CD-3D71B026FE3C}.Release|Any CPU.Build.0 = Release|Any CPU
		{07682B09-4A31-45F8-A2CD-3D71B026FE3C}.Unity|Any CPU.ActiveCfg = Debug|Any CPU
		{07682B09-4A31-45F8-A2CD-3D71B026FE3C}.Unity|Any CPU.Build.0 = Debug|Any CPU
		{07682B09-4A31-45F8-A2CD-3D71B026FE3C}.UnityDebug|Any CPU.ActiveCfg = Debug|Any CPU
		{07682B09-4A31-45F8-A2CD-3D71B026FE3C}.UnityDebug|Any CPU.Build.0 = Debug|Any CPU
		{54B39C67-A882-409A-9357-8FA7604C404D}.Debug|Any CPU.ActiveCfg = Debug|Any CPU
		{54B39C67-A882-409A-9357-8FA7604C404D}.Debug|Any CPU.Build.0 = Debug|Any CPU
		{54B39C67-A882-409A-9357-8FA7604C404D}.Release|Any CPU.ActiveCfg = Release|Any CPU
		{54B39C67-A882-409A-9357-8FA7604C404D}.Release|Any CPU.Build.0 = Release|Any CPU
		{54B39C67-A882-409A-9357-8FA7604C404D}.Unity|Any CPU.ActiveCfg = Debug|Any CPU
		{54B39C67-A882-409A-9357-8FA7604C404D}.Unity|Any CPU.Build.0 = Debug|Any CPU
		{54B39C67-A882-409A-9357-8FA7604C404D}.UnityDebug|Any CPU.ActiveCfg = Debug|Any CPU
		{54B39C67-A882-409A-9357-8FA7604C404D}.UnityDebug|Any CPU.Build.0 = Debug|Any CPU
		{D1D4C9AC-7ABE-4BCC-ACD5-89C0DDD41B76}.Debug|Any CPU.ActiveCfg = Debug|Any CPU
		{D1D4C9AC-7ABE-4BCC-ACD5-89C0DDD41B76}.Debug|Any CPU.Build.0 = Debug|Any CPU
		{D1D4C9AC-7ABE-4BCC-ACD5-89C0DDD41B76}.Release|Any CPU.ActiveCfg = Release|Any CPU
		{D1D4C9AC-7ABE-4BCC-ACD5-89C0DDD41B76}.Release|Any CPU.Build.0 = Release|Any CPU
		{D1D4C9AC-7ABE-4BCC-ACD5-89C0DDD41B76}.Unity|Any CPU.ActiveCfg = Unity|Any CPU
		{D1D4C9AC-7ABE-4BCC-ACD5-89C0DDD41B76}.Unity|Any CPU.Build.0 = Unity|Any CPU
		{D1D4C9AC-7ABE-4BCC-ACD5-89C0DDD41B76}.UnityDebug|Any CPU.ActiveCfg = UnityDebug|Any CPU
		{D1D4C9AC-7ABE-4BCC-ACD5-89C0DDD41B76}.UnityDebug|Any CPU.Build.0 = UnityDebug|Any CPU
		{5E973CC0-FFD3-4003-A541-7DBEC7E16A29}.Debug|Any CPU.ActiveCfg = Debug|Any CPU
		{5E973CC0-FFD3-4003-A541-7DBEC7E16A29}.Debug|Any CPU.Build.0 = Debug|Any CPU
		{5E973CC0-FFD3-4003-A541-7DBEC7E16A29}.Release|Any CPU.ActiveCfg = Release|Any CPU
		{5E973CC0-FFD3-4003-A541-7DBEC7E16A29}.Release|Any CPU.Build.0 = Release|Any CPU
		{5E973CC0-FFD3-4003-A541-7DBEC7E16A29}.Unity|Any CPU.ActiveCfg = Debug|Any CPU
		{5E973CC0-FFD3-4003-A541-7DBEC7E16A29}.Unity|Any CPU.Build.0 = Debug|Any CPU
		{5E973CC0-FFD3-4003-A541-7DBEC7E16A29}.UnityDebug|Any CPU.ActiveCfg = Debug|Any CPU
		{5E973CC0-FFD3-4003-A541-7DBEC7E16A29}.UnityDebug|Any CPU.Build.0 = Debug|Any CPU
		{6EBAF641-5961-41D3-B6AB-F78D19320D12}.Debug|Any CPU.ActiveCfg = Debug|Any CPU
		{6EBAF641-5961-41D3-B6AB-F78D19320D12}.Debug|Any CPU.Build.0 = Debug|Any CPU
		{6EBAF641-5961-41D3-B6AB-F78D19320D12}.Release|Any CPU.ActiveCfg = Release|Any CPU
		{6EBAF641-5961-41D3-B6AB-F78D19320D12}.Release|Any CPU.Build.0 = Release|Any CPU
		{6EBAF641-5961-41D3-B6AB-F78D19320D12}.Unity|Any CPU.ActiveCfg = Debug|Any CPU
		{6EBAF641-5961-41D3-B6AB-F78D19320D12}.Unity|Any CPU.Build.0 = Debug|Any CPU
		{6EBAF641-5961-41D3-B6AB-F78D19320D12}.UnityDebug|Any CPU.ActiveCfg = Debug|Any CPU
		{6EBAF641-5961-41D3-B6AB-F78D19320D12}.UnityDebug|Any CPU.Build.0 = Debug|Any CPU
		{4983CF95-145B-44C7-8FC9-A8FF8B8190AB}.Debug|Any CPU.ActiveCfg = Debug|Any CPU
		{4983CF95-145B-44C7-8FC9-A8FF8B8190AB}.Debug|Any CPU.Build.0 = Debug|Any CPU
		{4983CF95-145B-44C7-8FC9-A8FF8B8190AB}.Release|Any CPU.ActiveCfg = Release|Any CPU
		{4983CF95-145B-44C7-8FC9-A8FF8B8190AB}.Unity|Any CPU.ActiveCfg = Debug|Any CPU
		{4983CF95-145B-44C7-8FC9-A8FF8B8190AB}.Unity|Any CPU.Build.0 = Debug|Any CPU
		{4983CF95-145B-44C7-8FC9-A8FF8B8190AB}.UnityDebug|Any CPU.ActiveCfg = Debug|Any CPU
		{4983CF95-145B-44C7-8FC9-A8FF8B8190AB}.UnityDebug|Any CPU.Build.0 = Debug|Any CPU
		{8B74E99E-5D63-4ED3-B64E-226A14496AD6}.Debug|Any CPU.ActiveCfg = Debug|Any CPU
		{8B74E99E-5D63-4ED3-B64E-226A14496AD6}.Debug|Any CPU.Build.0 = Debug|Any CPU
		{8B74E99E-5D63-4ED3-B64E-226A14496AD6}.Release|Any CPU.ActiveCfg = Release|Any CPU
		{8B74E99E-5D63-4ED3-B64E-226A14496AD6}.Release|Any CPU.Build.0 = Release|Any CPU
		{8B74E99E-5D63-4ED3-B64E-226A14496AD6}.Unity|Any CPU.ActiveCfg = Debug|Any CPU
		{8B74E99E-5D63-4ED3-B64E-226A14496AD6}.Unity|Any CPU.Build.0 = Debug|Any CPU
		{8B74E99E-5D63-4ED3-B64E-226A14496AD6}.UnityDebug|Any CPU.ActiveCfg = Debug|Any CPU
		{8B74E99E-5D63-4ED3-B64E-226A14496AD6}.UnityDebug|Any CPU.Build.0 = Debug|Any CPU
		{68705AF8-F933-40C7-ABFB-7E4C70BCB1DF}.Debug|Any CPU.ActiveCfg = Debug|Any CPU
		{68705AF8-F933-40C7-ABFB-7E4C70BCB1DF}.Debug|Any CPU.Build.0 = Debug|Any CPU
		{68705AF8-F933-40C7-ABFB-7E4C70BCB1DF}.Release|Any CPU.ActiveCfg = Release|Any CPU
		{68705AF8-F933-40C7-ABFB-7E4C70BCB1DF}.Release|Any CPU.Build.0 = Release|Any CPU
		{68705AF8-F933-40C7-ABFB-7E4C70BCB1DF}.Unity|Any CPU.ActiveCfg = Debug|Any CPU
		{68705AF8-F933-40C7-ABFB-7E4C70BCB1DF}.Unity|Any CPU.Build.0 = Debug|Any CPU
		{68705AF8-F933-40C7-ABFB-7E4C70BCB1DF}.UnityDebug|Any CPU.ActiveCfg = Debug|Any CPU
		{68705AF8-F933-40C7-ABFB-7E4C70BCB1DF}.UnityDebug|Any CPU.Build.0 = Debug|Any CPU
	EndGlobalSection
	GlobalSection(SolutionProperties) = preSolution
		HideSolutionNode = FALSE
	EndGlobalSection
	GlobalSection(NestedProjects) = preSolution
		{DDA13465-1599-4820-B205-611CE38F6078} = {E9A00D94-18F7-42D0-9DCB-437C0CC06CF4}
		{F6BC2ABB-2544-4916-8C02-996845ED51FD} = {E9A00D94-18F7-42D0-9DCB-437C0CC06CF4}
		{DE61619C-B86C-47DB-A4A3-CEF0EF6A77AF} = {0AAB75FC-E7F0-4E72-9E30-333B87EDB167}
		{AB96661B-4A34-41AE-AC73-9EE2CBF987DA} = {0AAB75FC-E7F0-4E72-9E30-333B87EDB167}
		{E9B3B971-5DA3-45A9-8CA4-FA6A4CDC633B} = {0AAB75FC-E7F0-4E72-9E30-333B87EDB167}
		{7C31F4BF-DFF8-4158-AF0B-4273CBC8087B} = {E9B3B971-5DA3-45A9-8CA4-FA6A4CDC633B}
		{156B8DB7-7A63-448F-B109-8889980424AF} = {E9B3B971-5DA3-45A9-8CA4-FA6A4CDC633B}
		{ECCBB646-5841-41A5-A4FD-889CD4899021} = {A7DBB08E-DD52-4C93-9531-1086DBFDE775}
		{217B185B-D5AB-4FEE-A9FC-5E555DC51580} = {7EFE4097-7CBF-468E-966F-1C4702A6F1C1}
		{D944E107-18A6-44AE-89ED-673DAF1952D1} = {7EFE4097-7CBF-468E-966F-1C4702A6F1C1}
		{1947928E-44BD-4E11-A8C9-D726A1F0A8E7} = {7EFE4097-7CBF-468E-966F-1C4702A6F1C1}
		{D95BCB55-7F18-4DD0-876E-0A586A03FB39} = {7EFE4097-7CBF-468E-966F-1C4702A6F1C1}
		{D13E875C-99C3-4C59-9E0A-51F1D1F9E284} = {7EFE4097-7CBF-468E-966F-1C4702A6F1C1}
		{31B4D318-39D3-4296-BF09-FC46528386B3} = {217B185B-D5AB-4FEE-A9FC-5E555DC51580}
		{BC085F89-A1B0-4FCF-B2C3-5F3967D94C26} = {217B185B-D5AB-4FEE-A9FC-5E555DC51580}
		{C46734C0-2FD9-430F-B92E-3BD8D055A5BA} = {217B185B-D5AB-4FEE-A9FC-5E555DC51580}
		{3E0C73CE-2995-41F3-A38D-5356D0C32C34} = {D944E107-18A6-44AE-89ED-673DAF1952D1}
		{1D2ABBF7-F2C0-4DEA-A3B4-102000FAD893} = {D944E107-18A6-44AE-89ED-673DAF1952D1}
		{CA32214E-75E1-40DD-BAA4-03A2BDFEB8B2} = {217B185B-D5AB-4FEE-A9FC-5E555DC51580}
		{C0AD257A-E0E8-4798-A6AE-A40EED479964} = {217B185B-D5AB-4FEE-A9FC-5E555DC51580}
		{2BC3BABE-30BD-41C7-AFA3-810801D63C34} = {217B185B-D5AB-4FEE-A9FC-5E555DC51580}
		{92273663-B27B-4C2F-A31C-67E05BB03C1B} = {217B185B-D5AB-4FEE-A9FC-5E555DC51580}
		{9ADF3EDF-3E9F-44C8-808D-763C0AC34978} = {217B185B-D5AB-4FEE-A9FC-5E555DC51580}
		{3B930D23-C7D2-4A2B-B607-CCF3FD660F64} = {77F1BD42-04DA-4EC7-8FD1-24A2698D1D5B}
		{B5BB912E-7008-40C5-A3BE-CB3841AC7E78} = {77F1BD42-04DA-4EC7-8FD1-24A2698D1D5B}
		{FC97656D-1D65-4CF6-BA0B-A1BA23E8E450} = {77F1BD42-04DA-4EC7-8FD1-24A2698D1D5B}
		{2CA67ABE-F7DC-4E98-8A65-440AE27FF458} = {77F1BD42-04DA-4EC7-8FD1-24A2698D1D5B}
		{B5E25BEB-24E3-4F3D-9AE5-F14E8BE8E767} = {77F1BD42-04DA-4EC7-8FD1-24A2698D1D5B}
		{700CE303-BDC9-4D27-B220-1C20C6F2AC3A} = {3B930D23-C7D2-4A2B-B607-CCF3FD660F64}
		{97844866-1185-4E93-99C2-F824D5EA3AE0} = {3B930D23-C7D2-4A2B-B607-CCF3FD660F64}
		{07A9F5C4-8C64-4F1B-B07D-C0DF7A905C0B} = {3B930D23-C7D2-4A2B-B607-CCF3FD660F64}
		{375F419C-209A-4776-A86A-8B42CD31CC65} = {3B930D23-C7D2-4A2B-B607-CCF3FD660F64}
		{0A837AF1-71C4-4FCC-BA53-E66D7CD1D1D6} = {3B930D23-C7D2-4A2B-B607-CCF3FD660F64}
		{2428A61F-6AAC-4EA7-9693-100E68D42E84} = {3B930D23-C7D2-4A2B-B607-CCF3FD660F64}
		{A4A939B0-2F70-4C56-8C4F-AD512AC0840B} = {3B930D23-C7D2-4A2B-B607-CCF3FD660F64}
		{A11FDAE0-DD80-404C-BE84-51B7357EF3AB} = {B5BB912E-7008-40C5-A3BE-CB3841AC7E78}
		{79E423DA-3137-4D4C-9A35-EB0EEB22D08D} = {B5BB912E-7008-40C5-A3BE-CB3841AC7E78}
		{FFE7249D-833D-4132-A8C7-6D09F25C2393} = {B5BB912E-7008-40C5-A3BE-CB3841AC7E78}
		{37281BE1-638E-486F-9E56-BE1B84585830} = {FFE7249D-833D-4132-A8C7-6D09F25C2393}
		{E16F2AD8-B965-4A40-94F9-A31DFF17B063} = {FFE7249D-833D-4132-A8C7-6D09F25C2393}
		{9D4F5123-4A82-4334-91DA-2369C0AA7914} = {FC97656D-1D65-4CF6-BA0B-A1BA23E8E450}
		{90F4E4EE-1385-42B0-A3C5-3941CC9C830F} = {BF4CCFA5-6BA0-40CF-B854-6013A2F944EA}
		{49D950F3-4DC8-46A9-8205-2B7E956A9F57} = {BF4CCFA5-6BA0-40CF-B854-6013A2F944EA}
		{5FB87DA5-3AD0-4FAF-A105-7142780DF1FD} = {90F4E4EE-1385-42B0-A3C5-3941CC9C830F}
		{662F412F-1A9D-430C-8CF7-0AE0D4605C45} = {90F4E4EE-1385-42B0-A3C5-3941CC9C830F}
		{27DE0A53-58F7-42C2-AC96-1DB2BBEDD320} = {90F4E4EE-1385-42B0-A3C5-3941CC9C830F}
		{279C3FE3-849F-46E9-84F1-CD6FB648E8C0} = {49D950F3-4DC8-46A9-8205-2B7E956A9F57}
		{B4F7EBC0-78E5-4926-B6C5-06F21CFFEA0B} = {49D950F3-4DC8-46A9-8205-2B7E956A9F57}
		{3EE7AF9A-CBBA-41D8-8530-C207D5597628} = {DE61619C-B86C-47DB-A4A3-CEF0EF6A77AF}
		{E0DAA7EB-FF54-4C8D-B343-42DB452DA451} = {79E423DA-3137-4D4C-9A35-EB0EEB22D08D}
		{CCE5C95F-CB88-4F34-BDDD-FD47E52BD6BE} = {217B185B-D5AB-4FEE-A9FC-5E555DC51580}
		{07682B09-4A31-45F8-A2CD-3D71B026FE3C} = {217B185B-D5AB-4FEE-A9FC-5E555DC51580}
		{54B39C67-A882-409A-9357-8FA7604C404D} = {217B185B-D5AB-4FEE-A9FC-5E555DC51580}
		{D1D4C9AC-7ABE-4BCC-ACD5-89C0DDD41B76} = {217B185B-D5AB-4FEE-A9FC-5E555DC51580}
		{5E973CC0-FFD3-4003-A541-7DBEC7E16A29} = {217B185B-D5AB-4FEE-A9FC-5E555DC51580}
		{6EBAF641-5961-41D3-B6AB-F78D19320D12} = {217B185B-D5AB-4FEE-A9FC-5E555DC51580}
		{DC6DE0EB-9E26-402A-9F9C-52000D4BA6D9} = {0AAB75FC-E7F0-4E72-9E30-333B87EDB167}
		{4983CF95-145B-44C7-8FC9-A8FF8B8190AB} = {DC6DE0EB-9E26-402A-9F9C-52000D4BA6D9}
		{781A1272-4CB0-4574-8B62-6EC58C01676C} = {BF4CCFA5-6BA0-40CF-B854-6013A2F944EA}
		{8B74E99E-5D63-4ED3-B64E-226A14496AD6} = {781A1272-4CB0-4574-8B62-6EC58C01676C}
		{68705AF8-F933-40C7-ABFB-7E4C70BCB1DF} = {C5D1B563-DC97-4AFB-9220-D30C5A4D74F7}
		{C5D1B563-DC97-4AFB-9220-D30C5A4D74F7} = {77F1BD42-04DA-4EC7-8FD1-24A2698D1D5B}
	EndGlobalSection
	GlobalSection(ExtensibilityGlobals) = postSolution
		SolutionGuid = {FAC0C61D-775D-4347-9BD3-3A114A731C7C}
	EndGlobalSection
EndGlobal
