
Microsoft Visual Studio Solution File, Format Version 12.00
# Visual Studio Version 17
VisualStudioVersion = 17.1.32328.378
MinimumVisualStudioVersion = 10.0.40219.1
Project("{2150E333-8FDC-42A3-9474-1A3956D46DE8}") = "Base", "Base", "{E9A00D94-18F7-42D0-9DCB-437C0CC06CF4}"
EndProject
Project("{9A19103F-16F7-4668-BE54-9A1E7A4F7556}") = "NSL.Cipher", "Base\NSL.Cipher\NSL.Cipher.csproj", "{DDA13465-1599-4820-B205-611CE38F6078}"
EndProject
Project("{9A19103F-16F7-4668-BE54-9A1E7A4F7556}") = "NSL.Logger", "Base\NSL.Logger\NSL.Logger.csproj", "{F6BC2ABB-2544-4916-8C02-996845ED51FD}"
EndProject
Project("{2150E333-8FDC-42A3-9474-1A3956D46DE8}") = "ConfigurationEngine", "ConfigurationEngine", "{0AAB75FC-E7F0-4E72-9E30-333B87EDB167}"
EndProject
Project("{2150E333-8FDC-42A3-9474-1A3956D46DE8}") = "Extensions", "Extensions", "{DE61619C-B86C-47DB-A4A3-CEF0EF6A77AF}"
EndProject
Project("{9A19103F-16F7-4668-BE54-9A1E7A4F7556}") = "NSL.ConfigurationEngine", "ConfigurationEngine\NSL.ConfigurationEngine\NSL.ConfigurationEngine.csproj", "{AB96661B-4A34-41AE-AC73-9EE2CBF987DA}"
EndProject
Project("{2150E333-8FDC-42A3-9474-1A3956D46DE8}") = "Core", "Core", "{7EFE4097-7CBF-468E-966F-1C4702A6F1C1}"
EndProject
Project("{2150E333-8FDC-42A3-9474-1A3956D46DE8}") = "Extensions", "Extensions", "{217B185B-D5AB-4FEE-A9FC-5E555DC51580}"
EndProject
Project("{2150E333-8FDC-42A3-9474-1A3956D46DE8}") = "Utils", "Utils", "{D944E107-18A6-44AE-89ED-673DAF1952D1}"
EndProject
Project("{9A19103F-16F7-4668-BE54-9A1E7A4F7556}") = "NSL.SocketClient", "Core\NSL.SocketClient\NSL.SocketClient.csproj", "{1947928E-44BD-4E11-A8C9-D726A1F0A8E7}"
EndProject
Project("{9A19103F-16F7-4668-BE54-9A1E7A4F7556}") = "NSL.SocketCore", "Core\NSL.SocketCore\NSL.SocketCore.csproj", "{D95BCB55-7F18-4DD0-876E-0A586A03FB39}"
EndProject
Project("{9A19103F-16F7-4668-BE54-9A1E7A4F7556}") = "NSL.SocketServer", "Core\NSL.SocketServer\NSL.SocketServer.csproj", "{D13E875C-99C3-4C59-9E0A-51F1D1F9E284}"
EndProject
Project("{9A19103F-16F7-4668-BE54-9A1E7A4F7556}") = "NSL.ServerOptions.Extensions.ConfigurationEngine", "Core\Extensions\ServerOptions.Extensions.ConfigurationEngine\NSL.ServerOptions.Extensions.ConfigurationEngine.csproj", "{31B4D318-39D3-4296-BF09-FC46528386B3}"
EndProject
Project("{9A19103F-16F7-4668-BE54-9A1E7A4F7556}") = "NSL.ServerOptions.Extensions.Console", "Core\Extensions\ServerOptions.Extensions.Console\NSL.ServerOptions.Extensions.Console.csproj", "{BC085F89-A1B0-4FCF-B2C3-5F3967D94C26}"
EndProject
Project("{9A19103F-16F7-4668-BE54-9A1E7A4F7556}") = "NSL.SocketCore.Extensions.BinarySerializer", "Core\Extensions\SocketCore.Extensions.BinarySerializer\NSL.SocketCore.Extensions.BinarySerializer.csproj", "{C46734C0-2FD9-430F-B92E-3BD8D055A5BA}"
EndProject
Project("{9A19103F-16F7-4668-BE54-9A1E7A4F7556}") = "NSL.Utils", "Core\Utils\NSL.Utils\NSL.Utils.csproj", "{3E0C73CE-2995-41F3-A38D-5356D0C32C34}"
EndProject
Project("{9A19103F-16F7-4668-BE54-9A1E7A4F7556}") = "NSL.Utils.Server", "Core\Utils\NSL.Utils.Server\NSL.Utils.Server.csproj", "{1D2ABBF7-F2C0-4DEA-A3B4-102000FAD893}"
EndProject
Project("{9A19103F-16F7-4668-BE54-9A1E7A4F7556}") = "NSL.SocketCore.Extensions.Buffer", "Core\Extensions\SocketCore.Extensions.Buffer\NSL.SocketCore.Extensions.Buffer.csproj", "{CA32214E-75E1-40DD-BAA4-03A2BDFEB8B2}"
EndProject
Project("{9A19103F-16F7-4668-BE54-9A1E7A4F7556}") = "NSL.SocketCore.Extensions.Manager", "Core\Extensions\SocketCore.Extensions.Manager\NSL.SocketCore.Extensions.Manager.csproj", "{C0AD257A-E0E8-4798-A6AE-A40EED479964}"
EndProject
Project("{9A19103F-16F7-4668-BE54-9A1E7A4F7556}") = "NSL.SocketCore.Extensions.Packet", "Core\Extensions\SocketCore.Extensions.Packet\NSL.SocketCore.Extensions.Packet.csproj", "{2BC3BABE-30BD-41C7-AFA3-810801D63C34}"
EndProject
Project("{9A19103F-16F7-4668-BE54-9A1E7A4F7556}") = "NSL.SocketCore.Extensions.Packet.FastEvent", "Core\Extensions\SocketCore.Extensions.Packet.FastEvent\NSL.SocketCore.Extensions.Packet.FastEvent.csproj", "{92273663-B27B-4C2F-A31C-67E05BB03C1B}"
EndProject
Project("{2150E333-8FDC-42A3-9474-1A3956D46DE8}") = "Extensions", "Extensions", "{77F1BD42-04DA-4EC7-8FD1-24A2698D1D5B}"
EndProject
Project("{2150E333-8FDC-42A3-9474-1A3956D46DE8}") = "DBEngine", "DBEngine", "{3B930D23-C7D2-4A2B-B607-CCF3FD660F64}"
EndProject
Project("{2150E333-8FDC-42A3-9474-1A3956D46DE8}") = "NetworkEngine", "NetworkEngine", "{B5BB912E-7008-40C5-A3BE-CB3841AC7E78}"
EndProject
Project("{9A19103F-16F7-4668-BE54-9A1E7A4F7556}") = "NSL.Extensions.ConsoleEngine", "Extensions\NSL.Extensions.ConsoleEngine\NSL.Extensions.ConsoleEngine.csproj", "{2CA67ABE-F7DC-4E98-8A65-440AE27FF458}"
EndProject
Project("{9A19103F-16F7-4668-BE54-9A1E7A4F7556}") = "NSL.Extensions.DBEngine", "Extensions\DBEngine\DBEngine\NSL.Extensions.DBEngine.csproj", "{700CE303-BDC9-4D27-B220-1C20C6F2AC3A}"
EndProject
Project("{9A19103F-16F7-4668-BE54-9A1E7A4F7556}") = "NSL.Extensions.DBEngine.CmdQueue", "Extensions\DBEngine\DBEngine.Extensions.CmdQueue\NSL.Extensions.DBEngine.CmdQueue.csproj", "{07A9F5C4-8C64-4F1B-B07D-C0DF7A905C0B}"
EndProject
Project("{9A19103F-16F7-4668-BE54-9A1E7A4F7556}") = "NSL.Extensions.DBEngine.Migrator", "Extensions\DBEngine\DBEngine.Extensions.Migrator\NSL.Extensions.DBEngine.Migrator.csproj", "{375F419C-209A-4776-A86A-8B42CD31CC65}"
EndProject
Project("{9A19103F-16F7-4668-BE54-9A1E7A4F7556}") = "NSL.Extensions.DBEngine.Reader", "Extensions\DBEngine\DBEngine.Extensions.Reader\NSL.Extensions.DBEngine.Reader.csproj", "{0A837AF1-71C4-4FCC-BA53-E66D7CD1D1D6}"
EndProject
Project("{9A19103F-16F7-4668-BE54-9A1E7A4F7556}") = "NSL.Extensions.DBEngine.ConfigurationEngine", "Extensions\DBEngine\DBEngine.Extensions.ConfigurationEngine\NSL.Extensions.DBEngine.ConfigurationEngine.csproj", "{2428A61F-6AAC-4EA7-9693-100E68D42E84}"
EndProject
Project("{9A19103F-16F7-4668-BE54-9A1E7A4F7556}") = "NSL.Extensions.DBEngine.StaticQuery", "Extensions\DBEngine\DBEngine.Extensions.StaticQuery\NSL.Extensions.DBEngine.StaticQuery.csproj", "{A4A939B0-2F70-4C56-8C4F-AD512AC0840B}"
EndProject
Project("{9A19103F-16F7-4668-BE54-9A1E7A4F7556}") = "NSL.Extensions.NAT", "Extensions\NetworkEngine\NAT\NSL.Extensions.NAT.csproj", "{A11FDAE0-DD80-404C-BE84-51B7357EF3AB}"
EndProject
Project("{2150E333-8FDC-42A3-9474-1A3956D46DE8}") = "SocketPhantom", "SocketPhantom", "{FFE7249D-833D-4132-A8C7-6D09F25C2393}"
EndProject
Project("{9A19103F-16F7-4668-BE54-9A1E7A4F7556}") = "NSL.SocketPhantom", "Extensions\NetworkEngine\SocketPhantom\NSL.SocketPhantom\NSL.SocketPhantom.csproj", "{37281BE1-638E-486F-9E56-BE1B84585830}"
EndProject
Project("{2150E333-8FDC-42A3-9474-1A3956D46DE8}") = "Protocols", "Protocols", "{BF4CCFA5-6BA0-40CF-B854-6013A2F944EA}"
EndProject
Project("{2150E333-8FDC-42A3-9474-1A3956D46DE8}") = "TCP", "TCP", "{90F4E4EE-1385-42B0-A3C5-3941CC9C830F}"
EndProject
Project("{9A19103F-16F7-4668-BE54-9A1E7A4F7556}") = "NSL.TCP", "Protocols\TCP\NSL.TCP\NSL.TCP.csproj", "{5FB87DA5-3AD0-4FAF-A105-7142780DF1FD}"
EndProject
Project("{9A19103F-16F7-4668-BE54-9A1E7A4F7556}") = "NSL.TCP.Client", "Protocols\TCP\NSL.TCP.Client\NSL.TCP.Client.csproj", "{662F412F-1A9D-430C-8CF7-0AE0D4605C45}"
EndProject
Project("{9A19103F-16F7-4668-BE54-9A1E7A4F7556}") = "NSL.TCP.Server", "Protocols\TCP\NSL.TCP.Server\NSL.TCP.Server.csproj", "{27DE0A53-58F7-42C2-AC96-1DB2BBEDD320}"
EndProject
Project("{9A19103F-16F7-4668-BE54-9A1E7A4F7556}") = "NSL.ConfigurationEngine.Extensions.Network", "ConfigurationEngine\Extensions\NSL.ConfigurationEngine.Extensions.Network\NSL.ConfigurationEngine.Extensions.Network.csproj", "{3EE7AF9A-CBBA-41D8-8530-C207D5597628}"
EndProject
Project("{9A19103F-16F7-4668-BE54-9A1E7A4F7556}") = "NSL.SocketPhantom.Unity", "Extensions\NetworkEngine\SocketPhantom\NSL.SocketPhantom.Unity\NSL.SocketPhantom.Unity.csproj", "{0E80016C-ECEF-4A43-9C7F-250F6851D42A}"
EndProject
Project("{2150E333-8FDC-42A3-9474-1A3956D46DE8}") = "Http", "Http", "{84856FC4-AAF4-4C26-BA2F-2424167B2C5F}"
EndProject
Project("{9A19103F-16F7-4668-BE54-9A1E7A4F7556}") = "NSL.RestExtensions.Unity", "Protocols\Http\NSL.RestExtensions.Unity\NSL.RestExtensions.Unity.csproj", "{A6EFA015-0505-4C54-A36C-0E88094C9CD4}"
EndProject
Project("{9A19103F-16F7-4668-BE54-9A1E7A4F7556}") = "NSL.SocketClient.Unity", "Core\NSL.SocketClient.Unity\NSL.SocketClient.Unity.csproj", "{5F89C081-6E12-479E-9B24-623718BF9A53}"
EndProject
Project("{9A19103F-16F7-4668-BE54-9A1E7A4F7556}") = "NSL.SocketCore.Extensions.TCPClient", "Core\Extensions\SocketCore.Extensions.TCPClient\NSL.SocketCore.Extensions.TCPClient.csproj", "{7FA6D94E-08F8-4541-B551-9F83E2109220}"
EndProject
Project("{9A19103F-16F7-4668-BE54-9A1E7A4F7556}") = "NSL.SocketCore.Extensions.TCPServer", "Core\Extensions\SocketCore.Extensions.TCPServer\NSL.SocketCore.Extensions.TCPServer.csproj", "{74015980-4946-42A5-9960-4C492743CC4E}"
EndProject
Project("{9A19103F-16F7-4668-BE54-9A1E7A4F7556}") = "NSL.ClientOptions.Extensions.ConfigurationEngine", "Core\Extensions\ClientOptions.Extensions.ConfigurationEngine\NSL.ClientOptions.Extensions.ConfigurationEngine.csproj", "{F24DB1C2-DCFB-48B0-8929-BDD353FC305C}"
EndProject
Project("{9A19103F-16F7-4668-BE54-9A1E7A4F7556}") = "NSL.CoreOptions.Extensions", "Core\Extensions\CoreOptions.Extensions\NSL.CoreOptions.Extensions.csproj", "{6990998D-44BA-4034-83A4-B13F4CEE9A4A}"
EndProject
Project("{9A19103F-16F7-4668-BE54-9A1E7A4F7556}") = "NSL.ClientOptions.Extensions.Packet", "Core\Extensions\ClientOptions.Extensions.Packet\NSL.ClientOptions.Extensions.Packet.csproj", "{AF57AD0E-3551-4955-8432-94B29356BF88}"
EndProject
Project("{9A19103F-16F7-4668-BE54-9A1E7A4F7556}") = "NSL.ServerOptions.Extensions.Packet", "Core\Extensions\ServerOptions.Extensions.Packet\NSL.ServerOptions.Extensions.Packet.csproj", "{DA121B78-44C3-4BFD-B422-A11F8DED6DE5}"
EndProject
Project("{9A19103F-16F7-4668-BE54-9A1E7A4F7556}") = "NSL.RestExtensions", "Protocols\Http\NSL.RestExtensions\NSL.RestExtensions.csproj", "{EB32C496-F543-4C79-9512-D6D3EA772DA7}"
EndProject
Project("{2150E333-8FDC-42A3-9474-1A3956D46DE8}") = "WebSockets", "WebSockets", "{22949C88-0480-420F-BB4E-D46939884CBE}"
EndProject
Project("{2150E333-8FDC-42A3-9474-1A3956D46DE8}") = "UDP", "UDP", "{76AC21D5-F2E4-40CF-9FE3-14D53FECB9AE}"
EndProject
Project("{9A19103F-16F7-4668-BE54-9A1E7A4F7556}") = "NSL.UDP", "Protocols\UDP\NSL.UDP\NSL.UDP.csproj", "{0542766C-0BD3-4B87-84DF-73AAF753DC92}"
EndProject
Project("{9A19103F-16F7-4668-BE54-9A1E7A4F7556}") = "NSL.UDP.Client", "Protocols\UDP\NSL.UDP.Client\NSL.UDP.Client.csproj", "{B99A4973-60B0-4FDC-BD6B-E0ECE958FFCA}"
EndProject
Project("{9A19103F-16F7-4668-BE54-9A1E7A4F7556}") = "NSL.WebSockets", "Protocols\WebSockets\NSL.WebSockets\NSL.WebSockets.csproj", "{39014ABC-0A66-4045-A847-E8F86E7DF8CD}"
EndProject
Project("{9A19103F-16F7-4668-BE54-9A1E7A4F7556}") = "NSL.WebSockets.Client", "Protocols\WebSockets\NSL.WebSockets.Client\NSL.WebSockets.Client.csproj", "{CEF9270C-11EB-49DA-86F2-0835A2613DD4}"
EndProject
Project("{9A19103F-16F7-4668-BE54-9A1E7A4F7556}") = "NSL.WebSockets.Server", "Protocols\WebSockets\NSL.WebSockets.Server\NSL.WebSockets.Server.csproj", "{427C01C0-2B4A-4D1B-9082-A666DF0ADAE8}"
EndProject
Project("{2150E333-8FDC-42A3-9474-1A3956D46DE8}") = "BuilderExtensions", "BuilderExtensions", "{0363D71F-E59A-44DE-9B57-4608FCC3F727}"
EndProject
Project("{9A19103F-16F7-4668-BE54-9A1E7A4F7556}") = "NSL.BuilderExtensions.TCPClient", "Protocols\TCP\BuilderExtensions\NSL.BuilderExtensions.TCPClient\NSL.BuilderExtensions.TCPClient.csproj", "{6CB9319B-3ED3-420D-A8B1-27328424A87C}"
EndProject
Project("{9A19103F-16F7-4668-BE54-9A1E7A4F7556}") = "NSL.BuilderExtensions.TCPServer", "Protocols\TCP\BuilderExtensions\NSL.BuilderExtensions.TCPServer\NSL.BuilderExtensions.TCPServer.csproj", "{6FE2D86E-3DAA-429A-AE04-DD435C5F5465}"
EndProject
Project("{2150E333-8FDC-42A3-9474-1A3956D46DE8}") = "BuilderExtensions", "BuilderExtensions", "{C9D52716-D864-43BE-AD2A-3D81B6B8D450}"
EndProject
Project("{9A19103F-16F7-4668-BE54-9A1E7A4F7556}") = "NSL.BuilderExtensions.UDPClient", "Protocols\UDP\BuilderExtensions\NSL.BuilderExtensions.UDPClient\NSL.BuilderExtensions.UDPClient.csproj", "{0F187EEE-E49D-4D37-8727-FB1B28E35336}"
EndProject
Project("{9A19103F-16F7-4668-BE54-9A1E7A4F7556}") = "NSL.BuilderExtensions.UDPServer", "Protocols\UDP\BuilderExtensions\NSL.BuilderExtensions.UDPServer\NSL.BuilderExtensions.UDPServer.csproj", "{6692F477-6C7A-41BB-95D0-57F6BC0438C6}"
EndProject
Project("{2150E333-8FDC-42A3-9474-1A3956D46DE8}") = "BuilderExtensions", "BuilderExtensions", "{A0493FE7-1FCE-4127-B3B3-583622174313}"
EndProject
Project("{9A19103F-16F7-4668-BE54-9A1E7A4F7556}") = "NSL.BuilderExtensions.WebSocketsClient", "Protocols\WebSockets\BuilderExtensions\NSL.BuilderExtensions.WebSocketsClient\NSL.BuilderExtensions.WebSocketsClient.csproj", "{E21CC745-DAAE-447F-B736-D505531414DD}"
EndProject
Project("{9A19103F-16F7-4668-BE54-9A1E7A4F7556}") = "NSL.BuilderExtensions.WebSocketsServer", "Protocols\WebSockets\BuilderExtensions\NSL.BuilderExtensions.WebSocketsServer\NSL.BuilderExtensions.WebSocketsServer.csproj", "{885B3E76-2CA9-45D9-8DB9-B33A584A38D8}"
EndProject
Project("{9A19103F-16F7-4668-BE54-9A1E7A4F7556}") = "NSL.BuilderExtensions.TCP", "Protocols\TCP\BuilderExtensions\NSL.BuilderExtensions.TCP\NSL.BuilderExtensions.TCP.csproj", "{83AC6852-9626-4D20-9AC5-F460C47A7FA4}"
EndProject
Project("{9A19103F-16F7-4668-BE54-9A1E7A4F7556}") = "NSL.EndPointBuilder", "Core\NSL.EndPointBuilder\NSL.EndPointBuilder.csproj", "{70D45EA5-DE8F-450D-97C8-6BED06D2D5EC}"
EndProject
Project("{2150E333-8FDC-42A3-9474-1A3956D46DE8}") = "BuilderExtensions", "BuilderExtensions", "{99DAAF4A-5A5C-47BC-BEB4-95F09A1A57F6}"
EndProject
Project("{9A19103F-16F7-4668-BE54-9A1E7A4F7556}") = "NSL.BuilderExtensions.SocketCore", "Core\BuilderExtensions\NSL.BuilderExtensions.SocketCore\NSL.BuilderExtensions.SocketCore.csproj", "{0565E2EF-394A-41D8-991F-1F1990148120}"
EndProject
Project("{9A19103F-16F7-4668-BE54-9A1E7A4F7556}") = "NSL.BuilderExtensions.SocketCore.Unity", "Core\BuilderExtensions\NSL.BuilderExtensions.SocketCore.Unity\NSL.BuilderExtensions.SocketCore.Unity.csproj", "{C5B5D2AA-9EFF-4863-8E2E-2716E86F1E77}"
EndProject
Project("{9A19103F-16F7-4668-BE54-9A1E7A4F7556}") = "NSL.BuilderExtensions.WebSockets", "Protocols\WebSockets\BuilderExtensions\NSL.BuilderExtensions.WebSockets\NSL.BuilderExtensions.WebSockets.csproj", "{7D0DDF86-6CAC-4AF4-8473-903A734A8E98}"
EndProject
Project("{9A19103F-16F7-4668-BE54-9A1E7A4F7556}") = "NSL.Utils.Unity", "Core\Utils\NSL.Utils.Unity\NSL.Utils.Unity.csproj", "{ABFEC9AA-4C55-4818-A3CA-3B0248E75D73}"
EndProject
Project("{9A19103F-16F7-4668-BE54-9A1E7A4F7556}") = "NSL.BuilderExtensions.UDP", "Protocols\UDP\BuilderExtensions\NSL.BuilderExtensions.UDP\NSL.BuilderExtensions.UDP.csproj", "{49444D05-39A5-4262-8A1F-8910E69F0CF2}"
EndProject
Project("{9A19103F-16F7-4668-BE54-9A1E7A4F7556}") = "NSL.WebSockets.UnityClient", "Protocols\WebSockets\NSL.WebSockets.UnityClient\NSL.WebSockets.UnityClient.csproj", "{B90CCDBE-EA41-4F13-8F8E-5DC3D80FFC2C}"
EndProject
Project("{9A19103F-16F7-4668-BE54-9A1E7A4F7556}") = "NSL.BuilderExtensions.WebSocketsClient.Unity", "Protocols\WebSockets\BuilderExtensions\NSL.BuilderExtensions.WebSocketsClient.Unity\NSL.BuilderExtensions.WebSocketsClient.Unity.csproj", "{6A915716-A267-4F77-8F12-6EC30B22003B}"
EndProject
Global
	GlobalSection(SolutionConfigurationPlatforms) = preSolution
		Debug|Any CPU = Debug|Any CPU
		Release|Any CPU = Release|Any CPU
		Unity|Any CPU = Unity|Any CPU
		UnityDebug|Any CPU = UnityDebug|Any CPU
	EndGlobalSection
	GlobalSection(ProjectConfigurationPlatforms) = postSolution
		{DDA13465-1599-4820-B205-611CE38F6078}.Debug|Any CPU.ActiveCfg = Debug|Any CPU
		{DDA13465-1599-4820-B205-611CE38F6078}.Debug|Any CPU.Build.0 = Debug|Any CPU
		{DDA13465-1599-4820-B205-611CE38F6078}.Release|Any CPU.ActiveCfg = Release|Any CPU
		{DDA13465-1599-4820-B205-611CE38F6078}.Release|Any CPU.Build.0 = Release|Any CPU
		{DDA13465-1599-4820-B205-611CE38F6078}.Unity|Any CPU.ActiveCfg = Unity|Any CPU
		{DDA13465-1599-4820-B205-611CE38F6078}.Unity|Any CPU.Build.0 = Unity|Any CPU
		{DDA13465-1599-4820-B205-611CE38F6078}.UnityDebug|Any CPU.ActiveCfg = UnityDebug|Any CPU
		{DDA13465-1599-4820-B205-611CE38F6078}.UnityDebug|Any CPU.Build.0 = UnityDebug|Any CPU
		{F6BC2ABB-2544-4916-8C02-996845ED51FD}.Debug|Any CPU.ActiveCfg = Debug|Any CPU
		{F6BC2ABB-2544-4916-8C02-996845ED51FD}.Debug|Any CPU.Build.0 = Debug|Any CPU
		{F6BC2ABB-2544-4916-8C02-996845ED51FD}.Release|Any CPU.ActiveCfg = Release|Any CPU
		{F6BC2ABB-2544-4916-8C02-996845ED51FD}.Release|Any CPU.Build.0 = Release|Any CPU
		{F6BC2ABB-2544-4916-8C02-996845ED51FD}.Unity|Any CPU.ActiveCfg = Unity|Any CPU
		{F6BC2ABB-2544-4916-8C02-996845ED51FD}.Unity|Any CPU.Build.0 = Unity|Any CPU
		{F6BC2ABB-2544-4916-8C02-996845ED51FD}.UnityDebug|Any CPU.ActiveCfg = UnityDebug|Any CPU
		{F6BC2ABB-2544-4916-8C02-996845ED51FD}.UnityDebug|Any CPU.Build.0 = UnityDebug|Any CPU
		{AB96661B-4A34-41AE-AC73-9EE2CBF987DA}.Debug|Any CPU.ActiveCfg = Debug|Any CPU
		{AB96661B-4A34-41AE-AC73-9EE2CBF987DA}.Debug|Any CPU.Build.0 = Debug|Any CPU
		{AB96661B-4A34-41AE-AC73-9EE2CBF987DA}.Release|Any CPU.ActiveCfg = Release|Any CPU
		{AB96661B-4A34-41AE-AC73-9EE2CBF987DA}.Release|Any CPU.Build.0 = Release|Any CPU
		{AB96661B-4A34-41AE-AC73-9EE2CBF987DA}.Unity|Any CPU.ActiveCfg = Unity|Any CPU
		{AB96661B-4A34-41AE-AC73-9EE2CBF987DA}.Unity|Any CPU.Build.0 = Unity|Any CPU
		{AB96661B-4A34-41AE-AC73-9EE2CBF987DA}.UnityDebug|Any CPU.ActiveCfg = UnityDebug|Any CPU
		{AB96661B-4A34-41AE-AC73-9EE2CBF987DA}.UnityDebug|Any CPU.Build.0 = UnityDebug|Any CPU
		{1947928E-44BD-4E11-A8C9-D726A1F0A8E7}.Debug|Any CPU.ActiveCfg = Debug|Any CPU
		{1947928E-44BD-4E11-A8C9-D726A1F0A8E7}.Debug|Any CPU.Build.0 = Debug|Any CPU
		{1947928E-44BD-4E11-A8C9-D726A1F0A8E7}.Release|Any CPU.ActiveCfg = Release|Any CPU
		{1947928E-44BD-4E11-A8C9-D726A1F0A8E7}.Release|Any CPU.Build.0 = Release|Any CPU
		{1947928E-44BD-4E11-A8C9-D726A1F0A8E7}.Unity|Any CPU.ActiveCfg = Unity|Any CPU
		{1947928E-44BD-4E11-A8C9-D726A1F0A8E7}.Unity|Any CPU.Build.0 = Unity|Any CPU
		{1947928E-44BD-4E11-A8C9-D726A1F0A8E7}.UnityDebug|Any CPU.ActiveCfg = UnityDebug|Any CPU
		{1947928E-44BD-4E11-A8C9-D726A1F0A8E7}.UnityDebug|Any CPU.Build.0 = UnityDebug|Any CPU
		{D95BCB55-7F18-4DD0-876E-0A586A03FB39}.Debug|Any CPU.ActiveCfg = Debug|Any CPU
		{D95BCB55-7F18-4DD0-876E-0A586A03FB39}.Debug|Any CPU.Build.0 = Debug|Any CPU
		{D95BCB55-7F18-4DD0-876E-0A586A03FB39}.Release|Any CPU.ActiveCfg = Release|Any CPU
		{D95BCB55-7F18-4DD0-876E-0A586A03FB39}.Release|Any CPU.Build.0 = Release|Any CPU
		{D95BCB55-7F18-4DD0-876E-0A586A03FB39}.Unity|Any CPU.ActiveCfg = Unity|Any CPU
		{D95BCB55-7F18-4DD0-876E-0A586A03FB39}.Unity|Any CPU.Build.0 = Unity|Any CPU
		{D95BCB55-7F18-4DD0-876E-0A586A03FB39}.UnityDebug|Any CPU.ActiveCfg = UnityDebug|Any CPU
		{D95BCB55-7F18-4DD0-876E-0A586A03FB39}.UnityDebug|Any CPU.Build.0 = UnityDebug|Any CPU
		{D13E875C-99C3-4C59-9E0A-51F1D1F9E284}.Debug|Any CPU.ActiveCfg = Debug|Any CPU
		{D13E875C-99C3-4C59-9E0A-51F1D1F9E284}.Debug|Any CPU.Build.0 = Debug|Any CPU
		{D13E875C-99C3-4C59-9E0A-51F1D1F9E284}.Release|Any CPU.ActiveCfg = Release|Any CPU
		{D13E875C-99C3-4C59-9E0A-51F1D1F9E284}.Release|Any CPU.Build.0 = Release|Any CPU
		{D13E875C-99C3-4C59-9E0A-51F1D1F9E284}.Unity|Any CPU.ActiveCfg = Unity|Any CPU
		{D13E875C-99C3-4C59-9E0A-51F1D1F9E284}.Unity|Any CPU.Build.0 = Unity|Any CPU
		{D13E875C-99C3-4C59-9E0A-51F1D1F9E284}.UnityDebug|Any CPU.ActiveCfg = UnityDebug|Any CPU
		{D13E875C-99C3-4C59-9E0A-51F1D1F9E284}.UnityDebug|Any CPU.Build.0 = UnityDebug|Any CPU
		{31B4D318-39D3-4296-BF09-FC46528386B3}.Debug|Any CPU.ActiveCfg = Debug|Any CPU
		{31B4D318-39D3-4296-BF09-FC46528386B3}.Debug|Any CPU.Build.0 = Debug|Any CPU
		{31B4D318-39D3-4296-BF09-FC46528386B3}.Release|Any CPU.ActiveCfg = Release|Any CPU
		{31B4D318-39D3-4296-BF09-FC46528386B3}.Release|Any CPU.Build.0 = Release|Any CPU
		{31B4D318-39D3-4296-BF09-FC46528386B3}.Unity|Any CPU.ActiveCfg = Unity|Any CPU
		{31B4D318-39D3-4296-BF09-FC46528386B3}.Unity|Any CPU.Build.0 = Unity|Any CPU
		{31B4D318-39D3-4296-BF09-FC46528386B3}.UnityDebug|Any CPU.ActiveCfg = UnityDebug|Any CPU
		{31B4D318-39D3-4296-BF09-FC46528386B3}.UnityDebug|Any CPU.Build.0 = UnityDebug|Any CPU
		{BC085F89-A1B0-4FCF-B2C3-5F3967D94C26}.Debug|Any CPU.ActiveCfg = Debug|Any CPU
		{BC085F89-A1B0-4FCF-B2C3-5F3967D94C26}.Debug|Any CPU.Build.0 = Debug|Any CPU
		{BC085F89-A1B0-4FCF-B2C3-5F3967D94C26}.Release|Any CPU.ActiveCfg = Release|Any CPU
		{BC085F89-A1B0-4FCF-B2C3-5F3967D94C26}.Release|Any CPU.Build.0 = Release|Any CPU
		{BC085F89-A1B0-4FCF-B2C3-5F3967D94C26}.Unity|Any CPU.ActiveCfg = Unity|Any CPU
		{BC085F89-A1B0-4FCF-B2C3-5F3967D94C26}.Unity|Any CPU.Build.0 = Unity|Any CPU
		{BC085F89-A1B0-4FCF-B2C3-5F3967D94C26}.UnityDebug|Any CPU.ActiveCfg = UnityDebug|Any CPU
		{BC085F89-A1B0-4FCF-B2C3-5F3967D94C26}.UnityDebug|Any CPU.Build.0 = UnityDebug|Any CPU
		{C46734C0-2FD9-430F-B92E-3BD8D055A5BA}.Debug|Any CPU.ActiveCfg = Debug|Any CPU
		{C46734C0-2FD9-430F-B92E-3BD8D055A5BA}.Debug|Any CPU.Build.0 = Debug|Any CPU
		{C46734C0-2FD9-430F-B92E-3BD8D055A5BA}.Release|Any CPU.ActiveCfg = Release|Any CPU
		{C46734C0-2FD9-430F-B92E-3BD8D055A5BA}.Release|Any CPU.Build.0 = Release|Any CPU
		{C46734C0-2FD9-430F-B92E-3BD8D055A5BA}.Unity|Any CPU.ActiveCfg = Unity|Any CPU
		{C46734C0-2FD9-430F-B92E-3BD8D055A5BA}.Unity|Any CPU.Build.0 = Unity|Any CPU
		{C46734C0-2FD9-430F-B92E-3BD8D055A5BA}.UnityDebug|Any CPU.ActiveCfg = UnityDebug|Any CPU
		{C46734C0-2FD9-430F-B92E-3BD8D055A5BA}.UnityDebug|Any CPU.Build.0 = UnityDebug|Any CPU
		{3E0C73CE-2995-41F3-A38D-5356D0C32C34}.Debug|Any CPU.ActiveCfg = Debug|Any CPU
		{3E0C73CE-2995-41F3-A38D-5356D0C32C34}.Debug|Any CPU.Build.0 = Debug|Any CPU
		{3E0C73CE-2995-41F3-A38D-5356D0C32C34}.Release|Any CPU.ActiveCfg = Release|Any CPU
		{3E0C73CE-2995-41F3-A38D-5356D0C32C34}.Release|Any CPU.Build.0 = Release|Any CPU
		{3E0C73CE-2995-41F3-A38D-5356D0C32C34}.Unity|Any CPU.ActiveCfg = Unity|Any CPU
		{3E0C73CE-2995-41F3-A38D-5356D0C32C34}.Unity|Any CPU.Build.0 = Unity|Any CPU
		{3E0C73CE-2995-41F3-A38D-5356D0C32C34}.UnityDebug|Any CPU.ActiveCfg = UnityDebug|Any CPU
		{3E0C73CE-2995-41F3-A38D-5356D0C32C34}.UnityDebug|Any CPU.Build.0 = UnityDebug|Any CPU
		{1D2ABBF7-F2C0-4DEA-A3B4-102000FAD893}.Debug|Any CPU.ActiveCfg = Debug|Any CPU
		{1D2ABBF7-F2C0-4DEA-A3B4-102000FAD893}.Debug|Any CPU.Build.0 = Debug|Any CPU
		{1D2ABBF7-F2C0-4DEA-A3B4-102000FAD893}.Release|Any CPU.ActiveCfg = Release|Any CPU
		{1D2ABBF7-F2C0-4DEA-A3B4-102000FAD893}.Release|Any CPU.Build.0 = Release|Any CPU
		{1D2ABBF7-F2C0-4DEA-A3B4-102000FAD893}.Unity|Any CPU.ActiveCfg = Unity|Any CPU
		{1D2ABBF7-F2C0-4DEA-A3B4-102000FAD893}.Unity|Any CPU.Build.0 = Unity|Any CPU
		{1D2ABBF7-F2C0-4DEA-A3B4-102000FAD893}.UnityDebug|Any CPU.ActiveCfg = UnityDebug|Any CPU
		{1D2ABBF7-F2C0-4DEA-A3B4-102000FAD893}.UnityDebug|Any CPU.Build.0 = UnityDebug|Any CPU
		{CA32214E-75E1-40DD-BAA4-03A2BDFEB8B2}.Debug|Any CPU.ActiveCfg = Debug|Any CPU
		{CA32214E-75E1-40DD-BAA4-03A2BDFEB8B2}.Debug|Any CPU.Build.0 = Debug|Any CPU
		{CA32214E-75E1-40DD-BAA4-03A2BDFEB8B2}.Release|Any CPU.ActiveCfg = Release|Any CPU
		{CA32214E-75E1-40DD-BAA4-03A2BDFEB8B2}.Release|Any CPU.Build.0 = Release|Any CPU
		{CA32214E-75E1-40DD-BAA4-03A2BDFEB8B2}.Unity|Any CPU.ActiveCfg = Unity|Any CPU
		{CA32214E-75E1-40DD-BAA4-03A2BDFEB8B2}.Unity|Any CPU.Build.0 = Unity|Any CPU
		{CA32214E-75E1-40DD-BAA4-03A2BDFEB8B2}.UnityDebug|Any CPU.ActiveCfg = UnityDebug|Any CPU
		{CA32214E-75E1-40DD-BAA4-03A2BDFEB8B2}.UnityDebug|Any CPU.Build.0 = UnityDebug|Any CPU
		{C0AD257A-E0E8-4798-A6AE-A40EED479964}.Debug|Any CPU.ActiveCfg = Debug|Any CPU
		{C0AD257A-E0E8-4798-A6AE-A40EED479964}.Debug|Any CPU.Build.0 = Debug|Any CPU
		{C0AD257A-E0E8-4798-A6AE-A40EED479964}.Release|Any CPU.ActiveCfg = Release|Any CPU
		{C0AD257A-E0E8-4798-A6AE-A40EED479964}.Release|Any CPU.Build.0 = Release|Any CPU
		{C0AD257A-E0E8-4798-A6AE-A40EED479964}.Unity|Any CPU.ActiveCfg = Unity|Any CPU
		{C0AD257A-E0E8-4798-A6AE-A40EED479964}.Unity|Any CPU.Build.0 = Unity|Any CPU
		{C0AD257A-E0E8-4798-A6AE-A40EED479964}.UnityDebug|Any CPU.ActiveCfg = UnityDebug|Any CPU
		{C0AD257A-E0E8-4798-A6AE-A40EED479964}.UnityDebug|Any CPU.Build.0 = UnityDebug|Any CPU
		{2BC3BABE-30BD-41C7-AFA3-810801D63C34}.Debug|Any CPU.ActiveCfg = Debug|Any CPU
		{2BC3BABE-30BD-41C7-AFA3-810801D63C34}.Debug|Any CPU.Build.0 = Debug|Any CPU
		{2BC3BABE-30BD-41C7-AFA3-810801D63C34}.Release|Any CPU.ActiveCfg = Release|Any CPU
		{2BC3BABE-30BD-41C7-AFA3-810801D63C34}.Release|Any CPU.Build.0 = Release|Any CPU
		{2BC3BABE-30BD-41C7-AFA3-810801D63C34}.Unity|Any CPU.ActiveCfg = Unity|Any CPU
		{2BC3BABE-30BD-41C7-AFA3-810801D63C34}.Unity|Any CPU.Build.0 = Unity|Any CPU
		{2BC3BABE-30BD-41C7-AFA3-810801D63C34}.UnityDebug|Any CPU.ActiveCfg = UnityDebug|Any CPU
		{2BC3BABE-30BD-41C7-AFA3-810801D63C34}.UnityDebug|Any CPU.Build.0 = UnityDebug|Any CPU
		{92273663-B27B-4C2F-A31C-67E05BB03C1B}.Debug|Any CPU.ActiveCfg = Debug|Any CPU
		{92273663-B27B-4C2F-A31C-67E05BB03C1B}.Debug|Any CPU.Build.0 = Debug|Any CPU
		{92273663-B27B-4C2F-A31C-67E05BB03C1B}.Release|Any CPU.ActiveCfg = Release|Any CPU
		{92273663-B27B-4C2F-A31C-67E05BB03C1B}.Release|Any CPU.Build.0 = Release|Any CPU
		{92273663-B27B-4C2F-A31C-67E05BB03C1B}.Unity|Any CPU.ActiveCfg = Unity|Any CPU
		{92273663-B27B-4C2F-A31C-67E05BB03C1B}.Unity|Any CPU.Build.0 = Unity|Any CPU
		{92273663-B27B-4C2F-A31C-67E05BB03C1B}.UnityDebug|Any CPU.ActiveCfg = UnityDebug|Any CPU
		{92273663-B27B-4C2F-A31C-67E05BB03C1B}.UnityDebug|Any CPU.Build.0 = UnityDebug|Any CPU
		{2CA67ABE-F7DC-4E98-8A65-440AE27FF458}.Debug|Any CPU.ActiveCfg = Debug|Any CPU
		{2CA67ABE-F7DC-4E98-8A65-440AE27FF458}.Debug|Any CPU.Build.0 = Debug|Any CPU
		{2CA67ABE-F7DC-4E98-8A65-440AE27FF458}.Release|Any CPU.ActiveCfg = Release|Any CPU
		{2CA67ABE-F7DC-4E98-8A65-440AE27FF458}.Release|Any CPU.Build.0 = Release|Any CPU
		{2CA67ABE-F7DC-4E98-8A65-440AE27FF458}.Unity|Any CPU.ActiveCfg = Unity|Any CPU
		{2CA67ABE-F7DC-4E98-8A65-440AE27FF458}.Unity|Any CPU.Build.0 = Unity|Any CPU
		{2CA67ABE-F7DC-4E98-8A65-440AE27FF458}.UnityDebug|Any CPU.ActiveCfg = UnityDebug|Any CPU
		{2CA67ABE-F7DC-4E98-8A65-440AE27FF458}.UnityDebug|Any CPU.Build.0 = UnityDebug|Any CPU
		{700CE303-BDC9-4D27-B220-1C20C6F2AC3A}.Debug|Any CPU.ActiveCfg = Debug|Any CPU
		{700CE303-BDC9-4D27-B220-1C20C6F2AC3A}.Debug|Any CPU.Build.0 = Debug|Any CPU
		{700CE303-BDC9-4D27-B220-1C20C6F2AC3A}.Release|Any CPU.ActiveCfg = Release|Any CPU
		{700CE303-BDC9-4D27-B220-1C20C6F2AC3A}.Release|Any CPU.Build.0 = Release|Any CPU
		{700CE303-BDC9-4D27-B220-1C20C6F2AC3A}.Unity|Any CPU.ActiveCfg = Unity|Any CPU
		{700CE303-BDC9-4D27-B220-1C20C6F2AC3A}.Unity|Any CPU.Build.0 = Unity|Any CPU
		{700CE303-BDC9-4D27-B220-1C20C6F2AC3A}.UnityDebug|Any CPU.ActiveCfg = UnityDebug|Any CPU
		{700CE303-BDC9-4D27-B220-1C20C6F2AC3A}.UnityDebug|Any CPU.Build.0 = UnityDebug|Any CPU
		{07A9F5C4-8C64-4F1B-B07D-C0DF7A905C0B}.Debug|Any CPU.ActiveCfg = Debug|Any CPU
		{07A9F5C4-8C64-4F1B-B07D-C0DF7A905C0B}.Debug|Any CPU.Build.0 = Debug|Any CPU
		{07A9F5C4-8C64-4F1B-B07D-C0DF7A905C0B}.Release|Any CPU.ActiveCfg = Release|Any CPU
		{07A9F5C4-8C64-4F1B-B07D-C0DF7A905C0B}.Release|Any CPU.Build.0 = Release|Any CPU
		{07A9F5C4-8C64-4F1B-B07D-C0DF7A905C0B}.Unity|Any CPU.ActiveCfg = Unity|Any CPU
		{07A9F5C4-8C64-4F1B-B07D-C0DF7A905C0B}.Unity|Any CPU.Build.0 = Unity|Any CPU
		{07A9F5C4-8C64-4F1B-B07D-C0DF7A905C0B}.UnityDebug|Any CPU.ActiveCfg = UnityDebug|Any CPU
		{07A9F5C4-8C64-4F1B-B07D-C0DF7A905C0B}.UnityDebug|Any CPU.Build.0 = UnityDebug|Any CPU
		{375F419C-209A-4776-A86A-8B42CD31CC65}.Debug|Any CPU.ActiveCfg = Debug|Any CPU
		{375F419C-209A-4776-A86A-8B42CD31CC65}.Debug|Any CPU.Build.0 = Debug|Any CPU
		{375F419C-209A-4776-A86A-8B42CD31CC65}.Release|Any CPU.ActiveCfg = Release|Any CPU
		{375F419C-209A-4776-A86A-8B42CD31CC65}.Release|Any CPU.Build.0 = Release|Any CPU
		{375F419C-209A-4776-A86A-8B42CD31CC65}.Unity|Any CPU.ActiveCfg = Unity|Any CPU
		{375F419C-209A-4776-A86A-8B42CD31CC65}.Unity|Any CPU.Build.0 = Unity|Any CPU
		{375F419C-209A-4776-A86A-8B42CD31CC65}.UnityDebug|Any CPU.ActiveCfg = UnityDebug|Any CPU
		{375F419C-209A-4776-A86A-8B42CD31CC65}.UnityDebug|Any CPU.Build.0 = UnityDebug|Any CPU
		{0A837AF1-71C4-4FCC-BA53-E66D7CD1D1D6}.Debug|Any CPU.ActiveCfg = Debug|Any CPU
		{0A837AF1-71C4-4FCC-BA53-E66D7CD1D1D6}.Debug|Any CPU.Build.0 = Debug|Any CPU
		{0A837AF1-71C4-4FCC-BA53-E66D7CD1D1D6}.Release|Any CPU.ActiveCfg = Release|Any CPU
		{0A837AF1-71C4-4FCC-BA53-E66D7CD1D1D6}.Release|Any CPU.Build.0 = Release|Any CPU
		{0A837AF1-71C4-4FCC-BA53-E66D7CD1D1D6}.Unity|Any CPU.ActiveCfg = Unity|Any CPU
		{0A837AF1-71C4-4FCC-BA53-E66D7CD1D1D6}.Unity|Any CPU.Build.0 = Unity|Any CPU
		{0A837AF1-71C4-4FCC-BA53-E66D7CD1D1D6}.UnityDebug|Any CPU.ActiveCfg = UnityDebug|Any CPU
		{0A837AF1-71C4-4FCC-BA53-E66D7CD1D1D6}.UnityDebug|Any CPU.Build.0 = UnityDebug|Any CPU
		{2428A61F-6AAC-4EA7-9693-100E68D42E84}.Debug|Any CPU.ActiveCfg = Debug|Any CPU
		{2428A61F-6AAC-4EA7-9693-100E68D42E84}.Debug|Any CPU.Build.0 = Debug|Any CPU
		{2428A61F-6AAC-4EA7-9693-100E68D42E84}.Release|Any CPU.ActiveCfg = Release|Any CPU
		{2428A61F-6AAC-4EA7-9693-100E68D42E84}.Release|Any CPU.Build.0 = Release|Any CPU
		{2428A61F-6AAC-4EA7-9693-100E68D42E84}.Unity|Any CPU.ActiveCfg = Unity|Any CPU
		{2428A61F-6AAC-4EA7-9693-100E68D42E84}.Unity|Any CPU.Build.0 = Unity|Any CPU
		{2428A61F-6AAC-4EA7-9693-100E68D42E84}.UnityDebug|Any CPU.ActiveCfg = UnityDebug|Any CPU
		{2428A61F-6AAC-4EA7-9693-100E68D42E84}.UnityDebug|Any CPU.Build.0 = UnityDebug|Any CPU
		{A4A939B0-2F70-4C56-8C4F-AD512AC0840B}.Debug|Any CPU.ActiveCfg = Debug|Any CPU
		{A4A939B0-2F70-4C56-8C4F-AD512AC0840B}.Debug|Any CPU.Build.0 = Debug|Any CPU
		{A4A939B0-2F70-4C56-8C4F-AD512AC0840B}.Release|Any CPU.ActiveCfg = Release|Any CPU
		{A4A939B0-2F70-4C56-8C4F-AD512AC0840B}.Release|Any CPU.Build.0 = Release|Any CPU
		{A4A939B0-2F70-4C56-8C4F-AD512AC0840B}.Unity|Any CPU.ActiveCfg = Unity|Any CPU
		{A4A939B0-2F70-4C56-8C4F-AD512AC0840B}.Unity|Any CPU.Build.0 = Unity|Any CPU
		{A4A939B0-2F70-4C56-8C4F-AD512AC0840B}.UnityDebug|Any CPU.ActiveCfg = UnityDebug|Any CPU
		{A4A939B0-2F70-4C56-8C4F-AD512AC0840B}.UnityDebug|Any CPU.Build.0 = UnityDebug|Any CPU
		{A11FDAE0-DD80-404C-BE84-51B7357EF3AB}.Debug|Any CPU.ActiveCfg = Debug|Any CPU
		{A11FDAE0-DD80-404C-BE84-51B7357EF3AB}.Debug|Any CPU.Build.0 = Debug|Any CPU
		{A11FDAE0-DD80-404C-BE84-51B7357EF3AB}.Release|Any CPU.ActiveCfg = Release|Any CPU
		{A11FDAE0-DD80-404C-BE84-51B7357EF3AB}.Release|Any CPU.Build.0 = Release|Any CPU
		{A11FDAE0-DD80-404C-BE84-51B7357EF3AB}.Unity|Any CPU.ActiveCfg = Unity|Any CPU
		{A11FDAE0-DD80-404C-BE84-51B7357EF3AB}.Unity|Any CPU.Build.0 = Unity|Any CPU
		{A11FDAE0-DD80-404C-BE84-51B7357EF3AB}.UnityDebug|Any CPU.ActiveCfg = UnityDebug|Any CPU
		{A11FDAE0-DD80-404C-BE84-51B7357EF3AB}.UnityDebug|Any CPU.Build.0 = UnityDebug|Any CPU
		{37281BE1-638E-486F-9E56-BE1B84585830}.Debug|Any CPU.ActiveCfg = Debug|Any CPU
		{37281BE1-638E-486F-9E56-BE1B84585830}.Debug|Any CPU.Build.0 = Debug|Any CPU
		{37281BE1-638E-486F-9E56-BE1B84585830}.Release|Any CPU.ActiveCfg = Release|Any CPU
		{37281BE1-638E-486F-9E56-BE1B84585830}.Release|Any CPU.Build.0 = Release|Any CPU
		{37281BE1-638E-486F-9E56-BE1B84585830}.Unity|Any CPU.ActiveCfg = Unity|Any CPU
		{37281BE1-638E-486F-9E56-BE1B84585830}.Unity|Any CPU.Build.0 = Unity|Any CPU
		{37281BE1-638E-486F-9E56-BE1B84585830}.UnityDebug|Any CPU.ActiveCfg = UnityDebug|Any CPU
		{37281BE1-638E-486F-9E56-BE1B84585830}.UnityDebug|Any CPU.Build.0 = UnityDebug|Any CPU
		{5FB87DA5-3AD0-4FAF-A105-7142780DF1FD}.Debug|Any CPU.ActiveCfg = Debug|Any CPU
		{5FB87DA5-3AD0-4FAF-A105-7142780DF1FD}.Debug|Any CPU.Build.0 = Debug|Any CPU
		{5FB87DA5-3AD0-4FAF-A105-7142780DF1FD}.Release|Any CPU.ActiveCfg = Release|Any CPU
		{5FB87DA5-3AD0-4FAF-A105-7142780DF1FD}.Release|Any CPU.Build.0 = Release|Any CPU
		{5FB87DA5-3AD0-4FAF-A105-7142780DF1FD}.Unity|Any CPU.ActiveCfg = Unity|Any CPU
		{5FB87DA5-3AD0-4FAF-A105-7142780DF1FD}.Unity|Any CPU.Build.0 = Unity|Any CPU
		{5FB87DA5-3AD0-4FAF-A105-7142780DF1FD}.UnityDebug|Any CPU.ActiveCfg = UnityDebug|Any CPU
		{5FB87DA5-3AD0-4FAF-A105-7142780DF1FD}.UnityDebug|Any CPU.Build.0 = UnityDebug|Any CPU
		{662F412F-1A9D-430C-8CF7-0AE0D4605C45}.Debug|Any CPU.ActiveCfg = Debug|Any CPU
		{662F412F-1A9D-430C-8CF7-0AE0D4605C45}.Debug|Any CPU.Build.0 = Debug|Any CPU
		{662F412F-1A9D-430C-8CF7-0AE0D4605C45}.Release|Any CPU.ActiveCfg = Release|Any CPU
		{662F412F-1A9D-430C-8CF7-0AE0D4605C45}.Release|Any CPU.Build.0 = Release|Any CPU
		{662F412F-1A9D-430C-8CF7-0AE0D4605C45}.Unity|Any CPU.ActiveCfg = Unity|Any CPU
		{662F412F-1A9D-430C-8CF7-0AE0D4605C45}.Unity|Any CPU.Build.0 = Unity|Any CPU
		{662F412F-1A9D-430C-8CF7-0AE0D4605C45}.UnityDebug|Any CPU.ActiveCfg = UnityDebug|Any CPU
		{662F412F-1A9D-430C-8CF7-0AE0D4605C45}.UnityDebug|Any CPU.Build.0 = UnityDebug|Any CPU
		{27DE0A53-58F7-42C2-AC96-1DB2BBEDD320}.Debug|Any CPU.ActiveCfg = Debug|Any CPU
		{27DE0A53-58F7-42C2-AC96-1DB2BBEDD320}.Debug|Any CPU.Build.0 = Debug|Any CPU
		{27DE0A53-58F7-42C2-AC96-1DB2BBEDD320}.Release|Any CPU.ActiveCfg = Release|Any CPU
		{27DE0A53-58F7-42C2-AC96-1DB2BBEDD320}.Release|Any CPU.Build.0 = Release|Any CPU
		{27DE0A53-58F7-42C2-AC96-1DB2BBEDD320}.Unity|Any CPU.ActiveCfg = Unity|Any CPU
		{27DE0A53-58F7-42C2-AC96-1DB2BBEDD320}.Unity|Any CPU.Build.0 = Unity|Any CPU
		{27DE0A53-58F7-42C2-AC96-1DB2BBEDD320}.UnityDebug|Any CPU.ActiveCfg = UnityDebug|Any CPU
		{27DE0A53-58F7-42C2-AC96-1DB2BBEDD320}.UnityDebug|Any CPU.Build.0 = UnityDebug|Any CPU
		{3EE7AF9A-CBBA-41D8-8530-C207D5597628}.Debug|Any CPU.ActiveCfg = Debug|Any CPU
		{3EE7AF9A-CBBA-41D8-8530-C207D5597628}.Debug|Any CPU.Build.0 = Debug|Any CPU
		{3EE7AF9A-CBBA-41D8-8530-C207D5597628}.Release|Any CPU.ActiveCfg = Release|Any CPU
		{3EE7AF9A-CBBA-41D8-8530-C207D5597628}.Release|Any CPU.Build.0 = Release|Any CPU
		{3EE7AF9A-CBBA-41D8-8530-C207D5597628}.Unity|Any CPU.ActiveCfg = Unity|Any CPU
		{3EE7AF9A-CBBA-41D8-8530-C207D5597628}.Unity|Any CPU.Build.0 = Unity|Any CPU
		{3EE7AF9A-CBBA-41D8-8530-C207D5597628}.UnityDebug|Any CPU.ActiveCfg = UnityDebug|Any CPU
		{3EE7AF9A-CBBA-41D8-8530-C207D5597628}.UnityDebug|Any CPU.Build.0 = UnityDebug|Any CPU
		{0E80016C-ECEF-4A43-9C7F-250F6851D42A}.Debug|Any CPU.ActiveCfg = Debug|Any CPU
		{0E80016C-ECEF-4A43-9C7F-250F6851D42A}.Debug|Any CPU.Build.0 = Debug|Any CPU
		{0E80016C-ECEF-4A43-9C7F-250F6851D42A}.Release|Any CPU.ActiveCfg = Release|Any CPU
		{0E80016C-ECEF-4A43-9C7F-250F6851D42A}.Release|Any CPU.Build.0 = Release|Any CPU
		{0E80016C-ECEF-4A43-9C7F-250F6851D42A}.Unity|Any CPU.ActiveCfg = Unity|Any CPU
		{0E80016C-ECEF-4A43-9C7F-250F6851D42A}.Unity|Any CPU.Build.0 = Unity|Any CPU
		{0E80016C-ECEF-4A43-9C7F-250F6851D42A}.UnityDebug|Any CPU.ActiveCfg = UnityDebug|Any CPU
		{0E80016C-ECEF-4A43-9C7F-250F6851D42A}.UnityDebug|Any CPU.Build.0 = UnityDebug|Any CPU
		{A6EFA015-0505-4C54-A36C-0E88094C9CD4}.Debug|Any CPU.ActiveCfg = Debug|Any CPU
		{A6EFA015-0505-4C54-A36C-0E88094C9CD4}.Debug|Any CPU.Build.0 = Debug|Any CPU
		{A6EFA015-0505-4C54-A36C-0E88094C9CD4}.Release|Any CPU.ActiveCfg = Release|Any CPU
		{A6EFA015-0505-4C54-A36C-0E88094C9CD4}.Release|Any CPU.Build.0 = Release|Any CPU
		{A6EFA015-0505-4C54-A36C-0E88094C9CD4}.Unity|Any CPU.ActiveCfg = Unity|Any CPU
		{A6EFA015-0505-4C54-A36C-0E88094C9CD4}.Unity|Any CPU.Build.0 = Unity|Any CPU
		{A6EFA015-0505-4C54-A36C-0E88094C9CD4}.UnityDebug|Any CPU.ActiveCfg = UnityDebug|Any CPU
		{A6EFA015-0505-4C54-A36C-0E88094C9CD4}.UnityDebug|Any CPU.Build.0 = UnityDebug|Any CPU
		{5F89C081-6E12-479E-9B24-623718BF9A53}.Debug|Any CPU.ActiveCfg = Debug|Any CPU
		{5F89C081-6E12-479E-9B24-623718BF9A53}.Debug|Any CPU.Build.0 = Debug|Any CPU
		{5F89C081-6E12-479E-9B24-623718BF9A53}.Release|Any CPU.ActiveCfg = Release|Any CPU
		{5F89C081-6E12-479E-9B24-623718BF9A53}.Release|Any CPU.Build.0 = Release|Any CPU
		{5F89C081-6E12-479E-9B24-623718BF9A53}.Unity|Any CPU.ActiveCfg = Unity|Any CPU
		{5F89C081-6E12-479E-9B24-623718BF9A53}.Unity|Any CPU.Build.0 = Unity|Any CPU
		{5F89C081-6E12-479E-9B24-623718BF9A53}.UnityDebug|Any CPU.ActiveCfg = UnityDebug|Any CPU
		{5F89C081-6E12-479E-9B24-623718BF9A53}.UnityDebug|Any CPU.Build.0 = UnityDebug|Any CPU
		{7FA6D94E-08F8-4541-B551-9F83E2109220}.Debug|Any CPU.ActiveCfg = Debug|Any CPU
		{7FA6D94E-08F8-4541-B551-9F83E2109220}.Debug|Any CPU.Build.0 = Debug|Any CPU
		{7FA6D94E-08F8-4541-B551-9F83E2109220}.Release|Any CPU.ActiveCfg = Release|Any CPU
		{7FA6D94E-08F8-4541-B551-9F83E2109220}.Release|Any CPU.Build.0 = Release|Any CPU
		{7FA6D94E-08F8-4541-B551-9F83E2109220}.Unity|Any CPU.ActiveCfg = Unity|Any CPU
		{7FA6D94E-08F8-4541-B551-9F83E2109220}.Unity|Any CPU.Build.0 = Unity|Any CPU
		{7FA6D94E-08F8-4541-B551-9F83E2109220}.UnityDebug|Any CPU.ActiveCfg = UnityDebug|Any CPU
		{7FA6D94E-08F8-4541-B551-9F83E2109220}.UnityDebug|Any CPU.Build.0 = UnityDebug|Any CPU
		{74015980-4946-42A5-9960-4C492743CC4E}.Debug|Any CPU.ActiveCfg = Debug|Any CPU
		{74015980-4946-42A5-9960-4C492743CC4E}.Debug|Any CPU.Build.0 = Debug|Any CPU
		{74015980-4946-42A5-9960-4C492743CC4E}.Release|Any CPU.ActiveCfg = Release|Any CPU
		{74015980-4946-42A5-9960-4C492743CC4E}.Release|Any CPU.Build.0 = Release|Any CPU
		{74015980-4946-42A5-9960-4C492743CC4E}.Unity|Any CPU.ActiveCfg = Unity|Any CPU
		{74015980-4946-42A5-9960-4C492743CC4E}.Unity|Any CPU.Build.0 = Unity|Any CPU
		{74015980-4946-42A5-9960-4C492743CC4E}.UnityDebug|Any CPU.ActiveCfg = UnityDebug|Any CPU
		{74015980-4946-42A5-9960-4C492743CC4E}.UnityDebug|Any CPU.Build.0 = UnityDebug|Any CPU
		{F24DB1C2-DCFB-48B0-8929-BDD353FC305C}.Debug|Any CPU.ActiveCfg = Debug|Any CPU
		{F24DB1C2-DCFB-48B0-8929-BDD353FC305C}.Debug|Any CPU.Build.0 = Debug|Any CPU
		{F24DB1C2-DCFB-48B0-8929-BDD353FC305C}.Release|Any CPU.ActiveCfg = Release|Any CPU
		{F24DB1C2-DCFB-48B0-8929-BDD353FC305C}.Release|Any CPU.Build.0 = Release|Any CPU
		{F24DB1C2-DCFB-48B0-8929-BDD353FC305C}.Unity|Any CPU.ActiveCfg = Unity|Any CPU
		{F24DB1C2-DCFB-48B0-8929-BDD353FC305C}.Unity|Any CPU.Build.0 = Unity|Any CPU
		{F24DB1C2-DCFB-48B0-8929-BDD353FC305C}.UnityDebug|Any CPU.ActiveCfg = UnityDebug|Any CPU
		{F24DB1C2-DCFB-48B0-8929-BDD353FC305C}.UnityDebug|Any CPU.Build.0 = UnityDebug|Any CPU
		{6990998D-44BA-4034-83A4-B13F4CEE9A4A}.Debug|Any CPU.ActiveCfg = Debug|Any CPU
		{6990998D-44BA-4034-83A4-B13F4CEE9A4A}.Debug|Any CPU.Build.0 = Debug|Any CPU
		{6990998D-44BA-4034-83A4-B13F4CEE9A4A}.Release|Any CPU.ActiveCfg = Release|Any CPU
		{6990998D-44BA-4034-83A4-B13F4CEE9A4A}.Release|Any CPU.Build.0 = Release|Any CPU
		{6990998D-44BA-4034-83A4-B13F4CEE9A4A}.Unity|Any CPU.ActiveCfg = Unity|Any CPU
		{6990998D-44BA-4034-83A4-B13F4CEE9A4A}.Unity|Any CPU.Build.0 = Unity|Any CPU
		{6990998D-44BA-4034-83A4-B13F4CEE9A4A}.UnityDebug|Any CPU.ActiveCfg = UnityDebug|Any CPU
		{6990998D-44BA-4034-83A4-B13F4CEE9A4A}.UnityDebug|Any CPU.Build.0 = UnityDebug|Any CPU
		{AF57AD0E-3551-4955-8432-94B29356BF88}.Debug|Any CPU.ActiveCfg = Debug|Any CPU
		{AF57AD0E-3551-4955-8432-94B29356BF88}.Debug|Any CPU.Build.0 = Debug|Any CPU
		{AF57AD0E-3551-4955-8432-94B29356BF88}.Release|Any CPU.ActiveCfg = Release|Any CPU
		{AF57AD0E-3551-4955-8432-94B29356BF88}.Release|Any CPU.Build.0 = Release|Any CPU
		{AF57AD0E-3551-4955-8432-94B29356BF88}.Unity|Any CPU.ActiveCfg = Unity|Any CPU
		{AF57AD0E-3551-4955-8432-94B29356BF88}.Unity|Any CPU.Build.0 = Unity|Any CPU
		{AF57AD0E-3551-4955-8432-94B29356BF88}.UnityDebug|Any CPU.ActiveCfg = UnityDebug|Any CPU
		{AF57AD0E-3551-4955-8432-94B29356BF88}.UnityDebug|Any CPU.Build.0 = UnityDebug|Any CPU
		{DA121B78-44C3-4BFD-B422-A11F8DED6DE5}.Debug|Any CPU.ActiveCfg = Debug|Any CPU
		{DA121B78-44C3-4BFD-B422-A11F8DED6DE5}.Debug|Any CPU.Build.0 = Debug|Any CPU
		{DA121B78-44C3-4BFD-B422-A11F8DED6DE5}.Release|Any CPU.ActiveCfg = Release|Any CPU
		{DA121B78-44C3-4BFD-B422-A11F8DED6DE5}.Release|Any CPU.Build.0 = Release|Any CPU
		{DA121B78-44C3-4BFD-B422-A11F8DED6DE5}.Unity|Any CPU.ActiveCfg = Unity|Any CPU
		{DA121B78-44C3-4BFD-B422-A11F8DED6DE5}.Unity|Any CPU.Build.0 = Unity|Any CPU
		{DA121B78-44C3-4BFD-B422-A11F8DED6DE5}.UnityDebug|Any CPU.ActiveCfg = UnityDebug|Any CPU
		{DA121B78-44C3-4BFD-B422-A11F8DED6DE5}.UnityDebug|Any CPU.Build.0 = UnityDebug|Any CPU
		{EB32C496-F543-4C79-9512-D6D3EA772DA7}.Debug|Any CPU.ActiveCfg = Debug|Any CPU
		{EB32C496-F543-4C79-9512-D6D3EA772DA7}.Debug|Any CPU.Build.0 = Debug|Any CPU
		{EB32C496-F543-4C79-9512-D6D3EA772DA7}.Release|Any CPU.ActiveCfg = Release|Any CPU
		{EB32C496-F543-4C79-9512-D6D3EA772DA7}.Release|Any CPU.Build.0 = Release|Any CPU
		{EB32C496-F543-4C79-9512-D6D3EA772DA7}.Unity|Any CPU.ActiveCfg = Unity|Any CPU
		{EB32C496-F543-4C79-9512-D6D3EA772DA7}.Unity|Any CPU.Build.0 = Unity|Any CPU
		{EB32C496-F543-4C79-9512-D6D3EA772DA7}.UnityDebug|Any CPU.ActiveCfg = UnityDebug|Any CPU
		{EB32C496-F543-4C79-9512-D6D3EA772DA7}.UnityDebug|Any CPU.Build.0 = UnityDebug|Any CPU
		{0542766C-0BD3-4B87-84DF-73AAF753DC92}.Debug|Any CPU.ActiveCfg = Debug|Any CPU
		{0542766C-0BD3-4B87-84DF-73AAF753DC92}.Debug|Any CPU.Build.0 = Debug|Any CPU
		{0542766C-0BD3-4B87-84DF-73AAF753DC92}.Release|Any CPU.ActiveCfg = Release|Any CPU
		{0542766C-0BD3-4B87-84DF-73AAF753DC92}.Release|Any CPU.Build.0 = Release|Any CPU
		{0542766C-0BD3-4B87-84DF-73AAF753DC92}.Unity|Any CPU.ActiveCfg = Unity|Any CPU
		{0542766C-0BD3-4B87-84DF-73AAF753DC92}.Unity|Any CPU.Build.0 = Unity|Any CPU
		{0542766C-0BD3-4B87-84DF-73AAF753DC92}.UnityDebug|Any CPU.ActiveCfg = UnityDebug|Any CPU
		{0542766C-0BD3-4B87-84DF-73AAF753DC92}.UnityDebug|Any CPU.Build.0 = UnityDebug|Any CPU
		{B99A4973-60B0-4FDC-BD6B-E0ECE958FFCA}.Debug|Any CPU.ActiveCfg = Debug|Any CPU
		{B99A4973-60B0-4FDC-BD6B-E0ECE958FFCA}.Debug|Any CPU.Build.0 = Debug|Any CPU
		{B99A4973-60B0-4FDC-BD6B-E0ECE958FFCA}.Release|Any CPU.ActiveCfg = Release|Any CPU
		{B99A4973-60B0-4FDC-BD6B-E0ECE958FFCA}.Release|Any CPU.Build.0 = Release|Any CPU
		{B99A4973-60B0-4FDC-BD6B-E0ECE958FFCA}.Unity|Any CPU.ActiveCfg = Unity|Any CPU
		{B99A4973-60B0-4FDC-BD6B-E0ECE958FFCA}.Unity|Any CPU.Build.0 = Unity|Any CPU
		{B99A4973-60B0-4FDC-BD6B-E0ECE958FFCA}.UnityDebug|Any CPU.ActiveCfg = UnityDebug|Any CPU
		{B99A4973-60B0-4FDC-BD6B-E0ECE958FFCA}.UnityDebug|Any CPU.Build.0 = UnityDebug|Any CPU
		{39014ABC-0A66-4045-A847-E8F86E7DF8CD}.Debug|Any CPU.ActiveCfg = Debug|Any CPU
		{39014ABC-0A66-4045-A847-E8F86E7DF8CD}.Debug|Any CPU.Build.0 = Debug|Any CPU
		{39014ABC-0A66-4045-A847-E8F86E7DF8CD}.Release|Any CPU.ActiveCfg = Release|Any CPU
		{39014ABC-0A66-4045-A847-E8F86E7DF8CD}.Release|Any CPU.Build.0 = Release|Any CPU
		{39014ABC-0A66-4045-A847-E8F86E7DF8CD}.Unity|Any CPU.ActiveCfg = Unity|Any CPU
		{39014ABC-0A66-4045-A847-E8F86E7DF8CD}.Unity|Any CPU.Build.0 = Unity|Any CPU
		{39014ABC-0A66-4045-A847-E8F86E7DF8CD}.UnityDebug|Any CPU.ActiveCfg = UnityDebug|Any CPU
		{39014ABC-0A66-4045-A847-E8F86E7DF8CD}.UnityDebug|Any CPU.Build.0 = UnityDebug|Any CPU
		{CEF9270C-11EB-49DA-86F2-0835A2613DD4}.Debug|Any CPU.ActiveCfg = Debug|Any CPU
		{CEF9270C-11EB-49DA-86F2-0835A2613DD4}.Debug|Any CPU.Build.0 = Debug|Any CPU
		{CEF9270C-11EB-49DA-86F2-0835A2613DD4}.Release|Any CPU.ActiveCfg = Release|Any CPU
		{CEF9270C-11EB-49DA-86F2-0835A2613DD4}.Release|Any CPU.Build.0 = Release|Any CPU
		{CEF9270C-11EB-49DA-86F2-0835A2613DD4}.Unity|Any CPU.ActiveCfg = Unity|Any CPU
		{CEF9270C-11EB-49DA-86F2-0835A2613DD4}.Unity|Any CPU.Build.0 = Unity|Any CPU
		{CEF9270C-11EB-49DA-86F2-0835A2613DD4}.UnityDebug|Any CPU.ActiveCfg = UnityDebug|Any CPU
		{CEF9270C-11EB-49DA-86F2-0835A2613DD4}.UnityDebug|Any CPU.Build.0 = UnityDebug|Any CPU
		{427C01C0-2B4A-4D1B-9082-A666DF0ADAE8}.Debug|Any CPU.ActiveCfg = Debug|Any CPU
		{427C01C0-2B4A-4D1B-9082-A666DF0ADAE8}.Debug|Any CPU.Build.0 = Debug|Any CPU
		{427C01C0-2B4A-4D1B-9082-A666DF0ADAE8}.Release|Any CPU.ActiveCfg = Release|Any CPU
		{427C01C0-2B4A-4D1B-9082-A666DF0ADAE8}.Release|Any CPU.Build.0 = Release|Any CPU
		{427C01C0-2B4A-4D1B-9082-A666DF0ADAE8}.Unity|Any CPU.ActiveCfg = Unity|Any CPU
		{427C01C0-2B4A-4D1B-9082-A666DF0ADAE8}.Unity|Any CPU.Build.0 = Unity|Any CPU
		{427C01C0-2B4A-4D1B-9082-A666DF0ADAE8}.UnityDebug|Any CPU.ActiveCfg = UnityDebug|Any CPU
		{427C01C0-2B4A-4D1B-9082-A666DF0ADAE8}.UnityDebug|Any CPU.Build.0 = UnityDebug|Any CPU
		{6CB9319B-3ED3-420D-A8B1-27328424A87C}.Debug|Any CPU.ActiveCfg = Debug|Any CPU
		{6CB9319B-3ED3-420D-A8B1-27328424A87C}.Debug|Any CPU.Build.0 = Debug|Any CPU
		{6CB9319B-3ED3-420D-A8B1-27328424A87C}.Release|Any CPU.ActiveCfg = Release|Any CPU
		{6CB9319B-3ED3-420D-A8B1-27328424A87C}.Release|Any CPU.Build.0 = Release|Any CPU
		{6CB9319B-3ED3-420D-A8B1-27328424A87C}.Unity|Any CPU.ActiveCfg = Unity|Any CPU
		{6CB9319B-3ED3-420D-A8B1-27328424A87C}.Unity|Any CPU.Build.0 = Unity|Any CPU
		{6CB9319B-3ED3-420D-A8B1-27328424A87C}.UnityDebug|Any CPU.ActiveCfg = UnityDebug|Any CPU
		{6CB9319B-3ED3-420D-A8B1-27328424A87C}.UnityDebug|Any CPU.Build.0 = UnityDebug|Any CPU
		{6FE2D86E-3DAA-429A-AE04-DD435C5F5465}.Debug|Any CPU.ActiveCfg = Debug|Any CPU
		{6FE2D86E-3DAA-429A-AE04-DD435C5F5465}.Debug|Any CPU.Build.0 = Debug|Any CPU
		{6FE2D86E-3DAA-429A-AE04-DD435C5F5465}.Release|Any CPU.ActiveCfg = Release|Any CPU
		{6FE2D86E-3DAA-429A-AE04-DD435C5F5465}.Release|Any CPU.Build.0 = Release|Any CPU
		{6FE2D86E-3DAA-429A-AE04-DD435C5F5465}.Unity|Any CPU.ActiveCfg = Unity|Any CPU
		{6FE2D86E-3DAA-429A-AE04-DD435C5F5465}.Unity|Any CPU.Build.0 = Unity|Any CPU
		{6FE2D86E-3DAA-429A-AE04-DD435C5F5465}.UnityDebug|Any CPU.ActiveCfg = UnityDebug|Any CPU
		{6FE2D86E-3DAA-429A-AE04-DD435C5F5465}.UnityDebug|Any CPU.Build.0 = UnityDebug|Any CPU
		{0F187EEE-E49D-4D37-8727-FB1B28E35336}.Debug|Any CPU.ActiveCfg = Debug|Any CPU
		{0F187EEE-E49D-4D37-8727-FB1B28E35336}.Debug|Any CPU.Build.0 = Debug|Any CPU
		{0F187EEE-E49D-4D37-8727-FB1B28E35336}.Release|Any CPU.ActiveCfg = Release|Any CPU
		{0F187EEE-E49D-4D37-8727-FB1B28E35336}.Release|Any CPU.Build.0 = Release|Any CPU
		{0F187EEE-E49D-4D37-8727-FB1B28E35336}.Unity|Any CPU.ActiveCfg = Unity|Any CPU
		{0F187EEE-E49D-4D37-8727-FB1B28E35336}.Unity|Any CPU.Build.0 = Unity|Any CPU
		{0F187EEE-E49D-4D37-8727-FB1B28E35336}.UnityDebug|Any CPU.ActiveCfg = UnityDebug|Any CPU
		{0F187EEE-E49D-4D37-8727-FB1B28E35336}.UnityDebug|Any CPU.Build.0 = UnityDebug|Any CPU
		{6692F477-6C7A-41BB-95D0-57F6BC0438C6}.Debug|Any CPU.ActiveCfg = Debug|Any CPU
		{6692F477-6C7A-41BB-95D0-57F6BC0438C6}.Debug|Any CPU.Build.0 = Debug|Any CPU
		{6692F477-6C7A-41BB-95D0-57F6BC0438C6}.Release|Any CPU.ActiveCfg = Release|Any CPU
		{6692F477-6C7A-41BB-95D0-57F6BC0438C6}.Release|Any CPU.Build.0 = Release|Any CPU
		{6692F477-6C7A-41BB-95D0-57F6BC0438C6}.Unity|Any CPU.ActiveCfg = Unity|Any CPU
		{6692F477-6C7A-41BB-95D0-57F6BC0438C6}.Unity|Any CPU.Build.0 = Unity|Any CPU
		{6692F477-6C7A-41BB-95D0-57F6BC0438C6}.UnityDebug|Any CPU.ActiveCfg = UnityDebug|Any CPU
		{6692F477-6C7A-41BB-95D0-57F6BC0438C6}.UnityDebug|Any CPU.Build.0 = UnityDebug|Any CPU
		{E21CC745-DAAE-447F-B736-D505531414DD}.Debug|Any CPU.ActiveCfg = Debug|Any CPU
		{E21CC745-DAAE-447F-B736-D505531414DD}.Debug|Any CPU.Build.0 = Debug|Any CPU
		{E21CC745-DAAE-447F-B736-D505531414DD}.Release|Any CPU.ActiveCfg = Release|Any CPU
		{E21CC745-DAAE-447F-B736-D505531414DD}.Release|Any CPU.Build.0 = Release|Any CPU
		{E21CC745-DAAE-447F-B736-D505531414DD}.Unity|Any CPU.ActiveCfg = Unity|Any CPU
		{E21CC745-DAAE-447F-B736-D505531414DD}.Unity|Any CPU.Build.0 = Unity|Any CPU
		{E21CC745-DAAE-447F-B736-D505531414DD}.UnityDebug|Any CPU.ActiveCfg = UnityDebug|Any CPU
		{E21CC745-DAAE-447F-B736-D505531414DD}.UnityDebug|Any CPU.Build.0 = UnityDebug|Any CPU
		{885B3E76-2CA9-45D9-8DB9-B33A584A38D8}.Debug|Any CPU.ActiveCfg = Debug|Any CPU
		{885B3E76-2CA9-45D9-8DB9-B33A584A38D8}.Debug|Any CPU.Build.0 = Debug|Any CPU
		{885B3E76-2CA9-45D9-8DB9-B33A584A38D8}.Release|Any CPU.ActiveCfg = Release|Any CPU
		{885B3E76-2CA9-45D9-8DB9-B33A584A38D8}.Release|Any CPU.Build.0 = Release|Any CPU
		{885B3E76-2CA9-45D9-8DB9-B33A584A38D8}.Unity|Any CPU.ActiveCfg = Unity|Any CPU
		{885B3E76-2CA9-45D9-8DB9-B33A584A38D8}.Unity|Any CPU.Build.0 = Unity|Any CPU
		{885B3E76-2CA9-45D9-8DB9-B33A584A38D8}.UnityDebug|Any CPU.ActiveCfg = UnityDebug|Any CPU
		{885B3E76-2CA9-45D9-8DB9-B33A584A38D8}.UnityDebug|Any CPU.Build.0 = UnityDebug|Any CPU
		{83AC6852-9626-4D20-9AC5-F460C47A7FA4}.Debug|Any CPU.ActiveCfg = Debug|Any CPU
		{83AC6852-9626-4D20-9AC5-F460C47A7FA4}.Debug|Any CPU.Build.0 = Debug|Any CPU
		{83AC6852-9626-4D20-9AC5-F460C47A7FA4}.Release|Any CPU.ActiveCfg = Release|Any CPU
		{83AC6852-9626-4D20-9AC5-F460C47A7FA4}.Release|Any CPU.Build.0 = Release|Any CPU
		{83AC6852-9626-4D20-9AC5-F460C47A7FA4}.Unity|Any CPU.ActiveCfg = Unity|Any CPU
		{83AC6852-9626-4D20-9AC5-F460C47A7FA4}.Unity|Any CPU.Build.0 = Unity|Any CPU
		{83AC6852-9626-4D20-9AC5-F460C47A7FA4}.UnityDebug|Any CPU.ActiveCfg = UnityDebug|Any CPU
		{83AC6852-9626-4D20-9AC5-F460C47A7FA4}.UnityDebug|Any CPU.Build.0 = UnityDebug|Any CPU
		{70D45EA5-DE8F-450D-97C8-6BED06D2D5EC}.Debug|Any CPU.ActiveCfg = Debug|Any CPU
		{70D45EA5-DE8F-450D-97C8-6BED06D2D5EC}.Debug|Any CPU.Build.0 = Debug|Any CPU
		{70D45EA5-DE8F-450D-97C8-6BED06D2D5EC}.Release|Any CPU.ActiveCfg = Release|Any CPU
		{70D45EA5-DE8F-450D-97C8-6BED06D2D5EC}.Release|Any CPU.Build.0 = Release|Any CPU
		{70D45EA5-DE8F-450D-97C8-6BED06D2D5EC}.Unity|Any CPU.ActiveCfg = Unity|Any CPU
		{70D45EA5-DE8F-450D-97C8-6BED06D2D5EC}.Unity|Any CPU.Build.0 = Unity|Any CPU
		{70D45EA5-DE8F-450D-97C8-6BED06D2D5EC}.UnityDebug|Any CPU.ActiveCfg = UnityDebug|Any CPU
		{70D45EA5-DE8F-450D-97C8-6BED06D2D5EC}.UnityDebug|Any CPU.Build.0 = UnityDebug|Any CPU
		{0565E2EF-394A-41D8-991F-1F1990148120}.Debug|Any CPU.ActiveCfg = Debug|Any CPU
		{0565E2EF-394A-41D8-991F-1F1990148120}.Debug|Any CPU.Build.0 = Debug|Any CPU
		{0565E2EF-394A-41D8-991F-1F1990148120}.Release|Any CPU.ActiveCfg = Release|Any CPU
		{0565E2EF-394A-41D8-991F-1F1990148120}.Release|Any CPU.Build.0 = Release|Any CPU
		{0565E2EF-394A-41D8-991F-1F1990148120}.Unity|Any CPU.ActiveCfg = Unity|Any CPU
		{0565E2EF-394A-41D8-991F-1F1990148120}.Unity|Any CPU.Build.0 = Unity|Any CPU
		{0565E2EF-394A-41D8-991F-1F1990148120}.UnityDebug|Any CPU.ActiveCfg = UnityDebug|Any CPU
		{0565E2EF-394A-41D8-991F-1F1990148120}.UnityDebug|Any CPU.Build.0 = UnityDebug|Any CPU
		{C5B5D2AA-9EFF-4863-8E2E-2716E86F1E77}.Debug|Any CPU.ActiveCfg = Debug|Any CPU
		{C5B5D2AA-9EFF-4863-8E2E-2716E86F1E77}.Debug|Any CPU.Build.0 = Debug|Any CPU
		{C5B5D2AA-9EFF-4863-8E2E-2716E86F1E77}.Release|Any CPU.ActiveCfg = Release|Any CPU
		{C5B5D2AA-9EFF-4863-8E2E-2716E86F1E77}.Release|Any CPU.Build.0 = Release|Any CPU
		{C5B5D2AA-9EFF-4863-8E2E-2716E86F1E77}.Unity|Any CPU.ActiveCfg = Unity|Any CPU
		{C5B5D2AA-9EFF-4863-8E2E-2716E86F1E77}.Unity|Any CPU.Build.0 = Unity|Any CPU
		{C5B5D2AA-9EFF-4863-8E2E-2716E86F1E77}.UnityDebug|Any CPU.ActiveCfg = UnityDebug|Any CPU
		{C5B5D2AA-9EFF-4863-8E2E-2716E86F1E77}.UnityDebug|Any CPU.Build.0 = UnityDebug|Any CPU
		{7D0DDF86-6CAC-4AF4-8473-903A734A8E98}.Debug|Any CPU.ActiveCfg = Debug|Any CPU
		{7D0DDF86-6CAC-4AF4-8473-903A734A8E98}.Debug|Any CPU.Build.0 = Debug|Any CPU
		{7D0DDF86-6CAC-4AF4-8473-903A734A8E98}.Release|Any CPU.ActiveCfg = Release|Any CPU
		{7D0DDF86-6CAC-4AF4-8473-903A734A8E98}.Release|Any CPU.Build.0 = Release|Any CPU
		{7D0DDF86-6CAC-4AF4-8473-903A734A8E98}.Unity|Any CPU.ActiveCfg = Unity|Any CPU
		{7D0DDF86-6CAC-4AF4-8473-903A734A8E98}.Unity|Any CPU.Build.0 = Unity|Any CPU
		{7D0DDF86-6CAC-4AF4-8473-903A734A8E98}.UnityDebug|Any CPU.ActiveCfg = UnityDebug|Any CPU
		{7D0DDF86-6CAC-4AF4-8473-903A734A8E98}.UnityDebug|Any CPU.Build.0 = UnityDebug|Any CPU
		{ABFEC9AA-4C55-4818-A3CA-3B0248E75D73}.Debug|Any CPU.ActiveCfg = Debug|Any CPU
		{ABFEC9AA-4C55-4818-A3CA-3B0248E75D73}.Debug|Any CPU.Build.0 = Debug|Any CPU
		{ABFEC9AA-4C55-4818-A3CA-3B0248E75D73}.Release|Any CPU.ActiveCfg = Release|Any CPU
		{ABFEC9AA-4C55-4818-A3CA-3B0248E75D73}.Release|Any CPU.Build.0 = Release|Any CPU
		{ABFEC9AA-4C55-4818-A3CA-3B0248E75D73}.Unity|Any CPU.ActiveCfg = Unity|Any CPU
		{ABFEC9AA-4C55-4818-A3CA-3B0248E75D73}.Unity|Any CPU.Build.0 = Unity|Any CPU
		{ABFEC9AA-4C55-4818-A3CA-3B0248E75D73}.UnityDebug|Any CPU.ActiveCfg = UnityDebug|Any CPU
		{ABFEC9AA-4C55-4818-A3CA-3B0248E75D73}.UnityDebug|Any CPU.Build.0 = UnityDebug|Any CPU
		{49444D05-39A5-4262-8A1F-8910E69F0CF2}.Debug|Any CPU.ActiveCfg = Debug|Any CPU
		{49444D05-39A5-4262-8A1F-8910E69F0CF2}.Debug|Any CPU.Build.0 = Debug|Any CPU
		{49444D05-39A5-4262-8A1F-8910E69F0CF2}.Release|Any CPU.ActiveCfg = Release|Any CPU
		{49444D05-39A5-4262-8A1F-8910E69F0CF2}.Release|Any CPU.Build.0 = Release|Any CPU
		{49444D05-39A5-4262-8A1F-8910E69F0CF2}.Unity|Any CPU.ActiveCfg = Unity|Any CPU
		{49444D05-39A5-4262-8A1F-8910E69F0CF2}.Unity|Any CPU.Build.0 = Unity|Any CPU
		{49444D05-39A5-4262-8A1F-8910E69F0CF2}.UnityDebug|Any CPU.ActiveCfg = UnityDebug|Any CPU
		{49444D05-39A5-4262-8A1F-8910E69F0CF2}.UnityDebug|Any CPU.Build.0 = UnityDebug|Any CPU
		{B90CCDBE-EA41-4F13-8F8E-5DC3D80FFC2C}.Debug|Any CPU.ActiveCfg = Debug|Any CPU
		{B90CCDBE-EA41-4F13-8F8E-5DC3D80FFC2C}.Debug|Any CPU.Build.0 = Debug|Any CPU
		{B90CCDBE-EA41-4F13-8F8E-5DC3D80FFC2C}.Release|Any CPU.ActiveCfg = Release|Any CPU
		{B90CCDBE-EA41-4F13-8F8E-5DC3D80FFC2C}.Release|Any CPU.Build.0 = Release|Any CPU
		{B90CCDBE-EA41-4F13-8F8E-5DC3D80FFC2C}.Unity|Any CPU.ActiveCfg = Unity|Any CPU
		{B90CCDBE-EA41-4F13-8F8E-5DC3D80FFC2C}.Unity|Any CPU.Build.0 = Unity|Any CPU
		{B90CCDBE-EA41-4F13-8F8E-5DC3D80FFC2C}.UnityDebug|Any CPU.ActiveCfg = UnityDebug|Any CPU
		{B90CCDBE-EA41-4F13-8F8E-5DC3D80FFC2C}.UnityDebug|Any CPU.Build.0 = UnityDebug|Any CPU
		{6A915716-A267-4F77-8F12-6EC30B22003B}.Debug|Any CPU.ActiveCfg = Debug|Any CPU
		{6A915716-A267-4F77-8F12-6EC30B22003B}.Debug|Any CPU.Build.0 = Debug|Any CPU
		{6A915716-A267-4F77-8F12-6EC30B22003B}.Release|Any CPU.ActiveCfg = Release|Any CPU
		{6A915716-A267-4F77-8F12-6EC30B22003B}.Release|Any CPU.Build.0 = Release|Any CPU
		{6A915716-A267-4F77-8F12-6EC30B22003B}.Unity|Any CPU.ActiveCfg = Unity|Any CPU
		{6A915716-A267-4F77-8F12-6EC30B22003B}.Unity|Any CPU.Build.0 = Unity|Any CPU
		{6A915716-A267-4F77-8F12-6EC30B22003B}.UnityDebug|Any CPU.ActiveCfg = UnityDebug|Any CPU
		{6A915716-A267-4F77-8F12-6EC30B22003B}.UnityDebug|Any CPU.Build.0 = UnityDebug|Any CPU
	EndGlobalSection
	GlobalSection(SolutionProperties) = preSolution
		HideSolutionNode = FALSE
	EndGlobalSection
	GlobalSection(NestedProjects) = preSolution
		{DDA13465-1599-4820-B205-611CE38F6078} = {E9A00D94-18F7-42D0-9DCB-437C0CC06CF4}
		{F6BC2ABB-2544-4916-8C02-996845ED51FD} = {E9A00D94-18F7-42D0-9DCB-437C0CC06CF4}
		{DE61619C-B86C-47DB-A4A3-CEF0EF6A77AF} = {0AAB75FC-E7F0-4E72-9E30-333B87EDB167}
		{AB96661B-4A34-41AE-AC73-9EE2CBF987DA} = {0AAB75FC-E7F0-4E72-9E30-333B87EDB167}
		{217B185B-D5AB-4FEE-A9FC-5E555DC51580} = {7EFE4097-7CBF-468E-966F-1C4702A6F1C1}
		{D944E107-18A6-44AE-89ED-673DAF1952D1} = {7EFE4097-7CBF-468E-966F-1C4702A6F1C1}
		{1947928E-44BD-4E11-A8C9-D726A1F0A8E7} = {7EFE4097-7CBF-468E-966F-1C4702A6F1C1}
		{D95BCB55-7F18-4DD0-876E-0A586A03FB39} = {7EFE4097-7CBF-468E-966F-1C4702A6F1C1}
		{D13E875C-99C3-4C59-9E0A-51F1D1F9E284} = {7EFE4097-7CBF-468E-966F-1C4702A6F1C1}
		{31B4D318-39D3-4296-BF09-FC46528386B3} = {217B185B-D5AB-4FEE-A9FC-5E555DC51580}
		{BC085F89-A1B0-4FCF-B2C3-5F3967D94C26} = {217B185B-D5AB-4FEE-A9FC-5E555DC51580}
		{C46734C0-2FD9-430F-B92E-3BD8D055A5BA} = {217B185B-D5AB-4FEE-A9FC-5E555DC51580}
		{3E0C73CE-2995-41F3-A38D-5356D0C32C34} = {D944E107-18A6-44AE-89ED-673DAF1952D1}
		{1D2ABBF7-F2C0-4DEA-A3B4-102000FAD893} = {D944E107-18A6-44AE-89ED-673DAF1952D1}
		{CA32214E-75E1-40DD-BAA4-03A2BDFEB8B2} = {217B185B-D5AB-4FEE-A9FC-5E555DC51580}
		{C0AD257A-E0E8-4798-A6AE-A40EED479964} = {217B185B-D5AB-4FEE-A9FC-5E555DC51580}
		{2BC3BABE-30BD-41C7-AFA3-810801D63C34} = {217B185B-D5AB-4FEE-A9FC-5E555DC51580}
		{92273663-B27B-4C2F-A31C-67E05BB03C1B} = {217B185B-D5AB-4FEE-A9FC-5E555DC51580}
		{3B930D23-C7D2-4A2B-B607-CCF3FD660F64} = {77F1BD42-04DA-4EC7-8FD1-24A2698D1D5B}
		{B5BB912E-7008-40C5-A3BE-CB3841AC7E78} = {77F1BD42-04DA-4EC7-8FD1-24A2698D1D5B}
		{2CA67ABE-F7DC-4E98-8A65-440AE27FF458} = {77F1BD42-04DA-4EC7-8FD1-24A2698D1D5B}
		{700CE303-BDC9-4D27-B220-1C20C6F2AC3A} = {3B930D23-C7D2-4A2B-B607-CCF3FD660F64}
		{07A9F5C4-8C64-4F1B-B07D-C0DF7A905C0B} = {3B930D23-C7D2-4A2B-B607-CCF3FD660F64}
		{375F419C-209A-4776-A86A-8B42CD31CC65} = {3B930D23-C7D2-4A2B-B607-CCF3FD660F64}
		{0A837AF1-71C4-4FCC-BA53-E66D7CD1D1D6} = {3B930D23-C7D2-4A2B-B607-CCF3FD660F64}
		{2428A61F-6AAC-4EA7-9693-100E68D42E84} = {3B930D23-C7D2-4A2B-B607-CCF3FD660F64}
		{A4A939B0-2F70-4C56-8C4F-AD512AC0840B} = {3B930D23-C7D2-4A2B-B607-CCF3FD660F64}
		{A11FDAE0-DD80-404C-BE84-51B7357EF3AB} = {B5BB912E-7008-40C5-A3BE-CB3841AC7E78}
		{FFE7249D-833D-4132-A8C7-6D09F25C2393} = {B5BB912E-7008-40C5-A3BE-CB3841AC7E78}
		{37281BE1-638E-486F-9E56-BE1B84585830} = {FFE7249D-833D-4132-A8C7-6D09F25C2393}
		{90F4E4EE-1385-42B0-A3C5-3941CC9C830F} = {BF4CCFA5-6BA0-40CF-B854-6013A2F944EA}
		{5FB87DA5-3AD0-4FAF-A105-7142780DF1FD} = {90F4E4EE-1385-42B0-A3C5-3941CC9C830F}
		{662F412F-1A9D-430C-8CF7-0AE0D4605C45} = {90F4E4EE-1385-42B0-A3C5-3941CC9C830F}
		{27DE0A53-58F7-42C2-AC96-1DB2BBEDD320} = {90F4E4EE-1385-42B0-A3C5-3941CC9C830F}
		{3EE7AF9A-CBBA-41D8-8530-C207D5597628} = {DE61619C-B86C-47DB-A4A3-CEF0EF6A77AF}
		{0E80016C-ECEF-4A43-9C7F-250F6851D42A} = {FFE7249D-833D-4132-A8C7-6D09F25C2393}
		{84856FC4-AAF4-4C26-BA2F-2424167B2C5F} = {BF4CCFA5-6BA0-40CF-B854-6013A2F944EA}
		{A6EFA015-0505-4C54-A36C-0E88094C9CD4} = {84856FC4-AAF4-4C26-BA2F-2424167B2C5F}
		{5F89C081-6E12-479E-9B24-623718BF9A53} = {7EFE4097-7CBF-468E-966F-1C4702A6F1C1}
		{7FA6D94E-08F8-4541-B551-9F83E2109220} = {217B185B-D5AB-4FEE-A9FC-5E555DC51580}
		{74015980-4946-42A5-9960-4C492743CC4E} = {217B185B-D5AB-4FEE-A9FC-5E555DC51580}
		{F24DB1C2-DCFB-48B0-8929-BDD353FC305C} = {217B185B-D5AB-4FEE-A9FC-5E555DC51580}
		{6990998D-44BA-4034-83A4-B13F4CEE9A4A} = {217B185B-D5AB-4FEE-A9FC-5E555DC51580}
		{AF57AD0E-3551-4955-8432-94B29356BF88} = {217B185B-D5AB-4FEE-A9FC-5E555DC51580}
		{DA121B78-44C3-4BFD-B422-A11F8DED6DE5} = {217B185B-D5AB-4FEE-A9FC-5E555DC51580}
		{EB32C496-F543-4C79-9512-D6D3EA772DA7} = {84856FC4-AAF4-4C26-BA2F-2424167B2C5F}
		{22949C88-0480-420F-BB4E-D46939884CBE} = {BF4CCFA5-6BA0-40CF-B854-6013A2F944EA}
		{76AC21D5-F2E4-40CF-9FE3-14D53FECB9AE} = {BF4CCFA5-6BA0-40CF-B854-6013A2F944EA}
		{0542766C-0BD3-4B87-84DF-73AAF753DC92} = {76AC21D5-F2E4-40CF-9FE3-14D53FECB9AE}
		{B99A4973-60B0-4FDC-BD6B-E0ECE958FFCA} = {76AC21D5-F2E4-40CF-9FE3-14D53FECB9AE}
		{39014ABC-0A66-4045-A847-E8F86E7DF8CD} = {22949C88-0480-420F-BB4E-D46939884CBE}
		{CEF9270C-11EB-49DA-86F2-0835A2613DD4} = {22949C88-0480-420F-BB4E-D46939884CBE}
		{427C01C0-2B4A-4D1B-9082-A666DF0ADAE8} = {22949C88-0480-420F-BB4E-D46939884CBE}
		{0363D71F-E59A-44DE-9B57-4608FCC3F727} = {90F4E4EE-1385-42B0-A3C5-3941CC9C830F}
		{6CB9319B-3ED3-420D-A8B1-27328424A87C} = {0363D71F-E59A-44DE-9B57-4608FCC3F727}
		{6FE2D86E-3DAA-429A-AE04-DD435C5F5465} = {0363D71F-E59A-44DE-9B57-4608FCC3F727}
		{C9D52716-D864-43BE-AD2A-3D81B6B8D450} = {76AC21D5-F2E4-40CF-9FE3-14D53FECB9AE}
		{0F187EEE-E49D-4D37-8727-FB1B28E35336} = {C9D52716-D864-43BE-AD2A-3D81B6B8D450}
		{6692F477-6C7A-41BB-95D0-57F6BC0438C6} = {C9D52716-D864-43BE-AD2A-3D81B6B8D450}
		{A0493FE7-1FCE-4127-B3B3-583622174313} = {22949C88-0480-420F-BB4E-D46939884CBE}
		{E21CC745-DAAE-447F-B736-D505531414DD} = {A0493FE7-1FCE-4127-B3B3-583622174313}
		{885B3E76-2CA9-45D9-8DB9-B33A584A38D8} = {A0493FE7-1FCE-4127-B3B3-583622174313}
		{83AC6852-9626-4D20-9AC5-F460C47A7FA4} = {0363D71F-E59A-44DE-9B57-4608FCC3F727}
		{70D45EA5-DE8F-450D-97C8-6BED06D2D5EC} = {7EFE4097-7CBF-468E-966F-1C4702A6F1C1}
		{99DAAF4A-5A5C-47BC-BEB4-95F09A1A57F6} = {7EFE4097-7CBF-468E-966F-1C4702A6F1C1}
		{0565E2EF-394A-41D8-991F-1F1990148120} = {99DAAF4A-5A5C-47BC-BEB4-95F09A1A57F6}
		{C5B5D2AA-9EFF-4863-8E2E-2716E86F1E77} = {99DAAF4A-5A5C-47BC-BEB4-95F09A1A57F6}
		{7D0DDF86-6CAC-4AF4-8473-903A734A8E98} = {A0493FE7-1FCE-4127-B3B3-583622174313}
		{ABFEC9AA-4C55-4818-A3CA-3B0248E75D73} = {D944E107-18A6-44AE-89ED-673DAF1952D1}
		{49444D05-39A5-4262-8A1F-8910E69F0CF2} = {C9D52716-D864-43BE-AD2A-3D81B6B8D450}
		{B90CCDBE-EA41-4F13-8F8E-5DC3D80FFC2C} = {22949C88-0480-420F-BB4E-D46939884CBE}
		{6A915716-A267-4F77-8F12-6EC30B22003B} = {A0493FE7-1FCE-4127-B3B3-583622174313}
	EndGlobalSection
	GlobalSection(ExtensibilityGlobals) = postSolution
		SolutionGuid = {FAC0C61D-775D-4347-9BD3-3A114A731C7C}
	EndGlobalSection
EndGlobal
