
Microsoft Visual Studio Solution File, Format Version 12.00
# Visual Studio Version 17
VisualStudioVersion = 17.1.32328.378
MinimumVisualStudioVersion = 10.0.40219.1
Project("{2150E333-8FDC-42A3-9474-1A3956D46DE8}") = "Base", "Base", "{E9A00D94-18F7-42D0-9DCB-437C0CC06CF4}"
EndProject
Project("{9A19103F-16F7-4668-BE54-9A1E7A4F7556}") = "NSL.Cipher", "Base\NSL.Cipher\NSL.Cipher.csproj", "{DDA13465-1599-4820-B205-611CE38F6078}"
EndProject
Project("{9A19103F-16F7-4668-BE54-9A1E7A4F7556}") = "NSL.Logger", "Base\NSL.Logger\NSL.Logger.csproj", "{F6BC2ABB-2544-4916-8C02-996845ED51FD}"
EndProject
Project("{2150E333-8FDC-42A3-9474-1A3956D46DE8}") = "ConfigurationEngine", "ConfigurationEngine", "{0AAB75FC-E7F0-4E72-9E30-333B87EDB167}"
EndProject
Project("{2150E333-8FDC-42A3-9474-1A3956D46DE8}") = "Extensions", "Extensions", "{DE61619C-B86C-47DB-A4A3-CEF0EF6A77AF}"
EndProject
Project("{9A19103F-16F7-4668-BE54-9A1E7A4F7556}") = "NSL.ConfigurationEngine", "ConfigurationEngine\NSL.ConfigurationEngine\NSL.ConfigurationEngine.csproj", "{AB96661B-4A34-41AE-AC73-9EE2CBF987DA}"
EndProject
Project("{2150E333-8FDC-42A3-9474-1A3956D46DE8}") = "Providers", "Providers", "{E9B3B971-5DA3-45A9-8CA4-FA6A4CDC633B}"
EndProject
Project("{9A19103F-16F7-4668-BE54-9A1E7A4F7556}") = "NSL.ConfigurationEngine.Providers.IConfiguration", "ConfigurationEngine\Providers\NSL.ConfigurationEngine.Providers.IConfiguration\NSL.ConfigurationEngine.Providers.IConfiguration.csproj", "{7C31F4BF-DFF8-4158-AF0B-4273CBC8087B}"
EndProject
Project("{9A19103F-16F7-4668-BE54-9A1E7A4F7556}") = "NSL.ConfigurationEngine.Providers.Json", "ConfigurationEngine\Providers\NSL.ConfigurationEngine.Providers.Json\NSL.ConfigurationEngine.Providers.Json.csproj", "{156B8DB7-7A63-448F-B109-8889980424AF}"
EndProject
Project("{2150E333-8FDC-42A3-9474-1A3956D46DE8}") = "Core", "Core", "{7EFE4097-7CBF-468E-966F-1C4702A6F1C1}"
EndProject
Project("{2150E333-8FDC-42A3-9474-1A3956D46DE8}") = "Extensions", "Extensions", "{217B185B-D5AB-4FEE-A9FC-5E555DC51580}"
EndProject
Project("{2150E333-8FDC-42A3-9474-1A3956D46DE8}") = "Utils", "Utils", "{D944E107-18A6-44AE-89ED-673DAF1952D1}"
EndProject
Project("{9A19103F-16F7-4668-BE54-9A1E7A4F7556}") = "NSL.SocketClient", "Core\NSL.SocketClient\NSL.SocketClient.csproj", "{1947928E-44BD-4E11-A8C9-D726A1F0A8E7}"
EndProject
Project("{9A19103F-16F7-4668-BE54-9A1E7A4F7556}") = "NSL.SocketCore", "Core\NSL.SocketCore\NSL.SocketCore.csproj", "{D95BCB55-7F18-4DD0-876E-0A586A03FB39}"
EndProject
Project("{9A19103F-16F7-4668-BE54-9A1E7A4F7556}") = "NSL.SocketServer", "Core\NSL.SocketServer\NSL.SocketServer.csproj", "{D13E875C-99C3-4C59-9E0A-51F1D1F9E284}"
EndProject
Project("{9A19103F-16F7-4668-BE54-9A1E7A4F7556}") = "NSL.ServerOptions.Extensions.ConfigurationEngine", "Core\Extensions\ServerOptions.Extensions.ConfigurationEngine\NSL.ServerOptions.Extensions.ConfigurationEngine.csproj", "{31B4D318-39D3-4296-BF09-FC46528386B3}"
EndProject
Project("{9A19103F-16F7-4668-BE54-9A1E7A4F7556}") = "NSL.ServerOptions.Extensions.Console", "Core\Extensions\ServerOptions.Extensions.Console\NSL.ServerOptions.Extensions.Console.csproj", "{BC085F89-A1B0-4FCF-B2C3-5F3967D94C26}"
EndProject
Project("{9A19103F-16F7-4668-BE54-9A1E7A4F7556}") = "NSL.SocketCore.Extensions.BinarySerializer", "Core\Extensions\SocketCore.Extensions.BinarySerializer\NSL.SocketCore.Extensions.BinarySerializer.csproj", "{C46734C0-2FD9-430F-B92E-3BD8D055A5BA}"
EndProject
Project("{9A19103F-16F7-4668-BE54-9A1E7A4F7556}") = "NSL.Utils", "Core\Utils\NSL.Utils\NSL.Utils.csproj", "{3E0C73CE-2995-41F3-A38D-5356D0C32C34}"
EndProject
Project("{9A19103F-16F7-4668-BE54-9A1E7A4F7556}") = "NSL.Utils.Server", "Core\Utils\NSL.Utils.Server\NSL.Utils.Server.csproj", "{1D2ABBF7-F2C0-4DEA-A3B4-102000FAD893}"
EndProject
Project("{9A19103F-16F7-4668-BE54-9A1E7A4F7556}") = "NSL.SocketCore.Extensions.Buffer", "Core\Extensions\SocketCore.Extensions.Buffer\NSL.SocketCore.Extensions.Buffer.csproj", "{CA32214E-75E1-40DD-BAA4-03A2BDFEB8B2}"
EndProject
Project("{9A19103F-16F7-4668-BE54-9A1E7A4F7556}") = "NSL.SocketCore.Extensions.Manager", "Core\Extensions\SocketCore.Extensions.Manager\NSL.SocketCore.Extensions.Manager.csproj", "{C0AD257A-E0E8-4798-A6AE-A40EED479964}"
EndProject
Project("{9A19103F-16F7-4668-BE54-9A1E7A4F7556}") = "NSL.SocketCore.Extensions.Packet", "Core\Extensions\SocketCore.Extensions.Packet\NSL.SocketCore.Extensions.Packet.csproj", "{2BC3BABE-30BD-41C7-AFA3-810801D63C34}"
EndProject
Project("{9A19103F-16F7-4668-BE54-9A1E7A4F7556}") = "NSL.SocketCore.Extensions.Packet.FastEvent", "Core\Extensions\SocketCore.Extensions.Packet.FastEvent\NSL.SocketCore.Extensions.Packet.FastEvent.csproj", "{92273663-B27B-4C2F-A31C-67E05BB03C1B}"
EndProject
Project("{2150E333-8FDC-42A3-9474-1A3956D46DE8}") = "Extensions", "Extensions", "{77F1BD42-04DA-4EC7-8FD1-24A2698D1D5B}"
EndProject
Project("{2150E333-8FDC-42A3-9474-1A3956D46DE8}") = "DBEngine", "DBEngine", "{3B930D23-C7D2-4A2B-B607-CCF3FD660F64}"
EndProject
Project("{2150E333-8FDC-42A3-9474-1A3956D46DE8}") = "NetworkEngine", "NetworkEngine", "{B5BB912E-7008-40C5-A3BE-CB3841AC7E78}"
EndProject
Project("{2150E333-8FDC-42A3-9474-1A3956D46DE8}") = "ScriptEngine", "ScriptEngine", "{FC97656D-1D65-4CF6-BA0B-A1BA23E8E450}"
EndProject
Project("{9A19103F-16F7-4668-BE54-9A1E7A4F7556}") = "NSL.Extensions.ConsoleEngine", "Extensions\NSL.Extensions.ConsoleEngine\NSL.Extensions.ConsoleEngine.csproj", "{2CA67ABE-F7DC-4E98-8A65-440AE27FF458}"
EndProject
Project("{9A19103F-16F7-4668-BE54-9A1E7A4F7556}") = "NSL.Extensions.DIEngine", "Extensions\NSL.Extensions.DIEngine\NSL.Extensions.DIEngine.csproj", "{B5E25BEB-24E3-4F3D-9AE5-F14E8BE8E767}"
EndProject
Project("{9A19103F-16F7-4668-BE54-9A1E7A4F7556}") = "NSL.Extensions.DBEngine", "Extensions\DBEngine\DBEngine\NSL.Extensions.DBEngine.csproj", "{700CE303-BDC9-4D27-B220-1C20C6F2AC3A}"
EndProject
Project("{9A19103F-16F7-4668-BE54-9A1E7A4F7556}") = "NSL.Extensions.DBEngine.Backup", "Extensions\DBEngine\DBEngine.Extensions.Backup\NSL.Extensions.DBEngine.Backup.csproj", "{97844866-1185-4E93-99C2-F824D5EA3AE0}"
EndProject
Project("{9A19103F-16F7-4668-BE54-9A1E7A4F7556}") = "NSL.Extensions.DBEngine.CmdQueue", "Extensions\DBEngine\DBEngine.Extensions.CmdQueue\NSL.Extensions.DBEngine.CmdQueue.csproj", "{07A9F5C4-8C64-4F1B-B07D-C0DF7A905C0B}"
EndProject
Project("{9A19103F-16F7-4668-BE54-9A1E7A4F7556}") = "NSL.Extensions.DBEngine.Migrator", "Extensions\DBEngine\DBEngine.Extensions.Migrator\NSL.Extensions.DBEngine.Migrator.csproj", "{375F419C-209A-4776-A86A-8B42CD31CC65}"
EndProject
Project("{9A19103F-16F7-4668-BE54-9A1E7A4F7556}") = "NSL.Extensions.DBEngine.Reader", "Extensions\DBEngine\DBEngine.Extensions.Reader\NSL.Extensions.DBEngine.Reader.csproj", "{0A837AF1-71C4-4FCC-BA53-E66D7CD1D1D6}"
EndProject
Project("{9A19103F-16F7-4668-BE54-9A1E7A4F7556}") = "NSL.Extensions.DBEngine.ConfigurationEngine", "Extensions\DBEngine\DBEngine.Extensions.ConfigurationEngine\NSL.Extensions.DBEngine.ConfigurationEngine.csproj", "{2428A61F-6AAC-4EA7-9693-100E68D42E84}"
EndProject
Project("{9A19103F-16F7-4668-BE54-9A1E7A4F7556}") = "NSL.Extensions.DBEngine.StaticQuery", "Extensions\DBEngine\DBEngine.Extensions.StaticQuery\NSL.Extensions.DBEngine.StaticQuery.csproj", "{A4A939B0-2F70-4C56-8C4F-AD512AC0840B}"
EndProject
Project("{9A19103F-16F7-4668-BE54-9A1E7A4F7556}") = "NSL.Extensions.NAT", "Extensions\NetworkEngine\NAT\NSL.Extensions.NAT.csproj", "{A11FDAE0-DD80-404C-BE84-51B7357EF3AB}"
EndProject
Project("{2150E333-8FDC-42A3-9474-1A3956D46DE8}") = "Node", "Node", "{79E423DA-3137-4D4C-9A35-EB0EEB22D08D}"
EndProject
Project("{2150E333-8FDC-42A3-9474-1A3956D46DE8}") = "SocketPhantom", "SocketPhantom", "{FFE7249D-833D-4132-A8C7-6D09F25C2393}"
EndProject
Project("{9A19103F-16F7-4668-BE54-9A1E7A4F7556}") = "NSL.SocketPhantom", "Extensions\NetworkEngine\SocketPhantom\NSL.SocketPhantom\NSL.SocketPhantom.csproj", "{37281BE1-638E-486F-9E56-BE1B84585830}"
EndProject
Project("{9A19103F-16F7-4668-BE54-9A1E7A4F7556}") = "NSL.SocketPhantom.AspNetCore", "Extensions\NetworkEngine\SocketPhantom\NSL.SocketPhantom.AspNetCore\NSL.SocketPhantom.AspNetCore.csproj", "{E16F2AD8-B965-4A40-94F9-A31DFF17B063}"
EndProject
Project("{9A19103F-16F7-4668-BE54-9A1E7A4F7556}") = "NSL.Extensions.NetScript", "Extensions\ScriptEngine\NSL.Extensions.NetScript\NSL.Extensions.NetScript.csproj", "{9D4F5123-4A82-4334-91DA-2369C0AA7914}"
EndProject
Project("{2150E333-8FDC-42A3-9474-1A3956D46DE8}") = "Protocols", "Protocols", "{BF4CCFA5-6BA0-40CF-B854-6013A2F944EA}"
EndProject
Project("{2150E333-8FDC-42A3-9474-1A3956D46DE8}") = "TCP", "TCP", "{90F4E4EE-1385-42B0-A3C5-3941CC9C830F}"
EndProject
Project("{2150E333-8FDC-42A3-9474-1A3956D46DE8}") = "UDP", "UDP", "{49D950F3-4DC8-46A9-8205-2B7E956A9F57}"
EndProject
Project("{9A19103F-16F7-4668-BE54-9A1E7A4F7556}") = "NSL.TCP", "Protocols\TCP\NSL.TCP\NSL.TCP.csproj", "{5FB87DA5-3AD0-4FAF-A105-7142780DF1FD}"
EndProject
Project("{9A19103F-16F7-4668-BE54-9A1E7A4F7556}") = "NSL.TCP.Client", "Protocols\TCP\NSL.TCP.Client\NSL.TCP.Client.csproj", "{662F412F-1A9D-430C-8CF7-0AE0D4605C45}"
EndProject
Project("{9A19103F-16F7-4668-BE54-9A1E7A4F7556}") = "NSL.TCP.Server", "Protocols\TCP\NSL.TCP.Server\NSL.TCP.Server.csproj", "{27DE0A53-58F7-42C2-AC96-1DB2BBEDD320}"
EndProject
Project("{9A19103F-16F7-4668-BE54-9A1E7A4F7556}") = "NSL.UDP", "Protocols\UDP\NSL.UDP\NSL.UDP.csproj", "{279C3FE3-849F-46E9-84F1-CD6FB648E8C0}"
EndProject
Project("{9A19103F-16F7-4668-BE54-9A1E7A4F7556}") = "NSL.UDP.Client", "Protocols\UDP\NSL.UDP.Client\NSL.UDP.Client.csproj", "{B4F7EBC0-78E5-4926-B6C5-06F21CFFEA0B}"
EndProject
Project("{9A19103F-16F7-4668-BE54-9A1E7A4F7556}") = "NSL.ConfigurationEngine.Extensions.Network", "ConfigurationEngine\Extensions\NSL.ConfigurationEngine.Extensions.Network\NSL.ConfigurationEngine.Extensions.Network.csproj", "{3EE7AF9A-CBBA-41D8-8530-C207D5597628}"
EndProject
Project("{9A19103F-16F7-4668-BE54-9A1E7A4F7556}") = "NSL.ClientOptions.Extensions.ConfigurationEngine", "Core\Extensions\ClientOptions.Extensions.ConfigurationEngine\NSL.ClientOptions.Extensions.ConfigurationEngine.csproj", "{CCE5C95F-CB88-4F34-BDDD-FD47E52BD6BE}"
EndProject
Project("{9A19103F-16F7-4668-BE54-9A1E7A4F7556}") = "NSL.SocketCore.Extensions.TCPServer", "Core\Extensions\SocketCore.Extensions.TCPServer\NSL.SocketCore.Extensions.TCPServer.csproj", "{07682B09-4A31-45F8-A2CD-3D71B026FE3C}"
EndProject
Project("{9A19103F-16F7-4668-BE54-9A1E7A4F7556}") = "NSL.SocketCore.Extensions.TCPClient", "Core\Extensions\SocketCore.Extensions.TCPClient\NSL.SocketCore.Extensions.TCPClient.csproj", "{54B39C67-A882-409A-9357-8FA7604C404D}"
EndProject
Project("{9A19103F-16F7-4668-BE54-9A1E7A4F7556}") = "NSL.CoreOptions.Extensions", "Core\Extensions\CoreOptions.Extensions\NSL.CoreOptions.Extensions.csproj", "{D1D4C9AC-7ABE-4BCC-ACD5-89C0DDD41B76}"
EndProject
Project("{9A19103F-16F7-4668-BE54-9A1E7A4F7556}") = "NSL.ClientOptions.Extensions.Packet", "Core\Extensions\ClientOptions.Extensions.Packet\NSL.ClientOptions.Extensions.Packet.csproj", "{5E973CC0-FFD3-4003-A541-7DBEC7E16A29}"
EndProject
Project("{9A19103F-16F7-4668-BE54-9A1E7A4F7556}") = "NSL.ServerOptions.Extensions.Packet", "Core\Extensions\ServerOptions.Extensions.Packet\NSL.ServerOptions.Extensions.Packet.csproj", "{6EBAF641-5961-41D3-B6AB-F78D19320D12}"
EndProject
Project("{2150E333-8FDC-42A3-9474-1A3956D46DE8}") = "Tests", "Tests", "{DC6DE0EB-9E26-402A-9F9C-52000D4BA6D9}"
EndProject
Project("{9A19103F-16F7-4668-BE54-9A1E7A4F7556}") = "ConfigurationEngine.Tests", "ConfigurationEngine\ConfigurationEngine.Tests\ConfigurationEngine.Tests.csproj", "{4983CF95-145B-44C7-8FC9-A8FF8B8190AB}"
EndProject
Project("{2150E333-8FDC-42A3-9474-1A3956D46DE8}") = "Http", "Http", "{781A1272-4CB0-4574-8B62-6EC58C01676C}"
EndProject
Project("{9A19103F-16F7-4668-BE54-9A1E7A4F7556}") = "NSL.RestExtensions", "Protocols\Http\NSL.RestExtensions\NSL.RestExtensions.csproj", "{8B74E99E-5D63-4ED3-B64E-226A14496AD6}"
EndProject
Project("{9A19103F-16F7-4668-BE54-9A1E7A4F7556}") = "NSL.Extensions.DataEngine", "Extensions\NSL.Extensions.DataEngine\NSL.Extensions.DataEngine.csproj", "{68705AF8-F933-40C7-ABFB-7E4C70BCB1DF}"
EndProject
Project("{2150E333-8FDC-42A3-9474-1A3956D46DE8}") = "DataEngine", "DataEngine", "{C5D1B563-DC97-4AFB-9220-D30C5A4D74F7}"
EndProject
Project("{2150E333-8FDC-42A3-9474-1A3956D46DE8}") = "WebSockets", "WebSockets", "{B997D07D-A25B-43EA-8046-8BF3D436321F}"
EndProject
Project("{9A19103F-16F7-4668-BE54-9A1E7A4F7556}") = "NSL.WebSockets", "Protocols\WebSockets\NSL.WebSockets\NSL.WebSockets.csproj", "{B5823513-41C1-4EB4-B1BC-E7CE9E2AFA2E}"
EndProject
Project("{9A19103F-16F7-4668-BE54-9A1E7A4F7556}") = "NSL.WebSockets.Client", "Protocols\WebSockets\NSL.WebSockets.Client\NSL.WebSockets.Client.csproj", "{AD693204-C6A3-4DBC-996C-1154AF947490}"
EndProject
Project("{9A19103F-16F7-4668-BE54-9A1E7A4F7556}") = "NSL.WebSockets.Server", "Protocols\WebSockets\NSL.WebSockets.Server\NSL.WebSockets.Server.csproj", "{2D0A2C2B-D5E5-4B66-8131-421F898C40CF}"
EndProject
Project("{2150E333-8FDC-42A3-9474-1A3956D46DE8}") = "BuilderExtensions", "BuilderExtensions", "{B383F5CF-C4FF-4F1D-862A-0EC85FD3F358}"
EndProject
Project("{9A19103F-16F7-4668-BE54-9A1E7A4F7556}") = "NSL.BuilderExtensions.SocketCore", "Core\BuilderExtensions\NSL.BuilderExtensions.SocketCore\NSL.BuilderExtensions.SocketCore.csproj", "{2DF3741B-D0A6-49CC-B76D-6C0AED949737}"
EndProject
Project("{9A19103F-16F7-4668-BE54-9A1E7A4F7556}") = "NSL.EndPointBuilder", "Core\NSL.EndPointBuilder\NSL.EndPointBuilder.csproj", "{A7CC2B61-CB1D-43F6-9B67-6A5F19BE0B8A}"
EndProject
Project("{2150E333-8FDC-42A3-9474-1A3956D46DE8}") = "BuilderExtensions", "BuilderExtensions", "{0DCFDA67-F050-41FA-B210-FC119B25AC4B}"
EndProject
Project("{9A19103F-16F7-4668-BE54-9A1E7A4F7556}") = "NSL.BuilderExtensions.TCP", "Protocols\TCP\BuilderExtensions\NSL.BuilderExtensions.TCP\NSL.BuilderExtensions.TCP.csproj", "{3B9C3B3A-E325-442B-ACE8-96FCB391B53E}"
EndProject
Project("{9A19103F-16F7-4668-BE54-9A1E7A4F7556}") = "NSL.BuilderExtensions.TCPClient", "Protocols\TCP\BuilderExtensions\NSL.BuilderExtensions.TCPClient\NSL.BuilderExtensions.TCPClient.csproj", "{9D19648E-AF69-4491-8DE3-A333CEE28998}"
EndProject
Project("{9A19103F-16F7-4668-BE54-9A1E7A4F7556}") = "NSL.BuilderExtensions.TCPServer", "Protocols\TCP\BuilderExtensions\NSL.BuilderExtensions.TCPServer\NSL.BuilderExtensions.TCPServer.csproj", "{EB437F7E-0794-4A77-B027-6D998DB76B03}"
EndProject
Project("{2150E333-8FDC-42A3-9474-1A3956D46DE8}") = "BuilderExtensions", "BuilderExtensions", "{5A1F7474-AB8C-42DA-8E79-5BA461B00150}"
EndProject
Project("{9A19103F-16F7-4668-BE54-9A1E7A4F7556}") = "NSL.BuilderExtensions.WebSockets", "Protocols\WebSockets\BuilderExtensions\NSL.BuilderExtensions.WebSockets\NSL.BuilderExtensions.WebSockets.csproj", "{F3F90581-F0FD-499E-ABB6-BD0EB7D5A9DB}"
EndProject
Project("{9A19103F-16F7-4668-BE54-9A1E7A4F7556}") = "NSL.BuilderExtensions.WebSocketsClient", "Protocols\WebSockets\BuilderExtensions\NSL.BuilderExtensions.WebSocketsClient\NSL.BuilderExtensions.WebSocketsClient.csproj", "{821EB25C-A925-4E63-B439-DF2557535CFF}"
EndProject
Project("{9A19103F-16F7-4668-BE54-9A1E7A4F7556}") = "NSL.BuilderExtensions.WebSocketsServer", "Protocols\WebSockets\BuilderExtensions\NSL.BuilderExtensions.WebSocketsServer\NSL.BuilderExtensions.WebSocketsServer.csproj", "{D509AF4E-A915-433A-A0D0-8F1381712885}"
EndProject
Project("{2150E333-8FDC-42A3-9474-1A3956D46DE8}") = "BuilderExtensions", "BuilderExtensions", "{0C91AE58-6485-489A-9260-D3ACAEF03FA0}"
EndProject
Project("{9A19103F-16F7-4668-BE54-9A1E7A4F7556}") = "NSL.BuilderExtensions.UDP", "Protocols\UDP\BuilderExtensions\NSL.BuilderExtensions.UDP\NSL.BuilderExtensions.UDP.csproj", "{D001B610-C1A4-4B2C-81A0-7D152FB5A8EF}"
EndProject
Project("{9A19103F-16F7-4668-BE54-9A1E7A4F7556}") = "NSL.BuilderExtensions.UDPClient", "Protocols\UDP\BuilderExtensions\NSL.BuilderExtensions.UDPClient\NSL.BuilderExtensions.UDPClient.csproj", "{C3DF8523-D324-4C19-8AAD-BFAB8723C333}"
EndProject
Project("{9A19103F-16F7-4668-BE54-9A1E7A4F7556}") = "NSL.BuilderExtensions.UDPServer", "Protocols\UDP\BuilderExtensions\NSL.BuilderExtensions.UDPServer\NSL.BuilderExtensions.UDPServer.csproj", "{047F68A9-AFA9-4624-B054-E625F06EB608}"
EndProject
Project("{2150E333-8FDC-42A3-9474-1A3956D46DE8}") = "Examples", "Examples", "{BC3466B4-8239-425D-BB35-7F65AD1D6001}"
EndProject
Project("{2150E333-8FDC-42A3-9474-1A3956D46DE8}") = "WebSockets", "WebSockets", "{DE02816C-37B4-4188-8DD7-6E243420B026}"
EndProject
Project("{2150E333-8FDC-42A3-9474-1A3956D46DE8}") = "TCP", "TCP", "{81D177CF-FFA1-424C-8C36-008F4B046EDE}"
EndProject
Project("{2150E333-8FDC-42A3-9474-1A3956D46DE8}") = "UDP", "UDP", "{EB2F3A11-84A1-41A6-8B46-584188610D37}"
EndProject
Project("{2150E333-8FDC-42A3-9474-1A3956D46DE8}") = "NetScripts", "NetScripts", "{E74556FC-71AC-4365-97F2-1313F2721B6B}"
EndProject
Project("{9A19103F-16F7-4668-BE54-9A1E7A4F7556}") = "Builder.TCP.BaseExample", "Protocols\TCP\Examples\Builder.TCP.BaseExample\Builder.TCP.BaseExample.csproj", "{2BF11EFF-D25F-4C6A-A5AB-C858DCEF3F28}"
EndProject
Project("{9A19103F-16F7-4668-BE54-9A1E7A4F7556}") = "TCP.BaseClientExample", "Protocols\TCP\Examples\TCP.BaseClientExample\TCP.BaseClientExample.csproj", "{E5367746-0EE5-47C2-BFCC-1A00BB9D5F0A}"
EndProject
Project("{9A19103F-16F7-4668-BE54-9A1E7A4F7556}") = "TCP.BaseServerExample", "Protocols\TCP\Examples\TCP.BaseServerExample\TCP.BaseServerExample.csproj", "{04B18CC7-9CB7-4590-95E9-EB6FCB26C186}"
EndProject
Project("{9A19103F-16F7-4668-BE54-9A1E7A4F7556}") = "Builder.WebSockets.BaseExample", "Protocols\WebSockets\Examples\Builder.WebSockets.BaseExample\Builder.WebSockets.BaseExample.csproj", "{DFCA1015-E9EC-4743-90C4-161F621DE669}"
EndProject
Project("{9A19103F-16F7-4668-BE54-9A1E7A4F7556}") = "Builder.UDP.BaseExample", "Protocols\UDP\Examples\Builder.UDP.BaseExample\Builder.UDP.BaseExample.csproj", "{FD74DF7D-3F49-44DA-8908-A4708478F2AF}"
EndProject
Project("{9A19103F-16F7-4668-BE54-9A1E7A4F7556}") = "UDPExample", "Protocols\UDP\Examples\UDPExample\UDPExample.csproj", "{7E30BF12-6180-400A-8C07-BCBF39F634FF}"
EndProject
Project("{9A19103F-16F7-4668-BE54-9A1E7A4F7556}") = "UDPExample.FClient", "Protocols\UDP\Examples\UDPExample.FClient\UDPExample.FClient.csproj", "{DC18B3A9-8F52-4D8D-9F86-55A975E31EF3}"
EndProject
Project("{9A19103F-16F7-4668-BE54-9A1E7A4F7556}") = "UDPExample.SClient", "Protocols\UDP\Examples\UDPExample.SClient\UDPExample.SClient.csproj", "{DE878C58-8A49-4848-A645-981E70155D79}"
EndProject
Project("{9A19103F-16F7-4668-BE54-9A1E7A4F7556}") = "NSL.Extensions.NetScript.Example", "Extensions\ScriptEngine\Examples\NSL.Extensions.NetScript.Example\NSL.Extensions.NetScript.Example.csproj", "{4DAB42D0-A12D-4F99-A133-60E826E91248}"
EndProject
Project("{9A19103F-16F7-4668-BE54-9A1E7A4F7556}") = "NSL.Extensions.RPC", "Extensions\NetworkEngine\RPC\NSL.Extensions.RPC\NSL.Extensions.RPC.csproj", "{20185890-4957-4004-915F-F7353D8BFFCE}"
EndProject
Project("{2150E333-8FDC-42A3-9474-1A3956D46DE8}") = "RPC", "RPC", "{854F1AB4-1DBB-4809-87C4-7FDD525CC333}"
EndProject
Project("{9A19103F-16F7-4668-BE54-9A1E7A4F7556}") = "RPCWithBuilder.TCP.Example", "Extensions\NetworkEngine\RPC\Examples\RPCWithBuilder.TCP.Example\RPCWithBuilder.TCP.Example.csproj", "{E7CEEAE6-715E-4E00-8D93-3D1D596A7E42}"
EndProject
Project("{9A19103F-16F7-4668-BE54-9A1E7A4F7556}") = "NSL.Extensions.RPC.EndPointBuilder", "Extensions\NetworkEngine\RPC\NSL.Extensions.RPC.EndPointBuilder\NSL.Extensions.RPC.EndPointBuilder.csproj", "{EA752433-B226-4F8F-9237-4F96CAD9B4A6}"
EndProject
Project("{9A19103F-16F7-4668-BE54-9A1E7A4F7556}") = "NSL.Extensions.RPC.Generator", "Extensions\NetworkEngine\RPC\NSL.Extensions.RPC.Generator\NSL.Extensions.RPC.Generator.csproj", "{B0D07AD7-44E3-4B20-B4DF-B7F444B42215}"
EndProject
Project("{9A19103F-16F7-4668-BE54-9A1E7A4F7556}") = "NSL.WebSockets.Server.AspNetPoint", "Protocols\WebSockets\NSL.WebSockets.Server.AspNetPoint\NSL.WebSockets.Server.AspNetPoint.csproj", "{3DC79637-4866-413F-84EB-7E9D9BA92D80}"
EndProject
Project("{9A19103F-16F7-4668-BE54-9A1E7A4F7556}") = "NSL.BuilderExtensions.WebSocketsServer.AspNet", "Protocols\WebSockets\BuilderExtensions\NSL.BuilderExtensions.WebSocketsServer.AspNet\NSL.BuilderExtensions.WebSocketsServer.AspNet.csproj", "{2C62E0D1-715F-4DD9-9952-10E27313EB6E}"
EndProject
Project("{9A19103F-16F7-4668-BE54-9A1E7A4F7556}") = "Builder.WebSockets.AspNetCoreIntegrationExample", "Protocols\WebSockets\Examples\Builder.WebSockets.AspNetCoreIntegrationExample\Builder.WebSockets.AspNetCoreIntegrationExample.csproj", "{286875CB-C155-4792-9590-D0B2AE8BFCCE}"
EndProject
Project("{9A19103F-16F7-4668-BE54-9A1E7A4F7556}") = "NSL.Node.BridgeServer", "Extensions\NetworkEngine\Node\NSL.Node.BridgeServer\NSL.Node.BridgeServer.csproj", "{7CB023C2-4475-4AA1-8AFF-573A3CC34DF8}"
EndProject
Project("{2150E333-8FDC-42A3-9474-1A3956D46DE8}") = "Examples", "Examples", "{5F1EB594-BCF4-4F4C-B6A7-5D504BDB1165}"
EndProject
Project("{9A19103F-16F7-4668-BE54-9A1E7A4F7556}") = "NSL.Node.LobbyServerExample", "Extensions\NetworkEngine\Node\Examples\NSL.Node.LobbyServerExample\NSL.Node.LobbyServerExample.csproj", "{7D0823B5-E766-4529-AC11-BEB7C99A36F9}"
EndProject
Project("{9A19103F-16F7-4668-BE54-9A1E7A4F7556}") = "NSL.Node.BridgeLobbyClient", "Extensions\NetworkEngine\Node\NSL.Node.BridgeLobbyClient\NSL.Node.BridgeLobbyClient.csproj", "{3248A8D0-E7E1-449D-BB0F-9A2FA8813BDD}"
EndProject
Project("{9A19103F-16F7-4668-BE54-9A1E7A4F7556}") = "NSL.Node.BridgeServer.Shared", "Extensions\NetworkEngine\Node\NSL.Node.BridgeServer.Shared\NSL.Node.BridgeServer.Shared.csproj", "{1C811D67-0FE2-4BB5-8FFB-9BC8B26219CA}"
EndProject
Project("{9A19103F-16F7-4668-BE54-9A1E7A4F7556}") = "NSL.Node.LobbyServerExample.Shared", "Extensions\NetworkEngine\Node\Examples\NSL.Node.LobbyServerExample.Shared\NSL.Node.LobbyServerExample.Shared.csproj", "{95BA27C1-064C-4B4D-9CF3-2261C17D5846}"
EndProject
Project("{9A19103F-16F7-4668-BE54-9A1E7A4F7556}") = "NSL.Node.BridgeLobbyClient.AspNetCore", "Extensions\NetworkEngine\Node\NSL.Node.BridgeLobbyClient.AspNetCore\NSL.Node.BridgeLobbyClient.AspNetCore.csproj", "{DDCC8186-58B8-4DD7-A224-36283923D2A4}"
EndProject
Project("{9A19103F-16F7-4668-BE54-9A1E7A4F7556}") = "NSL.Logger.AspNetCore", "Base\NSL.Logger.AspNetCore\NSL.Logger.AspNetCore.csproj", "{A3D31B22-F702-4948-BAF5-01DA8DE9D209}"
EndProject
Global
	GlobalSection(SolutionConfigurationPlatforms) = preSolution
		Debug|Any CPU = Debug|Any CPU
		DebugStable|Any CPU = DebugStable|Any CPU
		Release|Any CPU = Release|Any CPU
		Unity|Any CPU = Unity|Any CPU
		UnityDebug|Any CPU = UnityDebug|Any CPU
	EndGlobalSection
	GlobalSection(ProjectConfigurationPlatforms) = postSolution
		{DDA13465-1599-4820-B205-611CE38F6078}.Debug|Any CPU.ActiveCfg = Debug|Any CPU
		{DDA13465-1599-4820-B205-611CE38F6078}.Debug|Any CPU.Build.0 = Debug|Any CPU
		{DDA13465-1599-4820-B205-611CE38F6078}.DebugStable|Any CPU.ActiveCfg = Debug|Any CPU
		{DDA13465-1599-4820-B205-611CE38F6078}.DebugStable|Any CPU.Build.0 = Debug|Any CPU
		{DDA13465-1599-4820-B205-611CE38F6078}.Release|Any CPU.ActiveCfg = Release|Any CPU
		{DDA13465-1599-4820-B205-611CE38F6078}.Release|Any CPU.Build.0 = Release|Any CPU
		{DDA13465-1599-4820-B205-611CE38F6078}.Unity|Any CPU.ActiveCfg = Unity|Any CPU
		{DDA13465-1599-4820-B205-611CE38F6078}.Unity|Any CPU.Build.0 = Unity|Any CPU
		{DDA13465-1599-4820-B205-611CE38F6078}.UnityDebug|Any CPU.ActiveCfg = UnityDebug|Any CPU
		{DDA13465-1599-4820-B205-611CE38F6078}.UnityDebug|Any CPU.Build.0 = UnityDebug|Any CPU
		{F6BC2ABB-2544-4916-8C02-996845ED51FD}.Debug|Any CPU.ActiveCfg = Debug|Any CPU
		{F6BC2ABB-2544-4916-8C02-996845ED51FD}.Debug|Any CPU.Build.0 = Debug|Any CPU
		{F6BC2ABB-2544-4916-8C02-996845ED51FD}.DebugStable|Any CPU.ActiveCfg = Debug|Any CPU
		{F6BC2ABB-2544-4916-8C02-996845ED51FD}.DebugStable|Any CPU.Build.0 = Debug|Any CPU
		{F6BC2ABB-2544-4916-8C02-996845ED51FD}.Release|Any CPU.ActiveCfg = Release|Any CPU
		{F6BC2ABB-2544-4916-8C02-996845ED51FD}.Release|Any CPU.Build.0 = Release|Any CPU
		{F6BC2ABB-2544-4916-8C02-996845ED51FD}.Unity|Any CPU.ActiveCfg = Unity|Any CPU
		{F6BC2ABB-2544-4916-8C02-996845ED51FD}.Unity|Any CPU.Build.0 = Unity|Any CPU
		{F6BC2ABB-2544-4916-8C02-996845ED51FD}.UnityDebug|Any CPU.ActiveCfg = UnityDebug|Any CPU
		{F6BC2ABB-2544-4916-8C02-996845ED51FD}.UnityDebug|Any CPU.Build.0 = UnityDebug|Any CPU
		{AB96661B-4A34-41AE-AC73-9EE2CBF987DA}.Debug|Any CPU.ActiveCfg = Debug|Any CPU
		{AB96661B-4A34-41AE-AC73-9EE2CBF987DA}.Debug|Any CPU.Build.0 = Debug|Any CPU
		{AB96661B-4A34-41AE-AC73-9EE2CBF987DA}.DebugStable|Any CPU.ActiveCfg = Debug|Any CPU
		{AB96661B-4A34-41AE-AC73-9EE2CBF987DA}.DebugStable|Any CPU.Build.0 = Debug|Any CPU
		{AB96661B-4A34-41AE-AC73-9EE2CBF987DA}.Release|Any CPU.ActiveCfg = Release|Any CPU
		{AB96661B-4A34-41AE-AC73-9EE2CBF987DA}.Release|Any CPU.Build.0 = Release|Any CPU
		{AB96661B-4A34-41AE-AC73-9EE2CBF987DA}.Unity|Any CPU.ActiveCfg = Unity|Any CPU
		{AB96661B-4A34-41AE-AC73-9EE2CBF987DA}.Unity|Any CPU.Build.0 = Unity|Any CPU
		{AB96661B-4A34-41AE-AC73-9EE2CBF987DA}.UnityDebug|Any CPU.ActiveCfg = UnityDebug|Any CPU
		{AB96661B-4A34-41AE-AC73-9EE2CBF987DA}.UnityDebug|Any CPU.Build.0 = UnityDebug|Any CPU
		{7C31F4BF-DFF8-4158-AF0B-4273CBC8087B}.Debug|Any CPU.ActiveCfg = Debug|Any CPU
		{7C31F4BF-DFF8-4158-AF0B-4273CBC8087B}.Debug|Any CPU.Build.0 = Debug|Any CPU
		{7C31F4BF-DFF8-4158-AF0B-4273CBC8087B}.DebugStable|Any CPU.ActiveCfg = Debug|Any CPU
		{7C31F4BF-DFF8-4158-AF0B-4273CBC8087B}.DebugStable|Any CPU.Build.0 = Debug|Any CPU
		{7C31F4BF-DFF8-4158-AF0B-4273CBC8087B}.Release|Any CPU.ActiveCfg = Release|Any CPU
		{7C31F4BF-DFF8-4158-AF0B-4273CBC8087B}.Release|Any CPU.Build.0 = Release|Any CPU
		{7C31F4BF-DFF8-4158-AF0B-4273CBC8087B}.Unity|Any CPU.ActiveCfg = Unity|Any CPU
		{7C31F4BF-DFF8-4158-AF0B-4273CBC8087B}.Unity|Any CPU.Build.0 = Unity|Any CPU
		{7C31F4BF-DFF8-4158-AF0B-4273CBC8087B}.UnityDebug|Any CPU.ActiveCfg = UnityDebug|Any CPU
		{7C31F4BF-DFF8-4158-AF0B-4273CBC8087B}.UnityDebug|Any CPU.Build.0 = UnityDebug|Any CPU
		{156B8DB7-7A63-448F-B109-8889980424AF}.Debug|Any CPU.ActiveCfg = Debug|Any CPU
		{156B8DB7-7A63-448F-B109-8889980424AF}.Debug|Any CPU.Build.0 = Debug|Any CPU
		{156B8DB7-7A63-448F-B109-8889980424AF}.DebugStable|Any CPU.ActiveCfg = Debug|Any CPU
		{156B8DB7-7A63-448F-B109-8889980424AF}.DebugStable|Any CPU.Build.0 = Debug|Any CPU
		{156B8DB7-7A63-448F-B109-8889980424AF}.Release|Any CPU.ActiveCfg = Release|Any CPU
		{156B8DB7-7A63-448F-B109-8889980424AF}.Release|Any CPU.Build.0 = Release|Any CPU
		{156B8DB7-7A63-448F-B109-8889980424AF}.Unity|Any CPU.ActiveCfg = Unity|Any CPU
		{156B8DB7-7A63-448F-B109-8889980424AF}.Unity|Any CPU.Build.0 = Unity|Any CPU
		{156B8DB7-7A63-448F-B109-8889980424AF}.UnityDebug|Any CPU.ActiveCfg = UnityDebug|Any CPU
		{156B8DB7-7A63-448F-B109-8889980424AF}.UnityDebug|Any CPU.Build.0 = UnityDebug|Any CPU
		{1947928E-44BD-4E11-A8C9-D726A1F0A8E7}.Debug|Any CPU.ActiveCfg = Debug|Any CPU
		{1947928E-44BD-4E11-A8C9-D726A1F0A8E7}.Debug|Any CPU.Build.0 = Debug|Any CPU
		{1947928E-44BD-4E11-A8C9-D726A1F0A8E7}.DebugStable|Any CPU.ActiveCfg = Debug|Any CPU
		{1947928E-44BD-4E11-A8C9-D726A1F0A8E7}.DebugStable|Any CPU.Build.0 = Debug|Any CPU
		{1947928E-44BD-4E11-A8C9-D726A1F0A8E7}.Release|Any CPU.ActiveCfg = Release|Any CPU
		{1947928E-44BD-4E11-A8C9-D726A1F0A8E7}.Release|Any CPU.Build.0 = Release|Any CPU
		{1947928E-44BD-4E11-A8C9-D726A1F0A8E7}.Unity|Any CPU.ActiveCfg = Unity|Any CPU
		{1947928E-44BD-4E11-A8C9-D726A1F0A8E7}.Unity|Any CPU.Build.0 = Unity|Any CPU
		{1947928E-44BD-4E11-A8C9-D726A1F0A8E7}.UnityDebug|Any CPU.ActiveCfg = UnityDebug|Any CPU
		{1947928E-44BD-4E11-A8C9-D726A1F0A8E7}.UnityDebug|Any CPU.Build.0 = UnityDebug|Any CPU
		{D95BCB55-7F18-4DD0-876E-0A586A03FB39}.Debug|Any CPU.ActiveCfg = Debug|Any CPU
		{D95BCB55-7F18-4DD0-876E-0A586A03FB39}.Debug|Any CPU.Build.0 = Debug|Any CPU
		{D95BCB55-7F18-4DD0-876E-0A586A03FB39}.DebugStable|Any CPU.ActiveCfg = Debug|Any CPU
		{D95BCB55-7F18-4DD0-876E-0A586A03FB39}.DebugStable|Any CPU.Build.0 = Debug|Any CPU
		{D95BCB55-7F18-4DD0-876E-0A586A03FB39}.Release|Any CPU.ActiveCfg = Release|Any CPU
		{D95BCB55-7F18-4DD0-876E-0A586A03FB39}.Release|Any CPU.Build.0 = Release|Any CPU
		{D95BCB55-7F18-4DD0-876E-0A586A03FB39}.Unity|Any CPU.ActiveCfg = Unity|Any CPU
		{D95BCB55-7F18-4DD0-876E-0A586A03FB39}.Unity|Any CPU.Build.0 = Unity|Any CPU
		{D95BCB55-7F18-4DD0-876E-0A586A03FB39}.UnityDebug|Any CPU.ActiveCfg = UnityDebug|Any CPU
		{D95BCB55-7F18-4DD0-876E-0A586A03FB39}.UnityDebug|Any CPU.Build.0 = UnityDebug|Any CPU
		{D13E875C-99C3-4C59-9E0A-51F1D1F9E284}.Debug|Any CPU.ActiveCfg = Debug|Any CPU
		{D13E875C-99C3-4C59-9E0A-51F1D1F9E284}.Debug|Any CPU.Build.0 = Debug|Any CPU
		{D13E875C-99C3-4C59-9E0A-51F1D1F9E284}.DebugStable|Any CPU.ActiveCfg = Debug|Any CPU
		{D13E875C-99C3-4C59-9E0A-51F1D1F9E284}.DebugStable|Any CPU.Build.0 = Debug|Any CPU
		{D13E875C-99C3-4C59-9E0A-51F1D1F9E284}.Release|Any CPU.ActiveCfg = Release|Any CPU
		{D13E875C-99C3-4C59-9E0A-51F1D1F9E284}.Release|Any CPU.Build.0 = Release|Any CPU
		{D13E875C-99C3-4C59-9E0A-51F1D1F9E284}.Unity|Any CPU.ActiveCfg = Unity|Any CPU
		{D13E875C-99C3-4C59-9E0A-51F1D1F9E284}.Unity|Any CPU.Build.0 = Unity|Any CPU
		{D13E875C-99C3-4C59-9E0A-51F1D1F9E284}.UnityDebug|Any CPU.ActiveCfg = UnityDebug|Any CPU
		{D13E875C-99C3-4C59-9E0A-51F1D1F9E284}.UnityDebug|Any CPU.Build.0 = UnityDebug|Any CPU
		{31B4D318-39D3-4296-BF09-FC46528386B3}.Debug|Any CPU.ActiveCfg = Debug|Any CPU
		{31B4D318-39D3-4296-BF09-FC46528386B3}.Debug|Any CPU.Build.0 = Debug|Any CPU
		{31B4D318-39D3-4296-BF09-FC46528386B3}.DebugStable|Any CPU.ActiveCfg = Debug|Any CPU
		{31B4D318-39D3-4296-BF09-FC46528386B3}.DebugStable|Any CPU.Build.0 = Debug|Any CPU
		{31B4D318-39D3-4296-BF09-FC46528386B3}.Release|Any CPU.ActiveCfg = Release|Any CPU
		{31B4D318-39D3-4296-BF09-FC46528386B3}.Release|Any CPU.Build.0 = Release|Any CPU
		{31B4D318-39D3-4296-BF09-FC46528386B3}.Unity|Any CPU.ActiveCfg = Unity|Any CPU
		{31B4D318-39D3-4296-BF09-FC46528386B3}.Unity|Any CPU.Build.0 = Unity|Any CPU
		{31B4D318-39D3-4296-BF09-FC46528386B3}.UnityDebug|Any CPU.ActiveCfg = UnityDebug|Any CPU
		{31B4D318-39D3-4296-BF09-FC46528386B3}.UnityDebug|Any CPU.Build.0 = UnityDebug|Any CPU
		{BC085F89-A1B0-4FCF-B2C3-5F3967D94C26}.Debug|Any CPU.ActiveCfg = Debug|Any CPU
		{BC085F89-A1B0-4FCF-B2C3-5F3967D94C26}.Debug|Any CPU.Build.0 = Debug|Any CPU
		{BC085F89-A1B0-4FCF-B2C3-5F3967D94C26}.DebugStable|Any CPU.ActiveCfg = Debug|Any CPU
		{BC085F89-A1B0-4FCF-B2C3-5F3967D94C26}.DebugStable|Any CPU.Build.0 = Debug|Any CPU
		{BC085F89-A1B0-4FCF-B2C3-5F3967D94C26}.Release|Any CPU.ActiveCfg = Release|Any CPU
		{BC085F89-A1B0-4FCF-B2C3-5F3967D94C26}.Release|Any CPU.Build.0 = Release|Any CPU
		{BC085F89-A1B0-4FCF-B2C3-5F3967D94C26}.Unity|Any CPU.ActiveCfg = Unity|Any CPU
		{BC085F89-A1B0-4FCF-B2C3-5F3967D94C26}.Unity|Any CPU.Build.0 = Unity|Any CPU
		{BC085F89-A1B0-4FCF-B2C3-5F3967D94C26}.UnityDebug|Any CPU.ActiveCfg = UnityDebug|Any CPU
		{BC085F89-A1B0-4FCF-B2C3-5F3967D94C26}.UnityDebug|Any CPU.Build.0 = UnityDebug|Any CPU
		{C46734C0-2FD9-430F-B92E-3BD8D055A5BA}.Debug|Any CPU.ActiveCfg = Debug|Any CPU
		{C46734C0-2FD9-430F-B92E-3BD8D055A5BA}.Debug|Any CPU.Build.0 = Debug|Any CPU
		{C46734C0-2FD9-430F-B92E-3BD8D055A5BA}.DebugStable|Any CPU.ActiveCfg = Debug|Any CPU
		{C46734C0-2FD9-430F-B92E-3BD8D055A5BA}.DebugStable|Any CPU.Build.0 = Debug|Any CPU
		{C46734C0-2FD9-430F-B92E-3BD8D055A5BA}.Release|Any CPU.ActiveCfg = Release|Any CPU
		{C46734C0-2FD9-430F-B92E-3BD8D055A5BA}.Release|Any CPU.Build.0 = Release|Any CPU
		{C46734C0-2FD9-430F-B92E-3BD8D055A5BA}.Unity|Any CPU.ActiveCfg = Unity|Any CPU
		{C46734C0-2FD9-430F-B92E-3BD8D055A5BA}.Unity|Any CPU.Build.0 = Unity|Any CPU
		{C46734C0-2FD9-430F-B92E-3BD8D055A5BA}.UnityDebug|Any CPU.ActiveCfg = UnityDebug|Any CPU
		{C46734C0-2FD9-430F-B92E-3BD8D055A5BA}.UnityDebug|Any CPU.Build.0 = UnityDebug|Any CPU
		{3E0C73CE-2995-41F3-A38D-5356D0C32C34}.Debug|Any CPU.ActiveCfg = Debug|Any CPU
		{3E0C73CE-2995-41F3-A38D-5356D0C32C34}.Debug|Any CPU.Build.0 = Debug|Any CPU
		{3E0C73CE-2995-41F3-A38D-5356D0C32C34}.DebugStable|Any CPU.ActiveCfg = Debug|Any CPU
		{3E0C73CE-2995-41F3-A38D-5356D0C32C34}.DebugStable|Any CPU.Build.0 = Debug|Any CPU
		{3E0C73CE-2995-41F3-A38D-5356D0C32C34}.Release|Any CPU.ActiveCfg = Release|Any CPU
		{3E0C73CE-2995-41F3-A38D-5356D0C32C34}.Release|Any CPU.Build.0 = Release|Any CPU
		{3E0C73CE-2995-41F3-A38D-5356D0C32C34}.Unity|Any CPU.ActiveCfg = Unity|Any CPU
		{3E0C73CE-2995-41F3-A38D-5356D0C32C34}.Unity|Any CPU.Build.0 = Unity|Any CPU
		{3E0C73CE-2995-41F3-A38D-5356D0C32C34}.UnityDebug|Any CPU.ActiveCfg = UnityDebug|Any CPU
		{3E0C73CE-2995-41F3-A38D-5356D0C32C34}.UnityDebug|Any CPU.Build.0 = UnityDebug|Any CPU
		{1D2ABBF7-F2C0-4DEA-A3B4-102000FAD893}.Debug|Any CPU.ActiveCfg = Debug|Any CPU
		{1D2ABBF7-F2C0-4DEA-A3B4-102000FAD893}.Debug|Any CPU.Build.0 = Debug|Any CPU
		{1D2ABBF7-F2C0-4DEA-A3B4-102000FAD893}.DebugStable|Any CPU.ActiveCfg = Debug|Any CPU
		{1D2ABBF7-F2C0-4DEA-A3B4-102000FAD893}.DebugStable|Any CPU.Build.0 = Debug|Any CPU
		{1D2ABBF7-F2C0-4DEA-A3B4-102000FAD893}.Release|Any CPU.ActiveCfg = Release|Any CPU
		{1D2ABBF7-F2C0-4DEA-A3B4-102000FAD893}.Release|Any CPU.Build.0 = Release|Any CPU
		{1D2ABBF7-F2C0-4DEA-A3B4-102000FAD893}.Unity|Any CPU.ActiveCfg = Unity|Any CPU
		{1D2ABBF7-F2C0-4DEA-A3B4-102000FAD893}.Unity|Any CPU.Build.0 = Unity|Any CPU
		{1D2ABBF7-F2C0-4DEA-A3B4-102000FAD893}.UnityDebug|Any CPU.ActiveCfg = UnityDebug|Any CPU
		{1D2ABBF7-F2C0-4DEA-A3B4-102000FAD893}.UnityDebug|Any CPU.Build.0 = UnityDebug|Any CPU
		{CA32214E-75E1-40DD-BAA4-03A2BDFEB8B2}.Debug|Any CPU.ActiveCfg = Debug|Any CPU
		{CA32214E-75E1-40DD-BAA4-03A2BDFEB8B2}.Debug|Any CPU.Build.0 = Debug|Any CPU
		{CA32214E-75E1-40DD-BAA4-03A2BDFEB8B2}.DebugStable|Any CPU.ActiveCfg = Debug|Any CPU
		{CA32214E-75E1-40DD-BAA4-03A2BDFEB8B2}.DebugStable|Any CPU.Build.0 = Debug|Any CPU
		{CA32214E-75E1-40DD-BAA4-03A2BDFEB8B2}.Release|Any CPU.ActiveCfg = Release|Any CPU
		{CA32214E-75E1-40DD-BAA4-03A2BDFEB8B2}.Release|Any CPU.Build.0 = Release|Any CPU
		{CA32214E-75E1-40DD-BAA4-03A2BDFEB8B2}.Unity|Any CPU.ActiveCfg = Unity|Any CPU
		{CA32214E-75E1-40DD-BAA4-03A2BDFEB8B2}.Unity|Any CPU.Build.0 = Unity|Any CPU
		{CA32214E-75E1-40DD-BAA4-03A2BDFEB8B2}.UnityDebug|Any CPU.ActiveCfg = UnityDebug|Any CPU
		{CA32214E-75E1-40DD-BAA4-03A2BDFEB8B2}.UnityDebug|Any CPU.Build.0 = UnityDebug|Any CPU
		{C0AD257A-E0E8-4798-A6AE-A40EED479964}.Debug|Any CPU.ActiveCfg = Debug|Any CPU
		{C0AD257A-E0E8-4798-A6AE-A40EED479964}.Debug|Any CPU.Build.0 = Debug|Any CPU
		{C0AD257A-E0E8-4798-A6AE-A40EED479964}.DebugStable|Any CPU.ActiveCfg = Debug|Any CPU
		{C0AD257A-E0E8-4798-A6AE-A40EED479964}.DebugStable|Any CPU.Build.0 = Debug|Any CPU
		{C0AD257A-E0E8-4798-A6AE-A40EED479964}.Release|Any CPU.ActiveCfg = Release|Any CPU
		{C0AD257A-E0E8-4798-A6AE-A40EED479964}.Release|Any CPU.Build.0 = Release|Any CPU
		{C0AD257A-E0E8-4798-A6AE-A40EED479964}.Unity|Any CPU.ActiveCfg = Unity|Any CPU
		{C0AD257A-E0E8-4798-A6AE-A40EED479964}.Unity|Any CPU.Build.0 = Unity|Any CPU
		{C0AD257A-E0E8-4798-A6AE-A40EED479964}.UnityDebug|Any CPU.ActiveCfg = UnityDebug|Any CPU
		{C0AD257A-E0E8-4798-A6AE-A40EED479964}.UnityDebug|Any CPU.Build.0 = UnityDebug|Any CPU
		{2BC3BABE-30BD-41C7-AFA3-810801D63C34}.Debug|Any CPU.ActiveCfg = Debug|Any CPU
		{2BC3BABE-30BD-41C7-AFA3-810801D63C34}.Debug|Any CPU.Build.0 = Debug|Any CPU
		{2BC3BABE-30BD-41C7-AFA3-810801D63C34}.DebugStable|Any CPU.ActiveCfg = Debug|Any CPU
		{2BC3BABE-30BD-41C7-AFA3-810801D63C34}.DebugStable|Any CPU.Build.0 = Debug|Any CPU
		{2BC3BABE-30BD-41C7-AFA3-810801D63C34}.Release|Any CPU.ActiveCfg = Release|Any CPU
		{2BC3BABE-30BD-41C7-AFA3-810801D63C34}.Release|Any CPU.Build.0 = Release|Any CPU
		{2BC3BABE-30BD-41C7-AFA3-810801D63C34}.Unity|Any CPU.ActiveCfg = Unity|Any CPU
		{2BC3BABE-30BD-41C7-AFA3-810801D63C34}.Unity|Any CPU.Build.0 = Unity|Any CPU
		{2BC3BABE-30BD-41C7-AFA3-810801D63C34}.UnityDebug|Any CPU.ActiveCfg = UnityDebug|Any CPU
		{2BC3BABE-30BD-41C7-AFA3-810801D63C34}.UnityDebug|Any CPU.Build.0 = UnityDebug|Any CPU
		{92273663-B27B-4C2F-A31C-67E05BB03C1B}.Debug|Any CPU.ActiveCfg = Debug|Any CPU
		{92273663-B27B-4C2F-A31C-67E05BB03C1B}.Debug|Any CPU.Build.0 = Debug|Any CPU
		{92273663-B27B-4C2F-A31C-67E05BB03C1B}.DebugStable|Any CPU.ActiveCfg = Debug|Any CPU
		{92273663-B27B-4C2F-A31C-67E05BB03C1B}.DebugStable|Any CPU.Build.0 = Debug|Any CPU
		{92273663-B27B-4C2F-A31C-67E05BB03C1B}.Release|Any CPU.ActiveCfg = Release|Any CPU
		{92273663-B27B-4C2F-A31C-67E05BB03C1B}.Release|Any CPU.Build.0 = Release|Any CPU
		{92273663-B27B-4C2F-A31C-67E05BB03C1B}.Unity|Any CPU.ActiveCfg = Unity|Any CPU
		{92273663-B27B-4C2F-A31C-67E05BB03C1B}.Unity|Any CPU.Build.0 = Unity|Any CPU
		{92273663-B27B-4C2F-A31C-67E05BB03C1B}.UnityDebug|Any CPU.ActiveCfg = UnityDebug|Any CPU
		{92273663-B27B-4C2F-A31C-67E05BB03C1B}.UnityDebug|Any CPU.Build.0 = UnityDebug|Any CPU
		{2CA67ABE-F7DC-4E98-8A65-440AE27FF458}.Debug|Any CPU.ActiveCfg = Debug|Any CPU
		{2CA67ABE-F7DC-4E98-8A65-440AE27FF458}.Debug|Any CPU.Build.0 = Debug|Any CPU
		{2CA67ABE-F7DC-4E98-8A65-440AE27FF458}.DebugStable|Any CPU.ActiveCfg = Debug|Any CPU
		{2CA67ABE-F7DC-4E98-8A65-440AE27FF458}.DebugStable|Any CPU.Build.0 = Debug|Any CPU
		{2CA67ABE-F7DC-4E98-8A65-440AE27FF458}.Release|Any CPU.ActiveCfg = Release|Any CPU
		{2CA67ABE-F7DC-4E98-8A65-440AE27FF458}.Release|Any CPU.Build.0 = Release|Any CPU
		{2CA67ABE-F7DC-4E98-8A65-440AE27FF458}.Unity|Any CPU.ActiveCfg = Unity|Any CPU
		{2CA67ABE-F7DC-4E98-8A65-440AE27FF458}.Unity|Any CPU.Build.0 = Unity|Any CPU
		{2CA67ABE-F7DC-4E98-8A65-440AE27FF458}.UnityDebug|Any CPU.ActiveCfg = UnityDebug|Any CPU
		{2CA67ABE-F7DC-4E98-8A65-440AE27FF458}.UnityDebug|Any CPU.Build.0 = UnityDebug|Any CPU
		{B5E25BEB-24E3-4F3D-9AE5-F14E8BE8E767}.Debug|Any CPU.ActiveCfg = Debug|Any CPU
		{B5E25BEB-24E3-4F3D-9AE5-F14E8BE8E767}.Debug|Any CPU.Build.0 = Debug|Any CPU
		{B5E25BEB-24E3-4F3D-9AE5-F14E8BE8E767}.DebugStable|Any CPU.ActiveCfg = Debug|Any CPU
		{B5E25BEB-24E3-4F3D-9AE5-F14E8BE8E767}.DebugStable|Any CPU.Build.0 = Debug|Any CPU
		{B5E25BEB-24E3-4F3D-9AE5-F14E8BE8E767}.Release|Any CPU.ActiveCfg = Release|Any CPU
		{B5E25BEB-24E3-4F3D-9AE5-F14E8BE8E767}.Release|Any CPU.Build.0 = Release|Any CPU
		{B5E25BEB-24E3-4F3D-9AE5-F14E8BE8E767}.Unity|Any CPU.ActiveCfg = Unity|Any CPU
		{B5E25BEB-24E3-4F3D-9AE5-F14E8BE8E767}.Unity|Any CPU.Build.0 = Unity|Any CPU
		{B5E25BEB-24E3-4F3D-9AE5-F14E8BE8E767}.UnityDebug|Any CPU.ActiveCfg = UnityDebug|Any CPU
		{B5E25BEB-24E3-4F3D-9AE5-F14E8BE8E767}.UnityDebug|Any CPU.Build.0 = UnityDebug|Any CPU
		{700CE303-BDC9-4D27-B220-1C20C6F2AC3A}.Debug|Any CPU.ActiveCfg = Debug|Any CPU
		{700CE303-BDC9-4D27-B220-1C20C6F2AC3A}.Debug|Any CPU.Build.0 = Debug|Any CPU
		{700CE303-BDC9-4D27-B220-1C20C6F2AC3A}.DebugStable|Any CPU.ActiveCfg = Debug|Any CPU
		{700CE303-BDC9-4D27-B220-1C20C6F2AC3A}.DebugStable|Any CPU.Build.0 = Debug|Any CPU
		{700CE303-BDC9-4D27-B220-1C20C6F2AC3A}.Release|Any CPU.ActiveCfg = Release|Any CPU
		{700CE303-BDC9-4D27-B220-1C20C6F2AC3A}.Release|Any CPU.Build.0 = Release|Any CPU
		{700CE303-BDC9-4D27-B220-1C20C6F2AC3A}.Unity|Any CPU.ActiveCfg = Unity|Any CPU
		{700CE303-BDC9-4D27-B220-1C20C6F2AC3A}.Unity|Any CPU.Build.0 = Unity|Any CPU
		{700CE303-BDC9-4D27-B220-1C20C6F2AC3A}.UnityDebug|Any CPU.ActiveCfg = UnityDebug|Any CPU
		{700CE303-BDC9-4D27-B220-1C20C6F2AC3A}.UnityDebug|Any CPU.Build.0 = UnityDebug|Any CPU
		{97844866-1185-4E93-99C2-F824D5EA3AE0}.Debug|Any CPU.ActiveCfg = Debug|Any CPU
		{97844866-1185-4E93-99C2-F824D5EA3AE0}.Debug|Any CPU.Build.0 = Debug|Any CPU
		{97844866-1185-4E93-99C2-F824D5EA3AE0}.DebugStable|Any CPU.ActiveCfg = Debug|Any CPU
		{97844866-1185-4E93-99C2-F824D5EA3AE0}.DebugStable|Any CPU.Build.0 = Debug|Any CPU
		{97844866-1185-4E93-99C2-F824D5EA3AE0}.Release|Any CPU.ActiveCfg = Release|Any CPU
		{97844866-1185-4E93-99C2-F824D5EA3AE0}.Release|Any CPU.Build.0 = Release|Any CPU
		{97844866-1185-4E93-99C2-F824D5EA3AE0}.Unity|Any CPU.ActiveCfg = Unity|Any CPU
		{97844866-1185-4E93-99C2-F824D5EA3AE0}.Unity|Any CPU.Build.0 = Unity|Any CPU
		{97844866-1185-4E93-99C2-F824D5EA3AE0}.UnityDebug|Any CPU.ActiveCfg = UnityDebug|Any CPU
		{97844866-1185-4E93-99C2-F824D5EA3AE0}.UnityDebug|Any CPU.Build.0 = UnityDebug|Any CPU
		{07A9F5C4-8C64-4F1B-B07D-C0DF7A905C0B}.Debug|Any CPU.ActiveCfg = Debug|Any CPU
		{07A9F5C4-8C64-4F1B-B07D-C0DF7A905C0B}.Debug|Any CPU.Build.0 = Debug|Any CPU
		{07A9F5C4-8C64-4F1B-B07D-C0DF7A905C0B}.DebugStable|Any CPU.ActiveCfg = Debug|Any CPU
		{07A9F5C4-8C64-4F1B-B07D-C0DF7A905C0B}.DebugStable|Any CPU.Build.0 = Debug|Any CPU
		{07A9F5C4-8C64-4F1B-B07D-C0DF7A905C0B}.Release|Any CPU.ActiveCfg = Release|Any CPU
		{07A9F5C4-8C64-4F1B-B07D-C0DF7A905C0B}.Release|Any CPU.Build.0 = Release|Any CPU
		{07A9F5C4-8C64-4F1B-B07D-C0DF7A905C0B}.Unity|Any CPU.ActiveCfg = Unity|Any CPU
		{07A9F5C4-8C64-4F1B-B07D-C0DF7A905C0B}.Unity|Any CPU.Build.0 = Unity|Any CPU
		{07A9F5C4-8C64-4F1B-B07D-C0DF7A905C0B}.UnityDebug|Any CPU.ActiveCfg = UnityDebug|Any CPU
		{07A9F5C4-8C64-4F1B-B07D-C0DF7A905C0B}.UnityDebug|Any CPU.Build.0 = UnityDebug|Any CPU
		{375F419C-209A-4776-A86A-8B42CD31CC65}.Debug|Any CPU.ActiveCfg = Debug|Any CPU
		{375F419C-209A-4776-A86A-8B42CD31CC65}.Debug|Any CPU.Build.0 = Debug|Any CPU
		{375F419C-209A-4776-A86A-8B42CD31CC65}.DebugStable|Any CPU.ActiveCfg = Debug|Any CPU
		{375F419C-209A-4776-A86A-8B42CD31CC65}.DebugStable|Any CPU.Build.0 = Debug|Any CPU
		{375F419C-209A-4776-A86A-8B42CD31CC65}.Release|Any CPU.ActiveCfg = Release|Any CPU
		{375F419C-209A-4776-A86A-8B42CD31CC65}.Release|Any CPU.Build.0 = Release|Any CPU
		{375F419C-209A-4776-A86A-8B42CD31CC65}.Unity|Any CPU.ActiveCfg = Unity|Any CPU
		{375F419C-209A-4776-A86A-8B42CD31CC65}.Unity|Any CPU.Build.0 = Unity|Any CPU
		{375F419C-209A-4776-A86A-8B42CD31CC65}.UnityDebug|Any CPU.ActiveCfg = UnityDebug|Any CPU
		{375F419C-209A-4776-A86A-8B42CD31CC65}.UnityDebug|Any CPU.Build.0 = UnityDebug|Any CPU
		{0A837AF1-71C4-4FCC-BA53-E66D7CD1D1D6}.Debug|Any CPU.ActiveCfg = Debug|Any CPU
		{0A837AF1-71C4-4FCC-BA53-E66D7CD1D1D6}.Debug|Any CPU.Build.0 = Debug|Any CPU
		{0A837AF1-71C4-4FCC-BA53-E66D7CD1D1D6}.DebugStable|Any CPU.ActiveCfg = Debug|Any CPU
		{0A837AF1-71C4-4FCC-BA53-E66D7CD1D1D6}.DebugStable|Any CPU.Build.0 = Debug|Any CPU
		{0A837AF1-71C4-4FCC-BA53-E66D7CD1D1D6}.Release|Any CPU.ActiveCfg = Release|Any CPU
		{0A837AF1-71C4-4FCC-BA53-E66D7CD1D1D6}.Release|Any CPU.Build.0 = Release|Any CPU
		{0A837AF1-71C4-4FCC-BA53-E66D7CD1D1D6}.Unity|Any CPU.ActiveCfg = Unity|Any CPU
		{0A837AF1-71C4-4FCC-BA53-E66D7CD1D1D6}.Unity|Any CPU.Build.0 = Unity|Any CPU
		{0A837AF1-71C4-4FCC-BA53-E66D7CD1D1D6}.UnityDebug|Any CPU.ActiveCfg = UnityDebug|Any CPU
		{0A837AF1-71C4-4FCC-BA53-E66D7CD1D1D6}.UnityDebug|Any CPU.Build.0 = UnityDebug|Any CPU
		{2428A61F-6AAC-4EA7-9693-100E68D42E84}.Debug|Any CPU.ActiveCfg = Debug|Any CPU
		{2428A61F-6AAC-4EA7-9693-100E68D42E84}.Debug|Any CPU.Build.0 = Debug|Any CPU
		{2428A61F-6AAC-4EA7-9693-100E68D42E84}.DebugStable|Any CPU.ActiveCfg = Debug|Any CPU
		{2428A61F-6AAC-4EA7-9693-100E68D42E84}.DebugStable|Any CPU.Build.0 = Debug|Any CPU
		{2428A61F-6AAC-4EA7-9693-100E68D42E84}.Release|Any CPU.ActiveCfg = Release|Any CPU
		{2428A61F-6AAC-4EA7-9693-100E68D42E84}.Release|Any CPU.Build.0 = Release|Any CPU
		{2428A61F-6AAC-4EA7-9693-100E68D42E84}.Unity|Any CPU.ActiveCfg = Unity|Any CPU
		{2428A61F-6AAC-4EA7-9693-100E68D42E84}.Unity|Any CPU.Build.0 = Unity|Any CPU
		{2428A61F-6AAC-4EA7-9693-100E68D42E84}.UnityDebug|Any CPU.ActiveCfg = UnityDebug|Any CPU
		{2428A61F-6AAC-4EA7-9693-100E68D42E84}.UnityDebug|Any CPU.Build.0 = UnityDebug|Any CPU
		{A4A939B0-2F70-4C56-8C4F-AD512AC0840B}.Debug|Any CPU.ActiveCfg = Debug|Any CPU
		{A4A939B0-2F70-4C56-8C4F-AD512AC0840B}.Debug|Any CPU.Build.0 = Debug|Any CPU
		{A4A939B0-2F70-4C56-8C4F-AD512AC0840B}.DebugStable|Any CPU.ActiveCfg = Debug|Any CPU
		{A4A939B0-2F70-4C56-8C4F-AD512AC0840B}.DebugStable|Any CPU.Build.0 = Debug|Any CPU
		{A4A939B0-2F70-4C56-8C4F-AD512AC0840B}.Release|Any CPU.ActiveCfg = Release|Any CPU
		{A4A939B0-2F70-4C56-8C4F-AD512AC0840B}.Release|Any CPU.Build.0 = Release|Any CPU
		{A4A939B0-2F70-4C56-8C4F-AD512AC0840B}.Unity|Any CPU.ActiveCfg = Unity|Any CPU
		{A4A939B0-2F70-4C56-8C4F-AD512AC0840B}.Unity|Any CPU.Build.0 = Unity|Any CPU
		{A4A939B0-2F70-4C56-8C4F-AD512AC0840B}.UnityDebug|Any CPU.ActiveCfg = UnityDebug|Any CPU
		{A4A939B0-2F70-4C56-8C4F-AD512AC0840B}.UnityDebug|Any CPU.Build.0 = UnityDebug|Any CPU
		{A11FDAE0-DD80-404C-BE84-51B7357EF3AB}.Debug|Any CPU.ActiveCfg = Debug|Any CPU
		{A11FDAE0-DD80-404C-BE84-51B7357EF3AB}.Debug|Any CPU.Build.0 = Debug|Any CPU
		{A11FDAE0-DD80-404C-BE84-51B7357EF3AB}.DebugStable|Any CPU.ActiveCfg = Debug|Any CPU
		{A11FDAE0-DD80-404C-BE84-51B7357EF3AB}.DebugStable|Any CPU.Build.0 = Debug|Any CPU
		{A11FDAE0-DD80-404C-BE84-51B7357EF3AB}.Release|Any CPU.ActiveCfg = Release|Any CPU
		{A11FDAE0-DD80-404C-BE84-51B7357EF3AB}.Release|Any CPU.Build.0 = Release|Any CPU
		{A11FDAE0-DD80-404C-BE84-51B7357EF3AB}.Unity|Any CPU.ActiveCfg = Unity|Any CPU
		{A11FDAE0-DD80-404C-BE84-51B7357EF3AB}.Unity|Any CPU.Build.0 = Unity|Any CPU
		{A11FDAE0-DD80-404C-BE84-51B7357EF3AB}.UnityDebug|Any CPU.ActiveCfg = UnityDebug|Any CPU
		{A11FDAE0-DD80-404C-BE84-51B7357EF3AB}.UnityDebug|Any CPU.Build.0 = UnityDebug|Any CPU
		{37281BE1-638E-486F-9E56-BE1B84585830}.Debug|Any CPU.ActiveCfg = Debug|Any CPU
		{37281BE1-638E-486F-9E56-BE1B84585830}.Debug|Any CPU.Build.0 = Debug|Any CPU
		{37281BE1-638E-486F-9E56-BE1B84585830}.DebugStable|Any CPU.ActiveCfg = Debug|Any CPU
		{37281BE1-638E-486F-9E56-BE1B84585830}.DebugStable|Any CPU.Build.0 = Debug|Any CPU
		{37281BE1-638E-486F-9E56-BE1B84585830}.Release|Any CPU.ActiveCfg = Release|Any CPU
		{37281BE1-638E-486F-9E56-BE1B84585830}.Release|Any CPU.Build.0 = Release|Any CPU
		{37281BE1-638E-486F-9E56-BE1B84585830}.Unity|Any CPU.ActiveCfg = Unity|Any CPU
		{37281BE1-638E-486F-9E56-BE1B84585830}.Unity|Any CPU.Build.0 = Unity|Any CPU
		{37281BE1-638E-486F-9E56-BE1B84585830}.UnityDebug|Any CPU.ActiveCfg = UnityDebug|Any CPU
		{37281BE1-638E-486F-9E56-BE1B84585830}.UnityDebug|Any CPU.Build.0 = UnityDebug|Any CPU
		{E16F2AD8-B965-4A40-94F9-A31DFF17B063}.Debug|Any CPU.ActiveCfg = Debug|Any CPU
		{E16F2AD8-B965-4A40-94F9-A31DFF17B063}.Debug|Any CPU.Build.0 = Debug|Any CPU
		{E16F2AD8-B965-4A40-94F9-A31DFF17B063}.DebugStable|Any CPU.ActiveCfg = Debug|Any CPU
		{E16F2AD8-B965-4A40-94F9-A31DFF17B063}.DebugStable|Any CPU.Build.0 = Debug|Any CPU
		{E16F2AD8-B965-4A40-94F9-A31DFF17B063}.Release|Any CPU.ActiveCfg = Release|Any CPU
		{E16F2AD8-B965-4A40-94F9-A31DFF17B063}.Release|Any CPU.Build.0 = Release|Any CPU
		{E16F2AD8-B965-4A40-94F9-A31DFF17B063}.Unity|Any CPU.ActiveCfg = Debug|Any CPU
		{E16F2AD8-B965-4A40-94F9-A31DFF17B063}.Unity|Any CPU.Build.0 = Debug|Any CPU
		{E16F2AD8-B965-4A40-94F9-A31DFF17B063}.UnityDebug|Any CPU.ActiveCfg = Debug|Any CPU
		{E16F2AD8-B965-4A40-94F9-A31DFF17B063}.UnityDebug|Any CPU.Build.0 = Debug|Any CPU
		{9D4F5123-4A82-4334-91DA-2369C0AA7914}.Debug|Any CPU.ActiveCfg = Debug|Any CPU
		{9D4F5123-4A82-4334-91DA-2369C0AA7914}.Debug|Any CPU.Build.0 = Debug|Any CPU
		{9D4F5123-4A82-4334-91DA-2369C0AA7914}.DebugStable|Any CPU.ActiveCfg = Debug|Any CPU
		{9D4F5123-4A82-4334-91DA-2369C0AA7914}.DebugStable|Any CPU.Build.0 = Debug|Any CPU
		{9D4F5123-4A82-4334-91DA-2369C0AA7914}.Release|Any CPU.ActiveCfg = Release|Any CPU
		{9D4F5123-4A82-4334-91DA-2369C0AA7914}.Release|Any CPU.Build.0 = Release|Any CPU
		{9D4F5123-4A82-4334-91DA-2369C0AA7914}.Unity|Any CPU.ActiveCfg = Unity|Any CPU
		{9D4F5123-4A82-4334-91DA-2369C0AA7914}.Unity|Any CPU.Build.0 = Unity|Any CPU
		{9D4F5123-4A82-4334-91DA-2369C0AA7914}.UnityDebug|Any CPU.ActiveCfg = UnityDebug|Any CPU
		{9D4F5123-4A82-4334-91DA-2369C0AA7914}.UnityDebug|Any CPU.Build.0 = UnityDebug|Any CPU
		{5FB87DA5-3AD0-4FAF-A105-7142780DF1FD}.Debug|Any CPU.ActiveCfg = Debug|Any CPU
		{5FB87DA5-3AD0-4FAF-A105-7142780DF1FD}.Debug|Any CPU.Build.0 = Debug|Any CPU
		{5FB87DA5-3AD0-4FAF-A105-7142780DF1FD}.DebugStable|Any CPU.ActiveCfg = Debug|Any CPU
		{5FB87DA5-3AD0-4FAF-A105-7142780DF1FD}.DebugStable|Any CPU.Build.0 = Debug|Any CPU
		{5FB87DA5-3AD0-4FAF-A105-7142780DF1FD}.Release|Any CPU.ActiveCfg = Release|Any CPU
		{5FB87DA5-3AD0-4FAF-A105-7142780DF1FD}.Release|Any CPU.Build.0 = Release|Any CPU
		{5FB87DA5-3AD0-4FAF-A105-7142780DF1FD}.Unity|Any CPU.ActiveCfg = Unity|Any CPU
		{5FB87DA5-3AD0-4FAF-A105-7142780DF1FD}.Unity|Any CPU.Build.0 = Unity|Any CPU
		{5FB87DA5-3AD0-4FAF-A105-7142780DF1FD}.UnityDebug|Any CPU.ActiveCfg = UnityDebug|Any CPU
		{5FB87DA5-3AD0-4FAF-A105-7142780DF1FD}.UnityDebug|Any CPU.Build.0 = UnityDebug|Any CPU
		{662F412F-1A9D-430C-8CF7-0AE0D4605C45}.Debug|Any CPU.ActiveCfg = Debug|Any CPU
		{662F412F-1A9D-430C-8CF7-0AE0D4605C45}.Debug|Any CPU.Build.0 = Debug|Any CPU
		{662F412F-1A9D-430C-8CF7-0AE0D4605C45}.DebugStable|Any CPU.ActiveCfg = Debug|Any CPU
		{662F412F-1A9D-430C-8CF7-0AE0D4605C45}.DebugStable|Any CPU.Build.0 = Debug|Any CPU
		{662F412F-1A9D-430C-8CF7-0AE0D4605C45}.Release|Any CPU.ActiveCfg = Release|Any CPU
		{662F412F-1A9D-430C-8CF7-0AE0D4605C45}.Release|Any CPU.Build.0 = Release|Any CPU
		{662F412F-1A9D-430C-8CF7-0AE0D4605C45}.Unity|Any CPU.ActiveCfg = Unity|Any CPU
		{662F412F-1A9D-430C-8CF7-0AE0D4605C45}.Unity|Any CPU.Build.0 = Unity|Any CPU
		{662F412F-1A9D-430C-8CF7-0AE0D4605C45}.UnityDebug|Any CPU.ActiveCfg = UnityDebug|Any CPU
		{662F412F-1A9D-430C-8CF7-0AE0D4605C45}.UnityDebug|Any CPU.Build.0 = UnityDebug|Any CPU
		{27DE0A53-58F7-42C2-AC96-1DB2BBEDD320}.Debug|Any CPU.ActiveCfg = Debug|Any CPU
		{27DE0A53-58F7-42C2-AC96-1DB2BBEDD320}.Debug|Any CPU.Build.0 = Debug|Any CPU
		{27DE0A53-58F7-42C2-AC96-1DB2BBEDD320}.DebugStable|Any CPU.ActiveCfg = Debug|Any CPU
		{27DE0A53-58F7-42C2-AC96-1DB2BBEDD320}.DebugStable|Any CPU.Build.0 = Debug|Any CPU
		{27DE0A53-58F7-42C2-AC96-1DB2BBEDD320}.Release|Any CPU.ActiveCfg = Release|Any CPU
		{27DE0A53-58F7-42C2-AC96-1DB2BBEDD320}.Release|Any CPU.Build.0 = Release|Any CPU
		{27DE0A53-58F7-42C2-AC96-1DB2BBEDD320}.Unity|Any CPU.ActiveCfg = Unity|Any CPU
		{27DE0A53-58F7-42C2-AC96-1DB2BBEDD320}.Unity|Any CPU.Build.0 = Unity|Any CPU
		{27DE0A53-58F7-42C2-AC96-1DB2BBEDD320}.UnityDebug|Any CPU.ActiveCfg = UnityDebug|Any CPU
		{27DE0A53-58F7-42C2-AC96-1DB2BBEDD320}.UnityDebug|Any CPU.Build.0 = UnityDebug|Any CPU
		{279C3FE3-849F-46E9-84F1-CD6FB648E8C0}.Debug|Any CPU.ActiveCfg = Debug|Any CPU
		{279C3FE3-849F-46E9-84F1-CD6FB648E8C0}.Debug|Any CPU.Build.0 = Debug|Any CPU
		{279C3FE3-849F-46E9-84F1-CD6FB648E8C0}.DebugStable|Any CPU.ActiveCfg = Debug|Any CPU
		{279C3FE3-849F-46E9-84F1-CD6FB648E8C0}.DebugStable|Any CPU.Build.0 = Debug|Any CPU
		{279C3FE3-849F-46E9-84F1-CD6FB648E8C0}.Release|Any CPU.ActiveCfg = Release|Any CPU
		{279C3FE3-849F-46E9-84F1-CD6FB648E8C0}.Release|Any CPU.Build.0 = Release|Any CPU
		{279C3FE3-849F-46E9-84F1-CD6FB648E8C0}.Unity|Any CPU.ActiveCfg = Unity|Any CPU
		{279C3FE3-849F-46E9-84F1-CD6FB648E8C0}.Unity|Any CPU.Build.0 = Unity|Any CPU
		{279C3FE3-849F-46E9-84F1-CD6FB648E8C0}.UnityDebug|Any CPU.ActiveCfg = UnityDebug|Any CPU
		{279C3FE3-849F-46E9-84F1-CD6FB648E8C0}.UnityDebug|Any CPU.Build.0 = UnityDebug|Any CPU
		{B4F7EBC0-78E5-4926-B6C5-06F21CFFEA0B}.Debug|Any CPU.ActiveCfg = Debug|Any CPU
		{B4F7EBC0-78E5-4926-B6C5-06F21CFFEA0B}.Debug|Any CPU.Build.0 = Debug|Any CPU
		{B4F7EBC0-78E5-4926-B6C5-06F21CFFEA0B}.DebugStable|Any CPU.ActiveCfg = Debug|Any CPU
		{B4F7EBC0-78E5-4926-B6C5-06F21CFFEA0B}.DebugStable|Any CPU.Build.0 = Debug|Any CPU
		{B4F7EBC0-78E5-4926-B6C5-06F21CFFEA0B}.Release|Any CPU.ActiveCfg = Release|Any CPU
		{B4F7EBC0-78E5-4926-B6C5-06F21CFFEA0B}.Release|Any CPU.Build.0 = Release|Any CPU
		{B4F7EBC0-78E5-4926-B6C5-06F21CFFEA0B}.Unity|Any CPU.ActiveCfg = Unity|Any CPU
		{B4F7EBC0-78E5-4926-B6C5-06F21CFFEA0B}.Unity|Any CPU.Build.0 = Unity|Any CPU
		{B4F7EBC0-78E5-4926-B6C5-06F21CFFEA0B}.UnityDebug|Any CPU.ActiveCfg = UnityDebug|Any CPU
		{B4F7EBC0-78E5-4926-B6C5-06F21CFFEA0B}.UnityDebug|Any CPU.Build.0 = UnityDebug|Any CPU
		{3EE7AF9A-CBBA-41D8-8530-C207D5597628}.Debug|Any CPU.ActiveCfg = Debug|Any CPU
		{3EE7AF9A-CBBA-41D8-8530-C207D5597628}.Debug|Any CPU.Build.0 = Debug|Any CPU
		{3EE7AF9A-CBBA-41D8-8530-C207D5597628}.DebugStable|Any CPU.ActiveCfg = Debug|Any CPU
		{3EE7AF9A-CBBA-41D8-8530-C207D5597628}.DebugStable|Any CPU.Build.0 = Debug|Any CPU
		{3EE7AF9A-CBBA-41D8-8530-C207D5597628}.Release|Any CPU.ActiveCfg = Release|Any CPU
		{3EE7AF9A-CBBA-41D8-8530-C207D5597628}.Release|Any CPU.Build.0 = Release|Any CPU
		{3EE7AF9A-CBBA-41D8-8530-C207D5597628}.Unity|Any CPU.ActiveCfg = Unity|Any CPU
		{3EE7AF9A-CBBA-41D8-8530-C207D5597628}.Unity|Any CPU.Build.0 = Unity|Any CPU
		{3EE7AF9A-CBBA-41D8-8530-C207D5597628}.UnityDebug|Any CPU.ActiveCfg = UnityDebug|Any CPU
		{3EE7AF9A-CBBA-41D8-8530-C207D5597628}.UnityDebug|Any CPU.Build.0 = UnityDebug|Any CPU
		{CCE5C95F-CB88-4F34-BDDD-FD47E52BD6BE}.Debug|Any CPU.ActiveCfg = Debug|Any CPU
		{CCE5C95F-CB88-4F34-BDDD-FD47E52BD6BE}.Debug|Any CPU.Build.0 = Debug|Any CPU
		{CCE5C95F-CB88-4F34-BDDD-FD47E52BD6BE}.DebugStable|Any CPU.ActiveCfg = Debug|Any CPU
		{CCE5C95F-CB88-4F34-BDDD-FD47E52BD6BE}.DebugStable|Any CPU.Build.0 = Debug|Any CPU
		{CCE5C95F-CB88-4F34-BDDD-FD47E52BD6BE}.Release|Any CPU.ActiveCfg = Release|Any CPU
		{CCE5C95F-CB88-4F34-BDDD-FD47E52BD6BE}.Release|Any CPU.Build.0 = Release|Any CPU
		{CCE5C95F-CB88-4F34-BDDD-FD47E52BD6BE}.Unity|Any CPU.ActiveCfg = Unity|Any CPU
		{CCE5C95F-CB88-4F34-BDDD-FD47E52BD6BE}.Unity|Any CPU.Build.0 = Unity|Any CPU
		{CCE5C95F-CB88-4F34-BDDD-FD47E52BD6BE}.UnityDebug|Any CPU.ActiveCfg = UnityDebug|Any CPU
		{CCE5C95F-CB88-4F34-BDDD-FD47E52BD6BE}.UnityDebug|Any CPU.Build.0 = UnityDebug|Any CPU
		{07682B09-4A31-45F8-A2CD-3D71B026FE3C}.Debug|Any CPU.ActiveCfg = Debug|Any CPU
		{07682B09-4A31-45F8-A2CD-3D71B026FE3C}.Debug|Any CPU.Build.0 = Debug|Any CPU
		{07682B09-4A31-45F8-A2CD-3D71B026FE3C}.DebugStable|Any CPU.ActiveCfg = Debug|Any CPU
		{07682B09-4A31-45F8-A2CD-3D71B026FE3C}.DebugStable|Any CPU.Build.0 = Debug|Any CPU
		{07682B09-4A31-45F8-A2CD-3D71B026FE3C}.Release|Any CPU.ActiveCfg = Release|Any CPU
		{07682B09-4A31-45F8-A2CD-3D71B026FE3C}.Release|Any CPU.Build.0 = Release|Any CPU
		{07682B09-4A31-45F8-A2CD-3D71B026FE3C}.Unity|Any CPU.ActiveCfg = Unity|Any CPU
		{07682B09-4A31-45F8-A2CD-3D71B026FE3C}.Unity|Any CPU.Build.0 = Unity|Any CPU
		{07682B09-4A31-45F8-A2CD-3D71B026FE3C}.UnityDebug|Any CPU.ActiveCfg = UnityDebug|Any CPU
		{07682B09-4A31-45F8-A2CD-3D71B026FE3C}.UnityDebug|Any CPU.Build.0 = UnityDebug|Any CPU
		{54B39C67-A882-409A-9357-8FA7604C404D}.Debug|Any CPU.ActiveCfg = Debug|Any CPU
		{54B39C67-A882-409A-9357-8FA7604C404D}.Debug|Any CPU.Build.0 = Debug|Any CPU
		{54B39C67-A882-409A-9357-8FA7604C404D}.DebugStable|Any CPU.ActiveCfg = Debug|Any CPU
		{54B39C67-A882-409A-9357-8FA7604C404D}.DebugStable|Any CPU.Build.0 = Debug|Any CPU
		{54B39C67-A882-409A-9357-8FA7604C404D}.Release|Any CPU.ActiveCfg = Release|Any CPU
		{54B39C67-A882-409A-9357-8FA7604C404D}.Release|Any CPU.Build.0 = Release|Any CPU
		{54B39C67-A882-409A-9357-8FA7604C404D}.Unity|Any CPU.ActiveCfg = Unity|Any CPU
		{54B39C67-A882-409A-9357-8FA7604C404D}.Unity|Any CPU.Build.0 = Unity|Any CPU
		{54B39C67-A882-409A-9357-8FA7604C404D}.UnityDebug|Any CPU.ActiveCfg = UnityDebug|Any CPU
		{54B39C67-A882-409A-9357-8FA7604C404D}.UnityDebug|Any CPU.Build.0 = UnityDebug|Any CPU
		{D1D4C9AC-7ABE-4BCC-ACD5-89C0DDD41B76}.Debug|Any CPU.ActiveCfg = Debug|Any CPU
		{D1D4C9AC-7ABE-4BCC-ACD5-89C0DDD41B76}.Debug|Any CPU.Build.0 = Debug|Any CPU
		{D1D4C9AC-7ABE-4BCC-ACD5-89C0DDD41B76}.DebugStable|Any CPU.ActiveCfg = Debug|Any CPU
		{D1D4C9AC-7ABE-4BCC-ACD5-89C0DDD41B76}.DebugStable|Any CPU.Build.0 = Debug|Any CPU
		{D1D4C9AC-7ABE-4BCC-ACD5-89C0DDD41B76}.Release|Any CPU.ActiveCfg = Release|Any CPU
		{D1D4C9AC-7ABE-4BCC-ACD5-89C0DDD41B76}.Release|Any CPU.Build.0 = Release|Any CPU
		{D1D4C9AC-7ABE-4BCC-ACD5-89C0DDD41B76}.Unity|Any CPU.ActiveCfg = Unity|Any CPU
		{D1D4C9AC-7ABE-4BCC-ACD5-89C0DDD41B76}.Unity|Any CPU.Build.0 = Unity|Any CPU
		{D1D4C9AC-7ABE-4BCC-ACD5-89C0DDD41B76}.UnityDebug|Any CPU.ActiveCfg = UnityDebug|Any CPU
		{D1D4C9AC-7ABE-4BCC-ACD5-89C0DDD41B76}.UnityDebug|Any CPU.Build.0 = UnityDebug|Any CPU
		{5E973CC0-FFD3-4003-A541-7DBEC7E16A29}.Debug|Any CPU.ActiveCfg = Debug|Any CPU
		{5E973CC0-FFD3-4003-A541-7DBEC7E16A29}.Debug|Any CPU.Build.0 = Debug|Any CPU
		{5E973CC0-FFD3-4003-A541-7DBEC7E16A29}.DebugStable|Any CPU.ActiveCfg = Debug|Any CPU
		{5E973CC0-FFD3-4003-A541-7DBEC7E16A29}.DebugStable|Any CPU.Build.0 = Debug|Any CPU
		{5E973CC0-FFD3-4003-A541-7DBEC7E16A29}.Release|Any CPU.ActiveCfg = Release|Any CPU
		{5E973CC0-FFD3-4003-A541-7DBEC7E16A29}.Release|Any CPU.Build.0 = Release|Any CPU
		{5E973CC0-FFD3-4003-A541-7DBEC7E16A29}.Unity|Any CPU.ActiveCfg = Unity|Any CPU
		{5E973CC0-FFD3-4003-A541-7DBEC7E16A29}.Unity|Any CPU.Build.0 = Unity|Any CPU
		{5E973CC0-FFD3-4003-A541-7DBEC7E16A29}.UnityDebug|Any CPU.ActiveCfg = UnityDebug|Any CPU
		{5E973CC0-FFD3-4003-A541-7DBEC7E16A29}.UnityDebug|Any CPU.Build.0 = UnityDebug|Any CPU
		{6EBAF641-5961-41D3-B6AB-F78D19320D12}.Debug|Any CPU.ActiveCfg = Debug|Any CPU
		{6EBAF641-5961-41D3-B6AB-F78D19320D12}.Debug|Any CPU.Build.0 = Debug|Any CPU
		{6EBAF641-5961-41D3-B6AB-F78D19320D12}.DebugStable|Any CPU.ActiveCfg = Debug|Any CPU
		{6EBAF641-5961-41D3-B6AB-F78D19320D12}.DebugStable|Any CPU.Build.0 = Debug|Any CPU
		{6EBAF641-5961-41D3-B6AB-F78D19320D12}.Release|Any CPU.ActiveCfg = Release|Any CPU
		{6EBAF641-5961-41D3-B6AB-F78D19320D12}.Release|Any CPU.Build.0 = Release|Any CPU
		{6EBAF641-5961-41D3-B6AB-F78D19320D12}.Unity|Any CPU.ActiveCfg = Unity|Any CPU
		{6EBAF641-5961-41D3-B6AB-F78D19320D12}.Unity|Any CPU.Build.0 = Unity|Any CPU
		{6EBAF641-5961-41D3-B6AB-F78D19320D12}.UnityDebug|Any CPU.ActiveCfg = UnityDebug|Any CPU
		{6EBAF641-5961-41D3-B6AB-F78D19320D12}.UnityDebug|Any CPU.Build.0 = UnityDebug|Any CPU
		{4983CF95-145B-44C7-8FC9-A8FF8B8190AB}.Debug|Any CPU.ActiveCfg = Debug|Any CPU
		{4983CF95-145B-44C7-8FC9-A8FF8B8190AB}.Debug|Any CPU.Build.0 = Debug|Any CPU
		{4983CF95-145B-44C7-8FC9-A8FF8B8190AB}.DebugStable|Any CPU.ActiveCfg = Debug|Any CPU
		{4983CF95-145B-44C7-8FC9-A8FF8B8190AB}.DebugStable|Any CPU.Build.0 = Debug|Any CPU
		{4983CF95-145B-44C7-8FC9-A8FF8B8190AB}.Release|Any CPU.ActiveCfg = Release|Any CPU
		{4983CF95-145B-44C7-8FC9-A8FF8B8190AB}.Unity|Any CPU.ActiveCfg = Unity|Any CPU
		{4983CF95-145B-44C7-8FC9-A8FF8B8190AB}.Unity|Any CPU.Build.0 = Unity|Any CPU
		{4983CF95-145B-44C7-8FC9-A8FF8B8190AB}.UnityDebug|Any CPU.ActiveCfg = UnityDebug|Any CPU
		{4983CF95-145B-44C7-8FC9-A8FF8B8190AB}.UnityDebug|Any CPU.Build.0 = UnityDebug|Any CPU
		{8B74E99E-5D63-4ED3-B64E-226A14496AD6}.Debug|Any CPU.ActiveCfg = Debug|Any CPU
		{8B74E99E-5D63-4ED3-B64E-226A14496AD6}.Debug|Any CPU.Build.0 = Debug|Any CPU
		{8B74E99E-5D63-4ED3-B64E-226A14496AD6}.DebugStable|Any CPU.ActiveCfg = Debug|Any CPU
		{8B74E99E-5D63-4ED3-B64E-226A14496AD6}.DebugStable|Any CPU.Build.0 = Debug|Any CPU
		{8B74E99E-5D63-4ED3-B64E-226A14496AD6}.Release|Any CPU.ActiveCfg = Release|Any CPU
		{8B74E99E-5D63-4ED3-B64E-226A14496AD6}.Release|Any CPU.Build.0 = Release|Any CPU
		{8B74E99E-5D63-4ED3-B64E-226A14496AD6}.Unity|Any CPU.ActiveCfg = Unity|Any CPU
		{8B74E99E-5D63-4ED3-B64E-226A14496AD6}.Unity|Any CPU.Build.0 = Unity|Any CPU
		{8B74E99E-5D63-4ED3-B64E-226A14496AD6}.UnityDebug|Any CPU.ActiveCfg = UnityDebug|Any CPU
		{8B74E99E-5D63-4ED3-B64E-226A14496AD6}.UnityDebug|Any CPU.Build.0 = UnityDebug|Any CPU
		{68705AF8-F933-40C7-ABFB-7E4C70BCB1DF}.Debug|Any CPU.ActiveCfg = Debug|Any CPU
		{68705AF8-F933-40C7-ABFB-7E4C70BCB1DF}.Debug|Any CPU.Build.0 = Debug|Any CPU
		{68705AF8-F933-40C7-ABFB-7E4C70BCB1DF}.DebugStable|Any CPU.ActiveCfg = Debug|Any CPU
		{68705AF8-F933-40C7-ABFB-7E4C70BCB1DF}.DebugStable|Any CPU.Build.0 = Debug|Any CPU
		{68705AF8-F933-40C7-ABFB-7E4C70BCB1DF}.Release|Any CPU.ActiveCfg = Release|Any CPU
		{68705AF8-F933-40C7-ABFB-7E4C70BCB1DF}.Release|Any CPU.Build.0 = Release|Any CPU
		{68705AF8-F933-40C7-ABFB-7E4C70BCB1DF}.Unity|Any CPU.ActiveCfg = Unity|Any CPU
		{68705AF8-F933-40C7-ABFB-7E4C70BCB1DF}.Unity|Any CPU.Build.0 = Unity|Any CPU
		{68705AF8-F933-40C7-ABFB-7E4C70BCB1DF}.UnityDebug|Any CPU.ActiveCfg = UnityDebug|Any CPU
		{68705AF8-F933-40C7-ABFB-7E4C70BCB1DF}.UnityDebug|Any CPU.Build.0 = UnityDebug|Any CPU
		{B5823513-41C1-4EB4-B1BC-E7CE9E2AFA2E}.Debug|Any CPU.ActiveCfg = Debug|Any CPU
		{B5823513-41C1-4EB4-B1BC-E7CE9E2AFA2E}.Debug|Any CPU.Build.0 = Debug|Any CPU
		{B5823513-41C1-4EB4-B1BC-E7CE9E2AFA2E}.DebugStable|Any CPU.ActiveCfg = Debug|Any CPU
		{B5823513-41C1-4EB4-B1BC-E7CE9E2AFA2E}.DebugStable|Any CPU.Build.0 = Debug|Any CPU
		{B5823513-41C1-4EB4-B1BC-E7CE9E2AFA2E}.Release|Any CPU.ActiveCfg = Release|Any CPU
		{B5823513-41C1-4EB4-B1BC-E7CE9E2AFA2E}.Release|Any CPU.Build.0 = Release|Any CPU
		{B5823513-41C1-4EB4-B1BC-E7CE9E2AFA2E}.Unity|Any CPU.ActiveCfg = Unity|Any CPU
		{B5823513-41C1-4EB4-B1BC-E7CE9E2AFA2E}.Unity|Any CPU.Build.0 = Unity|Any CPU
		{B5823513-41C1-4EB4-B1BC-E7CE9E2AFA2E}.UnityDebug|Any CPU.ActiveCfg = UnityDebug|Any CPU
		{B5823513-41C1-4EB4-B1BC-E7CE9E2AFA2E}.UnityDebug|Any CPU.Build.0 = UnityDebug|Any CPU
		{AD693204-C6A3-4DBC-996C-1154AF947490}.Debug|Any CPU.ActiveCfg = Debug|Any CPU
		{AD693204-C6A3-4DBC-996C-1154AF947490}.Debug|Any CPU.Build.0 = Debug|Any CPU
		{AD693204-C6A3-4DBC-996C-1154AF947490}.DebugStable|Any CPU.ActiveCfg = Debug|Any CPU
		{AD693204-C6A3-4DBC-996C-1154AF947490}.DebugStable|Any CPU.Build.0 = Debug|Any CPU
		{AD693204-C6A3-4DBC-996C-1154AF947490}.Release|Any CPU.ActiveCfg = Release|Any CPU
		{AD693204-C6A3-4DBC-996C-1154AF947490}.Release|Any CPU.Build.0 = Release|Any CPU
		{AD693204-C6A3-4DBC-996C-1154AF947490}.Unity|Any CPU.ActiveCfg = Unity|Any CPU
		{AD693204-C6A3-4DBC-996C-1154AF947490}.Unity|Any CPU.Build.0 = Unity|Any CPU
		{AD693204-C6A3-4DBC-996C-1154AF947490}.UnityDebug|Any CPU.ActiveCfg = UnityDebug|Any CPU
		{AD693204-C6A3-4DBC-996C-1154AF947490}.UnityDebug|Any CPU.Build.0 = UnityDebug|Any CPU
		{2D0A2C2B-D5E5-4B66-8131-421F898C40CF}.Debug|Any CPU.ActiveCfg = Debug|Any CPU
		{2D0A2C2B-D5E5-4B66-8131-421F898C40CF}.Debug|Any CPU.Build.0 = Debug|Any CPU
		{2D0A2C2B-D5E5-4B66-8131-421F898C40CF}.DebugStable|Any CPU.ActiveCfg = Debug|Any CPU
		{2D0A2C2B-D5E5-4B66-8131-421F898C40CF}.DebugStable|Any CPU.Build.0 = Debug|Any CPU
		{2D0A2C2B-D5E5-4B66-8131-421F898C40CF}.Release|Any CPU.ActiveCfg = Release|Any CPU
		{2D0A2C2B-D5E5-4B66-8131-421F898C40CF}.Release|Any CPU.Build.0 = Release|Any CPU
		{2D0A2C2B-D5E5-4B66-8131-421F898C40CF}.Unity|Any CPU.ActiveCfg = Unity|Any CPU
		{2D0A2C2B-D5E5-4B66-8131-421F898C40CF}.Unity|Any CPU.Build.0 = Unity|Any CPU
		{2D0A2C2B-D5E5-4B66-8131-421F898C40CF}.UnityDebug|Any CPU.ActiveCfg = UnityDebug|Any CPU
		{2D0A2C2B-D5E5-4B66-8131-421F898C40CF}.UnityDebug|Any CPU.Build.0 = UnityDebug|Any CPU
		{2DF3741B-D0A6-49CC-B76D-6C0AED949737}.Debug|Any CPU.ActiveCfg = Debug|Any CPU
		{2DF3741B-D0A6-49CC-B76D-6C0AED949737}.Debug|Any CPU.Build.0 = Debug|Any CPU
		{2DF3741B-D0A6-49CC-B76D-6C0AED949737}.DebugStable|Any CPU.ActiveCfg = Debug|Any CPU
		{2DF3741B-D0A6-49CC-B76D-6C0AED949737}.DebugStable|Any CPU.Build.0 = Debug|Any CPU
		{2DF3741B-D0A6-49CC-B76D-6C0AED949737}.Release|Any CPU.ActiveCfg = Release|Any CPU
		{2DF3741B-D0A6-49CC-B76D-6C0AED949737}.Release|Any CPU.Build.0 = Release|Any CPU
		{2DF3741B-D0A6-49CC-B76D-6C0AED949737}.Unity|Any CPU.ActiveCfg = Unity|Any CPU
		{2DF3741B-D0A6-49CC-B76D-6C0AED949737}.Unity|Any CPU.Build.0 = Unity|Any CPU
		{2DF3741B-D0A6-49CC-B76D-6C0AED949737}.UnityDebug|Any CPU.ActiveCfg = UnityDebug|Any CPU
		{2DF3741B-D0A6-49CC-B76D-6C0AED949737}.UnityDebug|Any CPU.Build.0 = UnityDebug|Any CPU
		{A7CC2B61-CB1D-43F6-9B67-6A5F19BE0B8A}.Debug|Any CPU.ActiveCfg = Debug|Any CPU
		{A7CC2B61-CB1D-43F6-9B67-6A5F19BE0B8A}.Debug|Any CPU.Build.0 = Debug|Any CPU
		{A7CC2B61-CB1D-43F6-9B67-6A5F19BE0B8A}.DebugStable|Any CPU.ActiveCfg = Debug|Any CPU
		{A7CC2B61-CB1D-43F6-9B67-6A5F19BE0B8A}.DebugStable|Any CPU.Build.0 = Debug|Any CPU
		{A7CC2B61-CB1D-43F6-9B67-6A5F19BE0B8A}.Release|Any CPU.ActiveCfg = Release|Any CPU
		{A7CC2B61-CB1D-43F6-9B67-6A5F19BE0B8A}.Release|Any CPU.Build.0 = Release|Any CPU
		{A7CC2B61-CB1D-43F6-9B67-6A5F19BE0B8A}.Unity|Any CPU.ActiveCfg = Unity|Any CPU
		{A7CC2B61-CB1D-43F6-9B67-6A5F19BE0B8A}.Unity|Any CPU.Build.0 = Unity|Any CPU
		{A7CC2B61-CB1D-43F6-9B67-6A5F19BE0B8A}.UnityDebug|Any CPU.ActiveCfg = UnityDebug|Any CPU
		{A7CC2B61-CB1D-43F6-9B67-6A5F19BE0B8A}.UnityDebug|Any CPU.Build.0 = UnityDebug|Any CPU
		{3B9C3B3A-E325-442B-ACE8-96FCB391B53E}.Debug|Any CPU.ActiveCfg = Debug|Any CPU
		{3B9C3B3A-E325-442B-ACE8-96FCB391B53E}.Debug|Any CPU.Build.0 = Debug|Any CPU
		{3B9C3B3A-E325-442B-ACE8-96FCB391B53E}.DebugStable|Any CPU.ActiveCfg = Debug|Any CPU
		{3B9C3B3A-E325-442B-ACE8-96FCB391B53E}.DebugStable|Any CPU.Build.0 = Debug|Any CPU
		{3B9C3B3A-E325-442B-ACE8-96FCB391B53E}.Release|Any CPU.ActiveCfg = Release|Any CPU
		{3B9C3B3A-E325-442B-ACE8-96FCB391B53E}.Release|Any CPU.Build.0 = Release|Any CPU
		{3B9C3B3A-E325-442B-ACE8-96FCB391B53E}.Unity|Any CPU.ActiveCfg = Unity|Any CPU
		{3B9C3B3A-E325-442B-ACE8-96FCB391B53E}.Unity|Any CPU.Build.0 = Unity|Any CPU
		{3B9C3B3A-E325-442B-ACE8-96FCB391B53E}.UnityDebug|Any CPU.ActiveCfg = UnityDebug|Any CPU
		{3B9C3B3A-E325-442B-ACE8-96FCB391B53E}.UnityDebug|Any CPU.Build.0 = UnityDebug|Any CPU
		{9D19648E-AF69-4491-8DE3-A333CEE28998}.Debug|Any CPU.ActiveCfg = Debug|Any CPU
		{9D19648E-AF69-4491-8DE3-A333CEE28998}.Debug|Any CPU.Build.0 = Debug|Any CPU
		{9D19648E-AF69-4491-8DE3-A333CEE28998}.DebugStable|Any CPU.ActiveCfg = Debug|Any CPU
		{9D19648E-AF69-4491-8DE3-A333CEE28998}.DebugStable|Any CPU.Build.0 = Debug|Any CPU
		{9D19648E-AF69-4491-8DE3-A333CEE28998}.Release|Any CPU.ActiveCfg = Release|Any CPU
		{9D19648E-AF69-4491-8DE3-A333CEE28998}.Release|Any CPU.Build.0 = Release|Any CPU
		{9D19648E-AF69-4491-8DE3-A333CEE28998}.Unity|Any CPU.ActiveCfg = Unity|Any CPU
		{9D19648E-AF69-4491-8DE3-A333CEE28998}.Unity|Any CPU.Build.0 = Unity|Any CPU
		{9D19648E-AF69-4491-8DE3-A333CEE28998}.UnityDebug|Any CPU.ActiveCfg = UnityDebug|Any CPU
		{9D19648E-AF69-4491-8DE3-A333CEE28998}.UnityDebug|Any CPU.Build.0 = UnityDebug|Any CPU
		{EB437F7E-0794-4A77-B027-6D998DB76B03}.Debug|Any CPU.ActiveCfg = Debug|Any CPU
		{EB437F7E-0794-4A77-B027-6D998DB76B03}.Debug|Any CPU.Build.0 = Debug|Any CPU
		{EB437F7E-0794-4A77-B027-6D998DB76B03}.DebugStable|Any CPU.ActiveCfg = Debug|Any CPU
		{EB437F7E-0794-4A77-B027-6D998DB76B03}.DebugStable|Any CPU.Build.0 = Debug|Any CPU
		{EB437F7E-0794-4A77-B027-6D998DB76B03}.Release|Any CPU.ActiveCfg = Release|Any CPU
		{EB437F7E-0794-4A77-B027-6D998DB76B03}.Release|Any CPU.Build.0 = Release|Any CPU
		{EB437F7E-0794-4A77-B027-6D998DB76B03}.Unity|Any CPU.ActiveCfg = Unity|Any CPU
		{EB437F7E-0794-4A77-B027-6D998DB76B03}.Unity|Any CPU.Build.0 = Unity|Any CPU
		{EB437F7E-0794-4A77-B027-6D998DB76B03}.UnityDebug|Any CPU.ActiveCfg = UnityDebug|Any CPU
		{EB437F7E-0794-4A77-B027-6D998DB76B03}.UnityDebug|Any CPU.Build.0 = UnityDebug|Any CPU
		{F3F90581-F0FD-499E-ABB6-BD0EB7D5A9DB}.Debug|Any CPU.ActiveCfg = Debug|Any CPU
		{F3F90581-F0FD-499E-ABB6-BD0EB7D5A9DB}.Debug|Any CPU.Build.0 = Debug|Any CPU
		{F3F90581-F0FD-499E-ABB6-BD0EB7D5A9DB}.DebugStable|Any CPU.ActiveCfg = Debug|Any CPU
		{F3F90581-F0FD-499E-ABB6-BD0EB7D5A9DB}.DebugStable|Any CPU.Build.0 = Debug|Any CPU
		{F3F90581-F0FD-499E-ABB6-BD0EB7D5A9DB}.Release|Any CPU.ActiveCfg = Release|Any CPU
		{F3F90581-F0FD-499E-ABB6-BD0EB7D5A9DB}.Release|Any CPU.Build.0 = Release|Any CPU
		{F3F90581-F0FD-499E-ABB6-BD0EB7D5A9DB}.Unity|Any CPU.ActiveCfg = Unity|Any CPU
		{F3F90581-F0FD-499E-ABB6-BD0EB7D5A9DB}.Unity|Any CPU.Build.0 = Unity|Any CPU
		{F3F90581-F0FD-499E-ABB6-BD0EB7D5A9DB}.UnityDebug|Any CPU.ActiveCfg = UnityDebug|Any CPU
		{F3F90581-F0FD-499E-ABB6-BD0EB7D5A9DB}.UnityDebug|Any CPU.Build.0 = UnityDebug|Any CPU
		{821EB25C-A925-4E63-B439-DF2557535CFF}.Debug|Any CPU.ActiveCfg = Debug|Any CPU
		{821EB25C-A925-4E63-B439-DF2557535CFF}.Debug|Any CPU.Build.0 = Debug|Any CPU
		{821EB25C-A925-4E63-B439-DF2557535CFF}.DebugStable|Any CPU.ActiveCfg = Debug|Any CPU
		{821EB25C-A925-4E63-B439-DF2557535CFF}.DebugStable|Any CPU.Build.0 = Debug|Any CPU
		{821EB25C-A925-4E63-B439-DF2557535CFF}.Release|Any CPU.ActiveCfg = Release|Any CPU
		{821EB25C-A925-4E63-B439-DF2557535CFF}.Release|Any CPU.Build.0 = Release|Any CPU
		{821EB25C-A925-4E63-B439-DF2557535CFF}.Unity|Any CPU.ActiveCfg = Unity|Any CPU
		{821EB25C-A925-4E63-B439-DF2557535CFF}.Unity|Any CPU.Build.0 = Unity|Any CPU
		{821EB25C-A925-4E63-B439-DF2557535CFF}.UnityDebug|Any CPU.ActiveCfg = UnityDebug|Any CPU
		{821EB25C-A925-4E63-B439-DF2557535CFF}.UnityDebug|Any CPU.Build.0 = UnityDebug|Any CPU
		{D509AF4E-A915-433A-A0D0-8F1381712885}.Debug|Any CPU.ActiveCfg = Debug|Any CPU
		{D509AF4E-A915-433A-A0D0-8F1381712885}.Debug|Any CPU.Build.0 = Debug|Any CPU
		{D509AF4E-A915-433A-A0D0-8F1381712885}.DebugStable|Any CPU.ActiveCfg = Debug|Any CPU
		{D509AF4E-A915-433A-A0D0-8F1381712885}.DebugStable|Any CPU.Build.0 = Debug|Any CPU
		{D509AF4E-A915-433A-A0D0-8F1381712885}.Release|Any CPU.ActiveCfg = Release|Any CPU
		{D509AF4E-A915-433A-A0D0-8F1381712885}.Release|Any CPU.Build.0 = Release|Any CPU
		{D509AF4E-A915-433A-A0D0-8F1381712885}.Unity|Any CPU.ActiveCfg = Unity|Any CPU
		{D509AF4E-A915-433A-A0D0-8F1381712885}.Unity|Any CPU.Build.0 = Unity|Any CPU
		{D509AF4E-A915-433A-A0D0-8F1381712885}.UnityDebug|Any CPU.ActiveCfg = UnityDebug|Any CPU
		{D509AF4E-A915-433A-A0D0-8F1381712885}.UnityDebug|Any CPU.Build.0 = UnityDebug|Any CPU
		{D001B610-C1A4-4B2C-81A0-7D152FB5A8EF}.Debug|Any CPU.ActiveCfg = Debug|Any CPU
		{D001B610-C1A4-4B2C-81A0-7D152FB5A8EF}.Debug|Any CPU.Build.0 = Debug|Any CPU
		{D001B610-C1A4-4B2C-81A0-7D152FB5A8EF}.DebugStable|Any CPU.ActiveCfg = Debug|Any CPU
		{D001B610-C1A4-4B2C-81A0-7D152FB5A8EF}.DebugStable|Any CPU.Build.0 = Debug|Any CPU
		{D001B610-C1A4-4B2C-81A0-7D152FB5A8EF}.Release|Any CPU.ActiveCfg = Release|Any CPU
		{D001B610-C1A4-4B2C-81A0-7D152FB5A8EF}.Release|Any CPU.Build.0 = Release|Any CPU
		{D001B610-C1A4-4B2C-81A0-7D152FB5A8EF}.Unity|Any CPU.ActiveCfg = Debug|Any CPU
		{D001B610-C1A4-4B2C-81A0-7D152FB5A8EF}.Unity|Any CPU.Build.0 = Debug|Any CPU
		{D001B610-C1A4-4B2C-81A0-7D152FB5A8EF}.UnityDebug|Any CPU.ActiveCfg = Debug|Any CPU
		{D001B610-C1A4-4B2C-81A0-7D152FB5A8EF}.UnityDebug|Any CPU.Build.0 = Debug|Any CPU
		{C3DF8523-D324-4C19-8AAD-BFAB8723C333}.Debug|Any CPU.ActiveCfg = Debug|Any CPU
		{C3DF8523-D324-4C19-8AAD-BFAB8723C333}.Debug|Any CPU.Build.0 = Debug|Any CPU
		{C3DF8523-D324-4C19-8AAD-BFAB8723C333}.DebugStable|Any CPU.ActiveCfg = Debug|Any CPU
		{C3DF8523-D324-4C19-8AAD-BFAB8723C333}.DebugStable|Any CPU.Build.0 = Debug|Any CPU
		{C3DF8523-D324-4C19-8AAD-BFAB8723C333}.Release|Any CPU.ActiveCfg = Release|Any CPU
		{C3DF8523-D324-4C19-8AAD-BFAB8723C333}.Release|Any CPU.Build.0 = Release|Any CPU
		{C3DF8523-D324-4C19-8AAD-BFAB8723C333}.Unity|Any CPU.ActiveCfg = Unity|Any CPU
		{C3DF8523-D324-4C19-8AAD-BFAB8723C333}.Unity|Any CPU.Build.0 = Unity|Any CPU
		{C3DF8523-D324-4C19-8AAD-BFAB8723C333}.UnityDebug|Any CPU.ActiveCfg = UnityDebug|Any CPU
		{C3DF8523-D324-4C19-8AAD-BFAB8723C333}.UnityDebug|Any CPU.Build.0 = UnityDebug|Any CPU
		{047F68A9-AFA9-4624-B054-E625F06EB608}.Debug|Any CPU.ActiveCfg = Debug|Any CPU
		{047F68A9-AFA9-4624-B054-E625F06EB608}.Debug|Any CPU.Build.0 = Debug|Any CPU
		{047F68A9-AFA9-4624-B054-E625F06EB608}.DebugStable|Any CPU.ActiveCfg = Debug|Any CPU
		{047F68A9-AFA9-4624-B054-E625F06EB608}.DebugStable|Any CPU.Build.0 = Debug|Any CPU
		{047F68A9-AFA9-4624-B054-E625F06EB608}.Release|Any CPU.ActiveCfg = Release|Any CPU
		{047F68A9-AFA9-4624-B054-E625F06EB608}.Release|Any CPU.Build.0 = Release|Any CPU
		{047F68A9-AFA9-4624-B054-E625F06EB608}.Unity|Any CPU.ActiveCfg = Unity|Any CPU
		{047F68A9-AFA9-4624-B054-E625F06EB608}.Unity|Any CPU.Build.0 = Unity|Any CPU
		{047F68A9-AFA9-4624-B054-E625F06EB608}.UnityDebug|Any CPU.ActiveCfg = UnityDebug|Any CPU
		{047F68A9-AFA9-4624-B054-E625F06EB608}.UnityDebug|Any CPU.Build.0 = UnityDebug|Any CPU
		{2BF11EFF-D25F-4C6A-A5AB-C858DCEF3F28}.Debug|Any CPU.ActiveCfg = Debug|Any CPU
		{2BF11EFF-D25F-4C6A-A5AB-C858DCEF3F28}.DebugStable|Any CPU.ActiveCfg = Debug|Any CPU
		{2BF11EFF-D25F-4C6A-A5AB-C858DCEF3F28}.DebugStable|Any CPU.Build.0 = Debug|Any CPU
		{2BF11EFF-D25F-4C6A-A5AB-C858DCEF3F28}.Release|Any CPU.ActiveCfg = Release|Any CPU
		{2BF11EFF-D25F-4C6A-A5AB-C858DCEF3F28}.Unity|Any CPU.ActiveCfg = Debug|Any CPU
		{2BF11EFF-D25F-4C6A-A5AB-C858DCEF3F28}.Unity|Any CPU.Build.0 = Debug|Any CPU
		{2BF11EFF-D25F-4C6A-A5AB-C858DCEF3F28}.UnityDebug|Any CPU.ActiveCfg = Debug|Any CPU
		{2BF11EFF-D25F-4C6A-A5AB-C858DCEF3F28}.UnityDebug|Any CPU.Build.0 = Debug|Any CPU
		{E5367746-0EE5-47C2-BFCC-1A00BB9D5F0A}.Debug|Any CPU.ActiveCfg = Debug|Any CPU
		{E5367746-0EE5-47C2-BFCC-1A00BB9D5F0A}.DebugStable|Any CPU.ActiveCfg = Debug|Any CPU
		{E5367746-0EE5-47C2-BFCC-1A00BB9D5F0A}.DebugStable|Any CPU.Build.0 = Debug|Any CPU
		{E5367746-0EE5-47C2-BFCC-1A00BB9D5F0A}.Release|Any CPU.ActiveCfg = Release|Any CPU
		{E5367746-0EE5-47C2-BFCC-1A00BB9D5F0A}.Unity|Any CPU.ActiveCfg = Debug|Any CPU
		{E5367746-0EE5-47C2-BFCC-1A00BB9D5F0A}.Unity|Any CPU.Build.0 = Debug|Any CPU
		{E5367746-0EE5-47C2-BFCC-1A00BB9D5F0A}.UnityDebug|Any CPU.ActiveCfg = Debug|Any CPU
		{E5367746-0EE5-47C2-BFCC-1A00BB9D5F0A}.UnityDebug|Any CPU.Build.0 = Debug|Any CPU
		{04B18CC7-9CB7-4590-95E9-EB6FCB26C186}.Debug|Any CPU.ActiveCfg = Debug|Any CPU
		{04B18CC7-9CB7-4590-95E9-EB6FCB26C186}.DebugStable|Any CPU.ActiveCfg = Debug|Any CPU
		{04B18CC7-9CB7-4590-95E9-EB6FCB26C186}.DebugStable|Any CPU.Build.0 = Debug|Any CPU
		{04B18CC7-9CB7-4590-95E9-EB6FCB26C186}.Release|Any CPU.ActiveCfg = Release|Any CPU
		{04B18CC7-9CB7-4590-95E9-EB6FCB26C186}.Unity|Any CPU.ActiveCfg = Debug|Any CPU
		{04B18CC7-9CB7-4590-95E9-EB6FCB26C186}.Unity|Any CPU.Build.0 = Debug|Any CPU
		{04B18CC7-9CB7-4590-95E9-EB6FCB26C186}.UnityDebug|Any CPU.ActiveCfg = Debug|Any CPU
		{04B18CC7-9CB7-4590-95E9-EB6FCB26C186}.UnityDebug|Any CPU.Build.0 = Debug|Any CPU
		{DFCA1015-E9EC-4743-90C4-161F621DE669}.Debug|Any CPU.ActiveCfg = Debug|Any CPU
		{DFCA1015-E9EC-4743-90C4-161F621DE669}.DebugStable|Any CPU.ActiveCfg = Debug|Any CPU
		{DFCA1015-E9EC-4743-90C4-161F621DE669}.DebugStable|Any CPU.Build.0 = Debug|Any CPU
		{DFCA1015-E9EC-4743-90C4-161F621DE669}.Release|Any CPU.ActiveCfg = Release|Any CPU
		{DFCA1015-E9EC-4743-90C4-161F621DE669}.Unity|Any CPU.ActiveCfg = Debug|Any CPU
		{DFCA1015-E9EC-4743-90C4-161F621DE669}.Unity|Any CPU.Build.0 = Debug|Any CPU
		{DFCA1015-E9EC-4743-90C4-161F621DE669}.UnityDebug|Any CPU.ActiveCfg = Debug|Any CPU
		{DFCA1015-E9EC-4743-90C4-161F621DE669}.UnityDebug|Any CPU.Build.0 = Debug|Any CPU
		{FD74DF7D-3F49-44DA-8908-A4708478F2AF}.Debug|Any CPU.ActiveCfg = Debug|Any CPU
		{FD74DF7D-3F49-44DA-8908-A4708478F2AF}.DebugStable|Any CPU.ActiveCfg = Debug|Any CPU
		{FD74DF7D-3F49-44DA-8908-A4708478F2AF}.DebugStable|Any CPU.Build.0 = Debug|Any CPU
		{FD74DF7D-3F49-44DA-8908-A4708478F2AF}.Release|Any CPU.ActiveCfg = Release|Any CPU
		{FD74DF7D-3F49-44DA-8908-A4708478F2AF}.Unity|Any CPU.ActiveCfg = Debug|Any CPU
		{FD74DF7D-3F49-44DA-8908-A4708478F2AF}.Unity|Any CPU.Build.0 = Debug|Any CPU
		{FD74DF7D-3F49-44DA-8908-A4708478F2AF}.UnityDebug|Any CPU.ActiveCfg = Debug|Any CPU
		{FD74DF7D-3F49-44DA-8908-A4708478F2AF}.UnityDebug|Any CPU.Build.0 = Debug|Any CPU
		{7E30BF12-6180-400A-8C07-BCBF39F634FF}.Debug|Any CPU.ActiveCfg = Debug|Any CPU
		{7E30BF12-6180-400A-8C07-BCBF39F634FF}.DebugStable|Any CPU.ActiveCfg = DebugStable|Any CPU
		{7E30BF12-6180-400A-8C07-BCBF39F634FF}.DebugStable|Any CPU.Build.0 = DebugStable|Any CPU
		{7E30BF12-6180-400A-8C07-BCBF39F634FF}.Release|Any CPU.ActiveCfg = Release|Any CPU
		{7E30BF12-6180-400A-8C07-BCBF39F634FF}.Unity|Any CPU.ActiveCfg = Unity|Any CPU
		{7E30BF12-6180-400A-8C07-BCBF39F634FF}.Unity|Any CPU.Build.0 = Unity|Any CPU
		{7E30BF12-6180-400A-8C07-BCBF39F634FF}.UnityDebug|Any CPU.ActiveCfg = UnityDebug|Any CPU
		{7E30BF12-6180-400A-8C07-BCBF39F634FF}.UnityDebug|Any CPU.Build.0 = UnityDebug|Any CPU
		{DC18B3A9-8F52-4D8D-9F86-55A975E31EF3}.Debug|Any CPU.ActiveCfg = Debug|Any CPU
		{DC18B3A9-8F52-4D8D-9F86-55A975E31EF3}.DebugStable|Any CPU.ActiveCfg = DebugStable|Any CPU
		{DC18B3A9-8F52-4D8D-9F86-55A975E31EF3}.DebugStable|Any CPU.Build.0 = DebugStable|Any CPU
		{DC18B3A9-8F52-4D8D-9F86-55A975E31EF3}.Release|Any CPU.ActiveCfg = Release|Any CPU
		{DC18B3A9-8F52-4D8D-9F86-55A975E31EF3}.Unity|Any CPU.ActiveCfg = Unity|Any CPU
		{DC18B3A9-8F52-4D8D-9F86-55A975E31EF3}.Unity|Any CPU.Build.0 = Unity|Any CPU
		{DC18B3A9-8F52-4D8D-9F86-55A975E31EF3}.UnityDebug|Any CPU.ActiveCfg = UnityDebug|Any CPU
		{DC18B3A9-8F52-4D8D-9F86-55A975E31EF3}.UnityDebug|Any CPU.Build.0 = UnityDebug|Any CPU
		{DE878C58-8A49-4848-A645-981E70155D79}.Debug|Any CPU.ActiveCfg = Debug|Any CPU
		{DE878C58-8A49-4848-A645-981E70155D79}.DebugStable|Any CPU.ActiveCfg = DebugStable|Any CPU
		{DE878C58-8A49-4848-A645-981E70155D79}.DebugStable|Any CPU.Build.0 = DebugStable|Any CPU
		{DE878C58-8A49-4848-A645-981E70155D79}.Release|Any CPU.ActiveCfg = Release|Any CPU
		{DE878C58-8A49-4848-A645-981E70155D79}.Unity|Any CPU.ActiveCfg = Unity|Any CPU
		{DE878C58-8A49-4848-A645-981E70155D79}.Unity|Any CPU.Build.0 = Unity|Any CPU
		{DE878C58-8A49-4848-A645-981E70155D79}.UnityDebug|Any CPU.ActiveCfg = UnityDebug|Any CPU
		{DE878C58-8A49-4848-A645-981E70155D79}.UnityDebug|Any CPU.Build.0 = UnityDebug|Any CPU
		{4DAB42D0-A12D-4F99-A133-60E826E91248}.Debug|Any CPU.ActiveCfg = Debug|Any CPU
		{4DAB42D0-A12D-4F99-A133-60E826E91248}.DebugStable|Any CPU.ActiveCfg = Debug|Any CPU
		{4DAB42D0-A12D-4F99-A133-60E826E91248}.DebugStable|Any CPU.Build.0 = Debug|Any CPU
		{4DAB42D0-A12D-4F99-A133-60E826E91248}.Release|Any CPU.ActiveCfg = Release|Any CPU
		{4DAB42D0-A12D-4F99-A133-60E826E91248}.Unity|Any CPU.ActiveCfg = Debug|Any CPU
		{4DAB42D0-A12D-4F99-A133-60E826E91248}.Unity|Any CPU.Build.0 = Debug|Any CPU
		{4DAB42D0-A12D-4F99-A133-60E826E91248}.UnityDebug|Any CPU.ActiveCfg = Debug|Any CPU
		{4DAB42D0-A12D-4F99-A133-60E826E91248}.UnityDebug|Any CPU.Build.0 = Debug|Any CPU
		{20185890-4957-4004-915F-F7353D8BFFCE}.Debug|Any CPU.ActiveCfg = Debug|Any CPU
		{20185890-4957-4004-915F-F7353D8BFFCE}.Debug|Any CPU.Build.0 = Debug|Any CPU
		{20185890-4957-4004-915F-F7353D8BFFCE}.DebugStable|Any CPU.ActiveCfg = Debug|Any CPU
		{20185890-4957-4004-915F-F7353D8BFFCE}.DebugStable|Any CPU.Build.0 = Debug|Any CPU
		{20185890-4957-4004-915F-F7353D8BFFCE}.Release|Any CPU.ActiveCfg = Release|Any CPU
		{20185890-4957-4004-915F-F7353D8BFFCE}.Release|Any CPU.Build.0 = Release|Any CPU
		{20185890-4957-4004-915F-F7353D8BFFCE}.Unity|Any CPU.ActiveCfg = Debug|Any CPU
		{20185890-4957-4004-915F-F7353D8BFFCE}.Unity|Any CPU.Build.0 = Debug|Any CPU
		{20185890-4957-4004-915F-F7353D8BFFCE}.UnityDebug|Any CPU.ActiveCfg = Debug|Any CPU
		{20185890-4957-4004-915F-F7353D8BFFCE}.UnityDebug|Any CPU.Build.0 = Debug|Any CPU
		{E7CEEAE6-715E-4E00-8D93-3D1D596A7E42}.Debug|Any CPU.ActiveCfg = Debug|Any CPU
		{E7CEEAE6-715E-4E00-8D93-3D1D596A7E42}.Debug|Any CPU.Build.0 = Debug|Any CPU
		{E7CEEAE6-715E-4E00-8D93-3D1D596A7E42}.DebugStable|Any CPU.ActiveCfg = Debug|Any CPU
		{E7CEEAE6-715E-4E00-8D93-3D1D596A7E42}.DebugStable|Any CPU.Build.0 = Debug|Any CPU
		{E7CEEAE6-715E-4E00-8D93-3D1D596A7E42}.Release|Any CPU.ActiveCfg = Release|Any CPU
		{E7CEEAE6-715E-4E00-8D93-3D1D596A7E42}.Release|Any CPU.Build.0 = Release|Any CPU
		{E7CEEAE6-715E-4E00-8D93-3D1D596A7E42}.Unity|Any CPU.ActiveCfg = Debug|Any CPU
		{E7CEEAE6-715E-4E00-8D93-3D1D596A7E42}.Unity|Any CPU.Build.0 = Debug|Any CPU
		{E7CEEAE6-715E-4E00-8D93-3D1D596A7E42}.UnityDebug|Any CPU.ActiveCfg = Debug|Any CPU
		{E7CEEAE6-715E-4E00-8D93-3D1D596A7E42}.UnityDebug|Any CPU.Build.0 = Debug|Any CPU
		{EA752433-B226-4F8F-9237-4F96CAD9B4A6}.Debug|Any CPU.ActiveCfg = Debug|Any CPU
		{EA752433-B226-4F8F-9237-4F96CAD9B4A6}.Debug|Any CPU.Build.0 = Debug|Any CPU
		{EA752433-B226-4F8F-9237-4F96CAD9B4A6}.DebugStable|Any CPU.ActiveCfg = Debug|Any CPU
		{EA752433-B226-4F8F-9237-4F96CAD9B4A6}.DebugStable|Any CPU.Build.0 = Debug|Any CPU
		{EA752433-B226-4F8F-9237-4F96CAD9B4A6}.Release|Any CPU.ActiveCfg = Release|Any CPU
		{EA752433-B226-4F8F-9237-4F96CAD9B4A6}.Release|Any CPU.Build.0 = Release|Any CPU
		{EA752433-B226-4F8F-9237-4F96CAD9B4A6}.Unity|Any CPU.ActiveCfg = Debug|Any CPU
		{EA752433-B226-4F8F-9237-4F96CAD9B4A6}.Unity|Any CPU.Build.0 = Debug|Any CPU
		{EA752433-B226-4F8F-9237-4F96CAD9B4A6}.UnityDebug|Any CPU.ActiveCfg = Debug|Any CPU
		{EA752433-B226-4F8F-9237-4F96CAD9B4A6}.UnityDebug|Any CPU.Build.0 = Debug|Any CPU
		{B0D07AD7-44E3-4B20-B4DF-B7F444B42215}.Debug|Any CPU.ActiveCfg = Debug|Any CPU
		{B0D07AD7-44E3-4B20-B4DF-B7F444B42215}.Debug|Any CPU.Build.0 = Debug|Any CPU
		{B0D07AD7-44E3-4B20-B4DF-B7F444B42215}.DebugStable|Any CPU.ActiveCfg = Debug|Any CPU
		{B0D07AD7-44E3-4B20-B4DF-B7F444B42215}.DebugStable|Any CPU.Build.0 = Debug|Any CPU
		{B0D07AD7-44E3-4B20-B4DF-B7F444B42215}.Release|Any CPU.ActiveCfg = Release|Any CPU
		{B0D07AD7-44E3-4B20-B4DF-B7F444B42215}.Release|Any CPU.Build.0 = Release|Any CPU
		{B0D07AD7-44E3-4B20-B4DF-B7F444B42215}.Unity|Any CPU.ActiveCfg = Unity|Any CPU
		{B0D07AD7-44E3-4B20-B4DF-B7F444B42215}.Unity|Any CPU.Build.0 = Unity|Any CPU
		{B0D07AD7-44E3-4B20-B4DF-B7F444B42215}.UnityDebug|Any CPU.ActiveCfg = UnityDebug|Any CPU
		{B0D07AD7-44E3-4B20-B4DF-B7F444B42215}.UnityDebug|Any CPU.Build.0 = UnityDebug|Any CPU
		{3DC79637-4866-413F-84EB-7E9D9BA92D80}.Debug|Any CPU.ActiveCfg = Debug|Any CPU
		{3DC79637-4866-413F-84EB-7E9D9BA92D80}.Debug|Any CPU.Build.0 = Debug|Any CPU
		{3DC79637-4866-413F-84EB-7E9D9BA92D80}.DebugStable|Any CPU.ActiveCfg = Debug|Any CPU
		{3DC79637-4866-413F-84EB-7E9D9BA92D80}.DebugStable|Any CPU.Build.0 = Debug|Any CPU
		{3DC79637-4866-413F-84EB-7E9D9BA92D80}.Release|Any CPU.ActiveCfg = Release|Any CPU
		{3DC79637-4866-413F-84EB-7E9D9BA92D80}.Release|Any CPU.Build.0 = Release|Any CPU
		{3DC79637-4866-413F-84EB-7E9D9BA92D80}.Unity|Any CPU.ActiveCfg = Unity|Any CPU
		{3DC79637-4866-413F-84EB-7E9D9BA92D80}.Unity|Any CPU.Build.0 = Unity|Any CPU
		{3DC79637-4866-413F-84EB-7E9D9BA92D80}.UnityDebug|Any CPU.ActiveCfg = UnityDebug|Any CPU
		{3DC79637-4866-413F-84EB-7E9D9BA92D80}.UnityDebug|Any CPU.Build.0 = UnityDebug|Any CPU
		{2C62E0D1-715F-4DD9-9952-10E27313EB6E}.Debug|Any CPU.ActiveCfg = Debug|Any CPU
		{2C62E0D1-715F-4DD9-9952-10E27313EB6E}.Debug|Any CPU.Build.0 = Debug|Any CPU
		{2C62E0D1-715F-4DD9-9952-10E27313EB6E}.DebugStable|Any CPU.ActiveCfg = Debug|Any CPU
		{2C62E0D1-715F-4DD9-9952-10E27313EB6E}.DebugStable|Any CPU.Build.0 = Debug|Any CPU
		{2C62E0D1-715F-4DD9-9952-10E27313EB6E}.Release|Any CPU.ActiveCfg = Release|Any CPU
		{2C62E0D1-715F-4DD9-9952-10E27313EB6E}.Release|Any CPU.Build.0 = Release|Any CPU
		{2C62E0D1-715F-4DD9-9952-10E27313EB6E}.Unity|Any CPU.ActiveCfg = Debug|Any CPU
		{2C62E0D1-715F-4DD9-9952-10E27313EB6E}.Unity|Any CPU.Build.0 = Debug|Any CPU
		{2C62E0D1-715F-4DD9-9952-10E27313EB6E}.UnityDebug|Any CPU.ActiveCfg = Debug|Any CPU
		{2C62E0D1-715F-4DD9-9952-10E27313EB6E}.UnityDebug|Any CPU.Build.0 = Debug|Any CPU
		{286875CB-C155-4792-9590-D0B2AE8BFCCE}.Debug|Any CPU.ActiveCfg = Debug|Any CPU
		{286875CB-C155-4792-9590-D0B2AE8BFCCE}.Debug|Any CPU.Build.0 = Debug|Any CPU
		{286875CB-C155-4792-9590-D0B2AE8BFCCE}.DebugStable|Any CPU.ActiveCfg = Debug|Any CPU
		{286875CB-C155-4792-9590-D0B2AE8BFCCE}.DebugStable|Any CPU.Build.0 = Debug|Any CPU
		{286875CB-C155-4792-9590-D0B2AE8BFCCE}.Release|Any CPU.ActiveCfg = Release|Any CPU
		{286875CB-C155-4792-9590-D0B2AE8BFCCE}.Release|Any CPU.Build.0 = Release|Any CPU
		{286875CB-C155-4792-9590-D0B2AE8BFCCE}.Unity|Any CPU.ActiveCfg = Debug|Any CPU
		{286875CB-C155-4792-9590-D0B2AE8BFCCE}.Unity|Any CPU.Build.0 = Debug|Any CPU
		{286875CB-C155-4792-9590-D0B2AE8BFCCE}.UnityDebug|Any CPU.ActiveCfg = Debug|Any CPU
		{286875CB-C155-4792-9590-D0B2AE8BFCCE}.UnityDebug|Any CPU.Build.0 = Debug|Any CPU
		{7CB023C2-4475-4AA1-8AFF-573A3CC34DF8}.Debug|Any CPU.ActiveCfg = Debug|Any CPU
		{7CB023C2-4475-4AA1-8AFF-573A3CC34DF8}.DebugStable|Any CPU.ActiveCfg = Debug|Any CPU
		{7CB023C2-4475-4AA1-8AFF-573A3CC34DF8}.DebugStable|Any CPU.Build.0 = Debug|Any CPU
		{7CB023C2-4475-4AA1-8AFF-573A3CC34DF8}.Release|Any CPU.ActiveCfg = Release|Any CPU
		{7CB023C2-4475-4AA1-8AFF-573A3CC34DF8}.Unity|Any CPU.ActiveCfg = Debug|Any CPU
		{7CB023C2-4475-4AA1-8AFF-573A3CC34DF8}.Unity|Any CPU.Build.0 = Debug|Any CPU
		{7CB023C2-4475-4AA1-8AFF-573A3CC34DF8}.UnityDebug|Any CPU.ActiveCfg = Debug|Any CPU
		{7CB023C2-4475-4AA1-8AFF-573A3CC34DF8}.UnityDebug|Any CPU.Build.0 = Debug|Any CPU
		{7D0823B5-E766-4529-AC11-BEB7C99A36F9}.Debug|Any CPU.ActiveCfg = Debug|Any CPU
		{7D0823B5-E766-4529-AC11-BEB7C99A36F9}.DebugStable|Any CPU.ActiveCfg = Debug|Any CPU
		{7D0823B5-E766-4529-AC11-BEB7C99A36F9}.DebugStable|Any CPU.Build.0 = Debug|Any CPU
		{7D0823B5-E766-4529-AC11-BEB7C99A36F9}.Release|Any CPU.ActiveCfg = Release|Any CPU
		{7D0823B5-E766-4529-AC11-BEB7C99A36F9}.Unity|Any CPU.ActiveCfg = Debug|Any CPU
		{7D0823B5-E766-4529-AC11-BEB7C99A36F9}.Unity|Any CPU.Build.0 = Debug|Any CPU
		{7D0823B5-E766-4529-AC11-BEB7C99A36F9}.UnityDebug|Any CPU.ActiveCfg = Debug|Any CPU
		{7D0823B5-E766-4529-AC11-BEB7C99A36F9}.UnityDebug|Any CPU.Build.0 = Debug|Any CPU
		{3248A8D0-E7E1-449D-BB0F-9A2FA8813BDD}.Debug|Any CPU.ActiveCfg = Debug|Any CPU
		{3248A8D0-E7E1-449D-BB0F-9A2FA8813BDD}.Debug|Any CPU.Build.0 = Debug|Any CPU
		{3248A8D0-E7E1-449D-BB0F-9A2FA8813BDD}.DebugStable|Any CPU.ActiveCfg = Debug|Any CPU
		{3248A8D0-E7E1-449D-BB0F-9A2FA8813BDD}.DebugStable|Any CPU.Build.0 = Debug|Any CPU
		{3248A8D0-E7E1-449D-BB0F-9A2FA8813BDD}.Release|Any CPU.ActiveCfg = Release|Any CPU
		{3248A8D0-E7E1-449D-BB0F-9A2FA8813BDD}.Release|Any CPU.Build.0 = Release|Any CPU
		{3248A8D0-E7E1-449D-BB0F-9A2FA8813BDD}.Unity|Any CPU.ActiveCfg = Debug|Any CPU
		{3248A8D0-E7E1-449D-BB0F-9A2FA8813BDD}.Unity|Any CPU.Build.0 = Debug|Any CPU
		{3248A8D0-E7E1-449D-BB0F-9A2FA8813BDD}.UnityDebug|Any CPU.ActiveCfg = Debug|Any CPU
		{3248A8D0-E7E1-449D-BB0F-9A2FA8813BDD}.UnityDebug|Any CPU.Build.0 = Debug|Any CPU
		{1C811D67-0FE2-4BB5-8FFB-9BC8B26219CA}.Debug|Any CPU.ActiveCfg = Debug|Any CPU
		{1C811D67-0FE2-4BB5-8FFB-9BC8B26219CA}.Debug|Any CPU.Build.0 = Debug|Any CPU
		{1C811D67-0FE2-4BB5-8FFB-9BC8B26219CA}.DebugStable|Any CPU.ActiveCfg = Debug|Any CPU
		{1C811D67-0FE2-4BB5-8FFB-9BC8B26219CA}.DebugStable|Any CPU.Build.0 = Debug|Any CPU
		{1C811D67-0FE2-4BB5-8FFB-9BC8B26219CA}.Release|Any CPU.ActiveCfg = Release|Any CPU
		{1C811D67-0FE2-4BB5-8FFB-9BC8B26219CA}.Release|Any CPU.Build.0 = Release|Any CPU
		{1C811D67-0FE2-4BB5-8FFB-9BC8B26219CA}.Unity|Any CPU.ActiveCfg = Debug|Any CPU
		{1C811D67-0FE2-4BB5-8FFB-9BC8B26219CA}.Unity|Any CPU.Build.0 = Debug|Any CPU
		{1C811D67-0FE2-4BB5-8FFB-9BC8B26219CA}.UnityDebug|Any CPU.ActiveCfg = Debug|Any CPU
		{1C811D67-0FE2-4BB5-8FFB-9BC8B26219CA}.UnityDebug|Any CPU.Build.0 = Debug|Any CPU
		{95BA27C1-064C-4B4D-9CF3-2261C17D5846}.Debug|Any CPU.ActiveCfg = Debug|Any CPU
		{95BA27C1-064C-4B4D-9CF3-2261C17D5846}.Debug|Any CPU.Build.0 = Debug|Any CPU
		{95BA27C1-064C-4B4D-9CF3-2261C17D5846}.DebugStable|Any CPU.ActiveCfg = Debug|Any CPU
		{95BA27C1-064C-4B4D-9CF3-2261C17D5846}.DebugStable|Any CPU.Build.0 = Debug|Any CPU
		{95BA27C1-064C-4B4D-9CF3-2261C17D5846}.Release|Any CPU.ActiveCfg = Release|Any CPU
		{95BA27C1-064C-4B4D-9CF3-2261C17D5846}.Release|Any CPU.Build.0 = Release|Any CPU
		{95BA27C1-064C-4B4D-9CF3-2261C17D5846}.Unity|Any CPU.ActiveCfg = Debug|Any CPU
		{95BA27C1-064C-4B4D-9CF3-2261C17D5846}.Unity|Any CPU.Build.0 = Debug|Any CPU
		{95BA27C1-064C-4B4D-9CF3-2261C17D5846}.UnityDebug|Any CPU.ActiveCfg = Debug|Any CPU
		{95BA27C1-064C-4B4D-9CF3-2261C17D5846}.UnityDebug|Any CPU.Build.0 = Debug|Any CPU
		{DDCC8186-58B8-4DD7-A224-36283923D2A4}.Debug|Any CPU.ActiveCfg = Debug|Any CPU
		{DDCC8186-58B8-4DD7-A224-36283923D2A4}.Debug|Any CPU.Build.0 = Debug|Any CPU
		{DDCC8186-58B8-4DD7-A224-36283923D2A4}.DebugStable|Any CPU.ActiveCfg = Debug|Any CPU
		{DDCC8186-58B8-4DD7-A224-36283923D2A4}.DebugStable|Any CPU.Build.0 = Debug|Any CPU
		{DDCC8186-58B8-4DD7-A224-36283923D2A4}.Release|Any CPU.ActiveCfg = Release|Any CPU
		{DDCC8186-58B8-4DD7-A224-36283923D2A4}.Release|Any CPU.Build.0 = Release|Any CPU
		{DDCC8186-58B8-4DD7-A224-36283923D2A4}.Unity|Any CPU.ActiveCfg = Debug|Any CPU
		{DDCC8186-58B8-4DD7-A224-36283923D2A4}.Unity|Any CPU.Build.0 = Debug|Any CPU
		{DDCC8186-58B8-4DD7-A224-36283923D2A4}.UnityDebug|Any CPU.ActiveCfg = Debug|Any CPU
		{DDCC8186-58B8-4DD7-A224-36283923D2A4}.UnityDebug|Any CPU.Build.0 = Debug|Any CPU
		{A3D31B22-F702-4948-BAF5-01DA8DE9D209}.Debug|Any CPU.ActiveCfg = Debug|Any CPU
		{A3D31B22-F702-4948-BAF5-01DA8DE9D209}.Debug|Any CPU.Build.0 = Debug|Any CPU
		{A3D31B22-F702-4948-BAF5-01DA8DE9D209}.DebugStable|Any CPU.ActiveCfg = Debug|Any CPU
		{A3D31B22-F702-4948-BAF5-01DA8DE9D209}.DebugStable|Any CPU.Build.0 = Debug|Any CPU
		{A3D31B22-F702-4948-BAF5-01DA8DE9D209}.Release|Any CPU.ActiveCfg = Release|Any CPU
		{A3D31B22-F702-4948-BAF5-01DA8DE9D209}.Release|Any CPU.Build.0 = Release|Any CPU
		{A3D31B22-F702-4948-BAF5-01DA8DE9D209}.Unity|Any CPU.ActiveCfg = Debug|Any CPU
		{A3D31B22-F702-4948-BAF5-01DA8DE9D209}.Unity|Any CPU.Build.0 = Debug|Any CPU
		{A3D31B22-F702-4948-BAF5-01DA8DE9D209}.UnityDebug|Any CPU.ActiveCfg = Debug|Any CPU
		{A3D31B22-F702-4948-BAF5-01DA8DE9D209}.UnityDebug|Any CPU.Build.0 = Debug|Any CPU
	EndGlobalSection
	GlobalSection(SolutionProperties) = preSolution
		HideSolutionNode = FALSE
	EndGlobalSection
	GlobalSection(NestedProjects) = preSolution
		{DDA13465-1599-4820-B205-611CE38F6078} = {E9A00D94-18F7-42D0-9DCB-437C0CC06CF4}
		{F6BC2ABB-2544-4916-8C02-996845ED51FD} = {E9A00D94-18F7-42D0-9DCB-437C0CC06CF4}
		{DE61619C-B86C-47DB-A4A3-CEF0EF6A77AF} = {0AAB75FC-E7F0-4E72-9E30-333B87EDB167}
		{AB96661B-4A34-41AE-AC73-9EE2CBF987DA} = {0AAB75FC-E7F0-4E72-9E30-333B87EDB167}
		{E9B3B971-5DA3-45A9-8CA4-FA6A4CDC633B} = {0AAB75FC-E7F0-4E72-9E30-333B87EDB167}
		{7C31F4BF-DFF8-4158-AF0B-4273CBC8087B} = {E9B3B971-5DA3-45A9-8CA4-FA6A4CDC633B}
		{156B8DB7-7A63-448F-B109-8889980424AF} = {E9B3B971-5DA3-45A9-8CA4-FA6A4CDC633B}
		{217B185B-D5AB-4FEE-A9FC-5E555DC51580} = {7EFE4097-7CBF-468E-966F-1C4702A6F1C1}
		{D944E107-18A6-44AE-89ED-673DAF1952D1} = {7EFE4097-7CBF-468E-966F-1C4702A6F1C1}
		{1947928E-44BD-4E11-A8C9-D726A1F0A8E7} = {7EFE4097-7CBF-468E-966F-1C4702A6F1C1}
		{D95BCB55-7F18-4DD0-876E-0A586A03FB39} = {7EFE4097-7CBF-468E-966F-1C4702A6F1C1}
		{D13E875C-99C3-4C59-9E0A-51F1D1F9E284} = {7EFE4097-7CBF-468E-966F-1C4702A6F1C1}
		{31B4D318-39D3-4296-BF09-FC46528386B3} = {217B185B-D5AB-4FEE-A9FC-5E555DC51580}
		{BC085F89-A1B0-4FCF-B2C3-5F3967D94C26} = {217B185B-D5AB-4FEE-A9FC-5E555DC51580}
		{C46734C0-2FD9-430F-B92E-3BD8D055A5BA} = {217B185B-D5AB-4FEE-A9FC-5E555DC51580}
		{3E0C73CE-2995-41F3-A38D-5356D0C32C34} = {D944E107-18A6-44AE-89ED-673DAF1952D1}
		{1D2ABBF7-F2C0-4DEA-A3B4-102000FAD893} = {D944E107-18A6-44AE-89ED-673DAF1952D1}
		{CA32214E-75E1-40DD-BAA4-03A2BDFEB8B2} = {217B185B-D5AB-4FEE-A9FC-5E555DC51580}
		{C0AD257A-E0E8-4798-A6AE-A40EED479964} = {217B185B-D5AB-4FEE-A9FC-5E555DC51580}
		{2BC3BABE-30BD-41C7-AFA3-810801D63C34} = {217B185B-D5AB-4FEE-A9FC-5E555DC51580}
		{92273663-B27B-4C2F-A31C-67E05BB03C1B} = {217B185B-D5AB-4FEE-A9FC-5E555DC51580}
		{3B930D23-C7D2-4A2B-B607-CCF3FD660F64} = {77F1BD42-04DA-4EC7-8FD1-24A2698D1D5B}
		{B5BB912E-7008-40C5-A3BE-CB3841AC7E78} = {77F1BD42-04DA-4EC7-8FD1-24A2698D1D5B}
		{FC97656D-1D65-4CF6-BA0B-A1BA23E8E450} = {77F1BD42-04DA-4EC7-8FD1-24A2698D1D5B}
		{2CA67ABE-F7DC-4E98-8A65-440AE27FF458} = {77F1BD42-04DA-4EC7-8FD1-24A2698D1D5B}
		{B5E25BEB-24E3-4F3D-9AE5-F14E8BE8E767} = {77F1BD42-04DA-4EC7-8FD1-24A2698D1D5B}
		{700CE303-BDC9-4D27-B220-1C20C6F2AC3A} = {3B930D23-C7D2-4A2B-B607-CCF3FD660F64}
		{97844866-1185-4E93-99C2-F824D5EA3AE0} = {3B930D23-C7D2-4A2B-B607-CCF3FD660F64}
		{07A9F5C4-8C64-4F1B-B07D-C0DF7A905C0B} = {3B930D23-C7D2-4A2B-B607-CCF3FD660F64}
		{375F419C-209A-4776-A86A-8B42CD31CC65} = {3B930D23-C7D2-4A2B-B607-CCF3FD660F64}
		{0A837AF1-71C4-4FCC-BA53-E66D7CD1D1D6} = {3B930D23-C7D2-4A2B-B607-CCF3FD660F64}
		{2428A61F-6AAC-4EA7-9693-100E68D42E84} = {3B930D23-C7D2-4A2B-B607-CCF3FD660F64}
		{A4A939B0-2F70-4C56-8C4F-AD512AC0840B} = {3B930D23-C7D2-4A2B-B607-CCF3FD660F64}
		{A11FDAE0-DD80-404C-BE84-51B7357EF3AB} = {B5BB912E-7008-40C5-A3BE-CB3841AC7E78}
		{79E423DA-3137-4D4C-9A35-EB0EEB22D08D} = {B5BB912E-7008-40C5-A3BE-CB3841AC7E78}
		{FFE7249D-833D-4132-A8C7-6D09F25C2393} = {B5BB912E-7008-40C5-A3BE-CB3841AC7E78}
		{37281BE1-638E-486F-9E56-BE1B84585830} = {FFE7249D-833D-4132-A8C7-6D09F25C2393}
		{E16F2AD8-B965-4A40-94F9-A31DFF17B063} = {FFE7249D-833D-4132-A8C7-6D09F25C2393}
		{9D4F5123-4A82-4334-91DA-2369C0AA7914} = {FC97656D-1D65-4CF6-BA0B-A1BA23E8E450}
		{90F4E4EE-1385-42B0-A3C5-3941CC9C830F} = {BF4CCFA5-6BA0-40CF-B854-6013A2F944EA}
		{49D950F3-4DC8-46A9-8205-2B7E956A9F57} = {BF4CCFA5-6BA0-40CF-B854-6013A2F944EA}
		{5FB87DA5-3AD0-4FAF-A105-7142780DF1FD} = {90F4E4EE-1385-42B0-A3C5-3941CC9C830F}
		{662F412F-1A9D-430C-8CF7-0AE0D4605C45} = {90F4E4EE-1385-42B0-A3C5-3941CC9C830F}
		{27DE0A53-58F7-42C2-AC96-1DB2BBEDD320} = {90F4E4EE-1385-42B0-A3C5-3941CC9C830F}
		{279C3FE3-849F-46E9-84F1-CD6FB648E8C0} = {49D950F3-4DC8-46A9-8205-2B7E956A9F57}
		{B4F7EBC0-78E5-4926-B6C5-06F21CFFEA0B} = {49D950F3-4DC8-46A9-8205-2B7E956A9F57}
		{3EE7AF9A-CBBA-41D8-8530-C207D5597628} = {DE61619C-B86C-47DB-A4A3-CEF0EF6A77AF}
		{CCE5C95F-CB88-4F34-BDDD-FD47E52BD6BE} = {217B185B-D5AB-4FEE-A9FC-5E555DC51580}
		{07682B09-4A31-45F8-A2CD-3D71B026FE3C} = {217B185B-D5AB-4FEE-A9FC-5E555DC51580}
		{54B39C67-A882-409A-9357-8FA7604C404D} = {217B185B-D5AB-4FEE-A9FC-5E555DC51580}
		{D1D4C9AC-7ABE-4BCC-ACD5-89C0DDD41B76} = {217B185B-D5AB-4FEE-A9FC-5E555DC51580}
		{5E973CC0-FFD3-4003-A541-7DBEC7E16A29} = {217B185B-D5AB-4FEE-A9FC-5E555DC51580}
		{6EBAF641-5961-41D3-B6AB-F78D19320D12} = {217B185B-D5AB-4FEE-A9FC-5E555DC51580}
		{DC6DE0EB-9E26-402A-9F9C-52000D4BA6D9} = {0AAB75FC-E7F0-4E72-9E30-333B87EDB167}
		{4983CF95-145B-44C7-8FC9-A8FF8B8190AB} = {DC6DE0EB-9E26-402A-9F9C-52000D4BA6D9}
		{781A1272-4CB0-4574-8B62-6EC58C01676C} = {BF4CCFA5-6BA0-40CF-B854-6013A2F944EA}
		{8B74E99E-5D63-4ED3-B64E-226A14496AD6} = {781A1272-4CB0-4574-8B62-6EC58C01676C}
		{68705AF8-F933-40C7-ABFB-7E4C70BCB1DF} = {C5D1B563-DC97-4AFB-9220-D30C5A4D74F7}
		{C5D1B563-DC97-4AFB-9220-D30C5A4D74F7} = {77F1BD42-04DA-4EC7-8FD1-24A2698D1D5B}
		{B997D07D-A25B-43EA-8046-8BF3D436321F} = {BF4CCFA5-6BA0-40CF-B854-6013A2F944EA}
		{B5823513-41C1-4EB4-B1BC-E7CE9E2AFA2E} = {B997D07D-A25B-43EA-8046-8BF3D436321F}
		{AD693204-C6A3-4DBC-996C-1154AF947490} = {B997D07D-A25B-43EA-8046-8BF3D436321F}
		{2D0A2C2B-D5E5-4B66-8131-421F898C40CF} = {B997D07D-A25B-43EA-8046-8BF3D436321F}
		{B383F5CF-C4FF-4F1D-862A-0EC85FD3F358} = {7EFE4097-7CBF-468E-966F-1C4702A6F1C1}
		{2DF3741B-D0A6-49CC-B76D-6C0AED949737} = {B383F5CF-C4FF-4F1D-862A-0EC85FD3F358}
		{A7CC2B61-CB1D-43F6-9B67-6A5F19BE0B8A} = {7EFE4097-7CBF-468E-966F-1C4702A6F1C1}
		{0DCFDA67-F050-41FA-B210-FC119B25AC4B} = {90F4E4EE-1385-42B0-A3C5-3941CC9C830F}
		{3B9C3B3A-E325-442B-ACE8-96FCB391B53E} = {0DCFDA67-F050-41FA-B210-FC119B25AC4B}
		{9D19648E-AF69-4491-8DE3-A333CEE28998} = {0DCFDA67-F050-41FA-B210-FC119B25AC4B}
		{EB437F7E-0794-4A77-B027-6D998DB76B03} = {0DCFDA67-F050-41FA-B210-FC119B25AC4B}
		{5A1F7474-AB8C-42DA-8E79-5BA461B00150} = {B997D07D-A25B-43EA-8046-8BF3D436321F}
		{F3F90581-F0FD-499E-ABB6-BD0EB7D5A9DB} = {5A1F7474-AB8C-42DA-8E79-5BA461B00150}
		{821EB25C-A925-4E63-B439-DF2557535CFF} = {5A1F7474-AB8C-42DA-8E79-5BA461B00150}
		{D509AF4E-A915-433A-A0D0-8F1381712885} = {5A1F7474-AB8C-42DA-8E79-5BA461B00150}
		{0C91AE58-6485-489A-9260-D3ACAEF03FA0} = {49D950F3-4DC8-46A9-8205-2B7E956A9F57}
		{D001B610-C1A4-4B2C-81A0-7D152FB5A8EF} = {0C91AE58-6485-489A-9260-D3ACAEF03FA0}
		{C3DF8523-D324-4C19-8AAD-BFAB8723C333} = {0C91AE58-6485-489A-9260-D3ACAEF03FA0}
		{047F68A9-AFA9-4624-B054-E625F06EB608} = {0C91AE58-6485-489A-9260-D3ACAEF03FA0}
		{DE02816C-37B4-4188-8DD7-6E243420B026} = {BC3466B4-8239-425D-BB35-7F65AD1D6001}
		{81D177CF-FFA1-424C-8C36-008F4B046EDE} = {BC3466B4-8239-425D-BB35-7F65AD1D6001}
		{EB2F3A11-84A1-41A6-8B46-584188610D37} = {BC3466B4-8239-425D-BB35-7F65AD1D6001}
		{E74556FC-71AC-4365-97F2-1313F2721B6B} = {BC3466B4-8239-425D-BB35-7F65AD1D6001}
		{2BF11EFF-D25F-4C6A-A5AB-C858DCEF3F28} = {81D177CF-FFA1-424C-8C36-008F4B046EDE}
		{E5367746-0EE5-47C2-BFCC-1A00BB9D5F0A} = {81D177CF-FFA1-424C-8C36-008F4B046EDE}
		{04B18CC7-9CB7-4590-95E9-EB6FCB26C186} = {81D177CF-FFA1-424C-8C36-008F4B046EDE}
		{DFCA1015-E9EC-4743-90C4-161F621DE669} = {DE02816C-37B4-4188-8DD7-6E243420B026}
		{FD74DF7D-3F49-44DA-8908-A4708478F2AF} = {EB2F3A11-84A1-41A6-8B46-584188610D37}
		{7E30BF12-6180-400A-8C07-BCBF39F634FF} = {EB2F3A11-84A1-41A6-8B46-584188610D37}
		{DC18B3A9-8F52-4D8D-9F86-55A975E31EF3} = {EB2F3A11-84A1-41A6-8B46-584188610D37}
		{DE878C58-8A49-4848-A645-981E70155D79} = {EB2F3A11-84A1-41A6-8B46-584188610D37}
		{4DAB42D0-A12D-4F99-A133-60E826E91248} = {E74556FC-71AC-4365-97F2-1313F2721B6B}
		{20185890-4957-4004-915F-F7353D8BFFCE} = {854F1AB4-1DBB-4809-87C4-7FDD525CC333}
		{854F1AB4-1DBB-4809-87C4-7FDD525CC333} = {B5BB912E-7008-40C5-A3BE-CB3841AC7E78}
		{E7CEEAE6-715E-4E00-8D93-3D1D596A7E42} = {81D177CF-FFA1-424C-8C36-008F4B046EDE}
		{EA752433-B226-4F8F-9237-4F96CAD9B4A6} = {854F1AB4-1DBB-4809-87C4-7FDD525CC333}
		{B0D07AD7-44E3-4B20-B4DF-B7F444B42215} = {854F1AB4-1DBB-4809-87C4-7FDD525CC333}
		{3DC79637-4866-413F-84EB-7E9D9BA92D80} = {B997D07D-A25B-43EA-8046-8BF3D436321F}
		{2C62E0D1-715F-4DD9-9952-10E27313EB6E} = {5A1F7474-AB8C-42DA-8E79-5BA461B00150}
		{286875CB-C155-4792-9590-D0B2AE8BFCCE} = {DE02816C-37B4-4188-8DD7-6E243420B026}
		{7CB023C2-4475-4AA1-8AFF-573A3CC34DF8} = {79E423DA-3137-4D4C-9A35-EB0EEB22D08D}
		{5F1EB594-BCF4-4F4C-B6A7-5D504BDB1165} = {79E423DA-3137-4D4C-9A35-EB0EEB22D08D}
		{7D0823B5-E766-4529-AC11-BEB7C99A36F9} = {5F1EB594-BCF4-4F4C-B6A7-5D504BDB1165}
		{3248A8D0-E7E1-449D-BB0F-9A2FA8813BDD} = {79E423DA-3137-4D4C-9A35-EB0EEB22D08D}
		{1C811D67-0FE2-4BB5-8FFB-9BC8B26219CA} = {79E423DA-3137-4D4C-9A35-EB0EEB22D08D}
		{95BA27C1-064C-4B4D-9CF3-2261C17D5846} = {5F1EB594-BCF4-4F4C-B6A7-5D504BDB1165}
		{DDCC8186-58B8-4DD7-A224-36283923D2A4} = {79E423DA-3137-4D4C-9A35-EB0EEB22D08D}
		{A3D31B22-F702-4948-BAF5-01DA8DE9D209} = {E9A00D94-18F7-42D0-9DCB-437C0CC06CF4}
	EndGlobalSection
	GlobalSection(ExtensibilityGlobals) = postSolution
		SolutionGuid = {FAC0C61D-775D-4347-9BD3-3A114A731C7C}
	EndGlobalSection
EndGlobal
