
Microsoft Visual Studio Solution File, Format Version 12.00
# Visual Studio Version 17
VisualStudioVersion = 17.1.32328.378
MinimumVisualStudioVersion = 10.0.40219.1
Project("{9A19103F-16F7-4668-BE54-9A1E7A4F7556}") = "NSL.Extensions.BinarySerializer", "..\NSL.Extensions.BinarySerializer\NSL.Extensions.BinarySerializer.csproj", "{670AC5C2-183C-442D-81F6-A3BC91DF311C}"
EndProject
Project("{9A19103F-16F7-4668-BE54-9A1E7A4F7556}") = "NSL.Extensions.BinarySerializer.Tests", "..\NSL.Extensions.BinarySerializer.Tests\NSL.Extensions.BinarySerializer.Tests.csproj", "{68E8958A-E904-4BD0-B352-DC0C62B10278}"
EndProject
Project("{9A19103F-16F7-4668-BE54-9A1E7A4F7556}") = "NSL.SocketCore", "..\..\Core\NSL.SocketCore\NSL.SocketCore.csproj", "{07EC57BA-27D6-41BD-BBCB-D3BBDC1F4E7F}"
EndProject
Global
	GlobalSection(SolutionConfigurationPlatforms) = preSolution
		Debug|Any CPU = Debug|Any CPU
		Release|Any CPU = Release|Any CPU
		Unity|Any CPU = Unity|Any CPU
		UnityDebug|Any CPU = UnityDebug|Any CPU
	EndGlobalSection
	GlobalSection(ProjectConfigurationPlatforms) = postSolution
		{670AC5C2-183C-442D-81F6-A3BC91DF311C}.Debug|Any CPU.ActiveCfg = Debug|Any CPU
		{670AC5C2-183C-442D-81F6-A3BC91DF311C}.Debug|Any CPU.Build.0 = Debug|Any CPU
		{670AC5C2-183C-442D-81F6-A3BC91DF311C}.Release|Any CPU.ActiveCfg = Release|Any CPU
		{670AC5C2-183C-442D-81F6-A3BC91DF311C}.Release|Any CPU.Build.0 = Release|Any CPU
		{670AC5C2-183C-442D-81F6-A3BC91DF311C}.Unity|Any CPU.ActiveCfg = Unity|Any CPU
		{670AC5C2-183C-442D-81F6-A3BC91DF311C}.Unity|Any CPU.Build.0 = Unity|Any CPU
		{670AC5C2-183C-442D-81F6-A3BC91DF311C}.UnityDebug|Any CPU.ActiveCfg = UnityDebug|Any CPU
		{670AC5C2-183C-442D-81F6-A3BC91DF311C}.UnityDebug|Any CPU.Build.0 = UnityDebug|Any CPU
		{68E8958A-E904-4BD0-B352-DC0C62B10278}.Debug|Any CPU.ActiveCfg = Debug|Any CPU
		{68E8958A-E904-4BD0-B352-DC0C62B10278}.Debug|Any CPU.Build.0 = Debug|Any CPU
		{68E8958A-E904-4BD0-B352-DC0C62B10278}.Release|Any CPU.ActiveCfg = Release|Any CPU
		{68E8958A-E904-4BD0-B352-DC0C62B10278}.Release|Any CPU.Build.0 = Release|Any CPU
		{68E8958A-E904-4BD0-B352-DC0C62B10278}.Unity|Any CPU.ActiveCfg = Unity|Any CPU
		{68E8958A-E904-4BD0-B352-DC0C62B10278}.Unity|Any CPU.Build.0 = Unity|Any CPU
		{68E8958A-E904-4BD0-B352-DC0C62B10278}.UnityDebug|Any CPU.ActiveCfg = UnityDebug|Any CPU
		{68E8958A-E904-4BD0-B352-DC0C62B10278}.UnityDebug|Any CPU.Build.0 = UnityDebug|Any CPU
		{07EC57BA-27D6-41BD-BBCB-D3BBDC1F4E7F}.Debug|Any CPU.ActiveCfg = Debug|Any CPU
		{07EC57BA-27D6-41BD-BBCB-D3BBDC1F4E7F}.Debug|Any CPU.Build.0 = Debug|Any CPU
		{07EC57BA-27D6-41BD-BBCB-D3BBDC1F4E7F}.Release|Any CPU.ActiveCfg = Release|Any CPU
		{07EC57BA-27D6-41BD-BBCB-D3BBDC1F4E7F}.Release|Any CPU.Build.0 = Release|Any CPU
		{07EC57BA-27D6-41BD-BBCB-D3BBDC1F4E7F}.Unity|Any CPU.ActiveCfg = Unity|Any CPU
		{07EC57BA-27D6-41BD-BBCB-D3BBDC1F4E7F}.Unity|Any CPU.Build.0 = Unity|Any CPU
		{07EC57BA-27D6-41BD-BBCB-D3BBDC1F4E7F}.UnityDebug|Any CPU.ActiveCfg = UnityDebug|Any CPU
		{07EC57BA-27D6-41BD-BBCB-D3BBDC1F4E7F}.UnityDebug|Any CPU.Build.0 = UnityDebug|Any CPU
	EndGlobalSection
	GlobalSection(SolutionProperties) = preSolution
		HideSolutionNode = FALSE
	EndGlobalSection
	GlobalSection(ExtensibilityGlobals) = postSolution
		SolutionGuid = {D2ADC4F4-B0C7-4D3C-81FC-60A942183E51}
	EndGlobalSection
EndGlobal
